<?xml version='1.0' encoding='utf-8'?>
<Project xmlns="http://schemas.microsoft.com/developer/msbuild/2003" ToolsVersion="4.0">
  <ItemGroup>
    <Filter Include="Header Files\fr">
      <UniqueIdentifier>{74d845cc-af85-450c-b361-a51da2319784}</UniqueIdentifier>
    </Filter>
    <Filter Include="Source Files\fr">
      <UniqueIdentifier>{90b7f405-b5a5-4ad3-bf5b-ac84412309c6}</UniqueIdentifier>
    </Filter>
    <Filter Include="Source Files\pch">
      <UniqueIdentifier>{5e018b8d-c33c-43fe-8b24-6b60bab29336}</UniqueIdentifier>
    </Filter>
    <Filter Include="Header Files\pch">
      <UniqueIdentifier>{24be11b4-c65d-47dd-8c3b-4d372ef5f1a7}</UniqueIdentifier>
    </Filter>
    <Filter Include="Source Files\fr\Components">
      <UniqueIdentifier>{1fe10d20-a77f-4d3b-8e9e-d54ae9631dcb}</UniqueIdentifier>
    </Filter>
    <Filter Include="Header Files\fr\Components">
      <UniqueIdentifier>{2db72d74-df2d-4e05-a4dd-eaaa9663b847}</UniqueIdentifier>
    </Filter>
    <Filter Include="Header Files\load">
      <UniqueIdentifier>{42c73958-281d-4b11-9df5-3b70ec6b049b}</UniqueIdentifier>
    </Filter>
    <Filter Include="Source Files\load">
      <UniqueIdentifier>{9a7edd0c-7efc-43b6-9fbf-d242c4f7868d}</UniqueIdentifier>
    </Filter>
  <Filter Include="Public"><UniqueIdentifier>{pub1ic-0000-0000-0000-000000000000}</UniqueIdentifier></Filter><Filter Include="Private"><UniqueIdentifier>{pr1vate-0000-0000-0000-000000000000}</UniqueIdentifier></Filter><Filter Include="Private\Header Files"><UniqueIdentifier>{pr1vh-00-0000-0000-000000000000}</UniqueIdentifier></Filter><Filter Include="Private\Source Files"><UniqueIdentifier>{pr1vs-00-0000-0000-000000000000}</UniqueIdentifier></Filter></ItemGroup>
  <ItemGroup>
    <ClCompile Include="Private\BoundsComponent.cpp">
      <Filter>Private\Source Files</Filter>
    </ClCompile>
    <ClCompile Include="Private\CameraComponent.cpp">
      <Filter>Private\Source Files</Filter>
    </ClCompile>
    <ClCompile Include="Private\CameraControlComponent.cpp">
      <Filter>Private\Source Files</Filter>
    </ClCompile>
    <ClCompile Include="Private\LightComponent.cpp">
      <Filter>Private\Source Files</Filter>
    </ClCompile>
    <ClCompile Include="Public\SceneManager.cpp">
      <Filter>Public</Filter>
    </ClCompile>
    <ClCompile Include="Private\ShadowMap.cpp">
      <Filter>Private\Source Files</Filter>
    </ClCompile>
    <ClCompile Include="Public\UIManager.cpp">
      <Filter>Public</Filter>
    </ClCompile>
    <ClCompile Include="Private\Camera.cpp">
      <Filter>Private\Source Files</Filter>
    </ClCompile>
    <ClCompile Include="Private\EntityCommands.cpp">
      <Filter>Private\Source Files</Filter>
    </ClCompile>
    <ClCompile Include="Public\EntityManager.cpp">
      <Filter>Public</Filter>
    </ClCompile>
    <ClCompile Include="Private\Light.cpp">
      <Filter>Private\Source Files</Filter>
    </ClCompile>
    <ClCompile Include="pch\pch.cpp">
      <Filter>Source Files\pch</Filter>
    </ClCompile>
    <ClCompile Include="Private\MaterialInstanceComponent.cpp">
      <Filter>Private\Source Files</Filter>
    </ClCompile>
    <ClCompile Include="Private\MeshPrimitiveComponent.cpp">
      <Filter>Private\Source Files</Filter>
    </ClCompile>
    <ClCompile Include="Private\NameComponent.cpp">
      <Filter>Private\Source Files</Filter>
    </ClCompile>
    <ClCompile Include="Private\RelationshipComponent.cpp">
      <Filter>Private\Source Files</Filter>
    </ClCompile>
    <ClCompile Include="Private\RenderDataComponent.cpp">
      <Filter>Private\Source Files</Filter>
    </ClCompile>
    <ClCompile Include="Private\ShadowMapComponent.cpp">
      <Filter>Private\Source Files</Filter>
    </ClCompile>
    <ClCompile Include="Private\TransformComponent.cpp">
      <Filter>Private\Source Files</Filter>
    </ClCompile>
    <ClCompile Include="Private\SceneNodeConcept.cpp">
      <Filter>Private\Source Files</Filter>
    </ClCompile>
    <ClCompile Include="Private\MeshConcept.cpp">
      <Filter>Private\Source Files</Filter>
    </ClCompile>
    <ClCompile Include="Private\Transform.cpp">
      <Filter>Private\Source Files</Filter>
    </ClCompile>
    <ClCompile Include="Private\AnimationComponent.cpp">
      <Filter>Private\Source Files</Filter>
    </ClCompile>
    <ClCompile Include="Private\SkinningComponent.cpp">
      <Filter>Private\Source Files</Filter>
    </ClCompile>
    <ClCompile Include="Private\MeshMorphComponent.cpp">
      <Filter>Private\Source Files</Filter>
    </ClCompile>
    <ClCompile Include="Private\Load_GLTF.cpp">
      <Filter>Private\Source Files</Filter>
    </ClCompile>
    <ClCompile Include="Private\Load_Common.cpp">
      <Filter>Private\Source Files</Filter>
    </ClCompile>
  </ItemGroup>
  <ItemGroup>
    <ClInclude Include="Private\BoundsComponent.h">
      <Filter>Private\Header Files</Filter>
    </ClInclude>
    <ClInclude Include="Private\CameraComponent.h">
      <Filter>Private\Header Files</Filter>
    </ClInclude>
    <ClInclude Include="Private\CameraControlComponent.h">
      <Filter>Private\Header Files</Filter>
    </ClInclude>
    <ClInclude Include="Private\Camera.h">
      <Filter>Private\Header Files</Filter>
    </ClInclude>
    <ClInclude Include="Public\EntityManager.h">
      <Filter>Public</Filter>
    </ClInclude>
    <ClInclude Include="Private\EntityCommands.h">
      <Filter>Private\Header Files</Filter>
    </ClInclude>
    <ClInclude Include="Private\Light.h">
      <Filter>Private\Header Files</Filter>
    </ClInclude>
    <ClInclude Include="Public\SceneManager.h">
      <Filter>Public</Filter>
    </ClInclude>
    <ClInclude Include="Private\ShadowMap.h">
      <Filter>Private\Header Files</Filter>
    </ClInclude>
    <ClInclude Include="Public\UIManager.h">
      <Filter>Public</Filter>
    </ClInclude>
    <ClInclude Include="pch\pch.h">
      <Filter>Header Files\pch</Filter>
    </ClInclude>
    <ClInclude Include="Private\MarkerComponents.h">
      <Filter>Private\Header Files</Filter>
    </ClInclude>
    <ClInclude Include="Private\MaterialInstanceComponent.h">
      <Filter>Private\Header Files</Filter>
    </ClInclude>
    <ClInclude Include="Private\MeshPrimitiveComponent.h">
      <Filter>Private\Header Files</Filter>
    </ClInclude>
    <ClInclude Include="Private\NameComponent.h">
      <Filter>Private\Header Files</Filter>
    </ClInclude>
    <ClInclude Include="Private\RelationshipComponent.h">
      <Filter>Private\Header Files</Filter>
    </ClInclude>
    <ClInclude Include="Private\RenderDataComponent.h">
      <Filter>Private\Header Files</Filter>
    </ClInclude>
    <ClInclude Include="Private\ShadowMapComponent.h">
      <Filter>Private\Header Files</Filter>
    </ClInclude>
    <ClInclude Include="Private\TransformComponent.h">
      <Filter>Private\Header Files</Filter>
    </ClInclude>
    <ClInclude Include="Private\SceneNodeConcept.h">
      <Filter>Private\Header Files</Filter>
    </ClInclude>
    <ClInclude Include="Private\MeshConcept.h">
      <Filter>Private\Header Files</Filter>
    </ClInclude>
    <ClInclude Include="Private\Transform.h">
      <Filter>Private\Header Files</Filter>
    </ClInclude>
    <ClInclude Include="Private\AnimationComponent.h">
      <Filter>Private\Header Files</Filter>
    </ClInclude>
    <ClInclude Include="Private\LightComponent.h">
      <Filter>Private\Header Files</Filter>
    </ClInclude>
    <ClInclude Include="Private\SkinningComponent.h">
      <Filter>Private\Header Files</Filter>
    </ClInclude>
    <ClInclude Include="Private\MeshMorphComponent.h">
      <Filter>Private\Header Files</Filter>
    </ClInclude>
    <ClInclude Include="Private\Load_GLTF.h">
      <Filter>Private\Header Files</Filter>
    </ClInclude>
    <ClInclude Include="Private\Load_Common.h">
      <Filter>Private\Header Files</Filter>
    </ClInclude>
  </ItemGroup>
  <ItemGroup>
    <None Include="packages.config" />
  </ItemGroup>
</Project>