<?xml version="1.0" encoding="utf-8"?>
<Project ToolsVersion="4.0" xmlns="http://schemas.microsoft.com/developer/msbuild/2003">
  <ItemGroup>
    <Filter Include="Public">
      <UniqueIdentifier>{11111111-1111-1111-1111-111111111111}</UniqueIdentifier>
    </Filter>
    <Filter Include="Private">
      <UniqueIdentifier>{22222222-2222-2222-2222-222222222222}</UniqueIdentifier>
    </Filter>
    <Filter Include="Private\Header Files">
      <UniqueIdentifier>{93995380-89BD-4b04-88EB-625FBE52EBFB}</UniqueIdentifier>
      <Extensions>h;hh;hpp;hxx;h++;hm;inl;inc;ipp;xsd</Extensions>
    </Filter>
    <Filter Include="Private\Source Files">
      <UniqueIdentifier>{4FC737F1-C7A5-4376-A066-2A32D752A2FF}</UniqueIdentifier>
      <Extensions>cpp;c;cc;cxx;c++;cppm;ixx;def;odl;idl;hpj;bat;asm;asmx</Extensions>
    </Filter>
    <Filter Include="pch">
      <UniqueIdentifier>{c65f7c9e-f1dd-4e5e-b6f0-37b3c07e55e9}</UniqueIdentifier>
    </Filter>
  </ItemGroup>
  <ItemGroup>
    <ClInclude Include="pch\pch.h">
      <Filter>pch</Filter>
    </ClInclude>
    <ClInclude Include="Private/AnimationComponent.h">
      <Filter>Private\Header Files</Filter>
    </ClInclude>
    <ClInclude Include="Private/BoundsComponent.h">
      <Filter>Private\Header Files</Filter>
    </ClInclude>
    <ClInclude Include="Private/Camera.h">
      <Filter>Private\Header Files</Filter>
    </ClInclude>
    <ClInclude Include="Private/CameraComponent.h">
      <Filter>Private\Header Files</Filter>
    </ClInclude>
    <ClInclude Include="Private/CameraControlComponent.h">
      <Filter>Private\Header Files</Filter>
    </ClInclude>
    <ClInclude Include="Private/EntityCommands.h">
      <Filter>Private\Header Files</Filter>
    </ClInclude>
    <ClInclude Include="Private/EntityManager.h">
      <Filter>Private\Header Files</Filter>
    </ClInclude>
    <ClInclude Include="Private/Light.h">
      <Filter>Private\Header Files</Filter>
    </ClInclude>
    <ClInclude Include="Private/LightComponent.h">
      <Filter>Private\Header Files</Filter>
    </ClInclude>
    <ClInclude Include="Private/Load_Common.h">
      <Filter>Private\Header Files</Filter>
    </ClInclude>
    <ClInclude Include="Private/Load_GLTF.h">
      <Filter>Private\Header Files</Filter>
    </ClInclude>
    <ClInclude Include="Private/MarkerComponents.h">
      <Filter>Private\Header Files</Filter>
    </ClInclude>
    <ClInclude Include="Private/MaterialInstanceComponent.h">
      <Filter>Private\Header Files</Filter>
    </ClInclude>
    <ClInclude Include="Private/MeshConcept.h">
      <Filter>Private\Header Files</Filter>
    </ClInclude>
    <ClInclude Include="Private/MeshMorphComponent.h">
      <Filter>Private\Header Files</Filter>
    </ClInclude>
    <ClInclude Include="Private/MeshPrimitiveComponent.h">
      <Filter>Private\Header Files</Filter>
    </ClInclude>
    <ClInclude Include="Private/NameComponent.h">
      <Filter>Private\Header Files</Filter>
    </ClInclude>
    <ClInclude Include="Private/RelationshipComponent.h">
      <Filter>Private\Header Files</Filter>
    </ClInclude>
    <ClInclude Include="Private/RenderDataComponent.h">
      <Filter>Private\Header Files</Filter>
    </ClInclude>
    <ClInclude Include="Private/SceneManager.h">
      <Filter>Private\Header Files</Filter>
    </ClInclude>
    <ClInclude Include="Private/SceneNodeConcept.h">
      <Filter>Private\Header Files</Filter>
    </ClInclude>
    <ClInclude Include="Private/ShadowMap.h">
      <Filter>Private\Header Files</Filter>
    </ClInclude>
    <ClInclude Include="Private/ShadowMapComponent.h">
      <Filter>Private\Header Files</Filter>
    </ClInclude>
    <ClInclude Include="Private/SkinningComponent.h">
      <Filter>Private\Header Files</Filter>
    </ClInclude>
    <ClInclude Include="Private/Transform.h">
      <Filter>Private\Header Files</Filter>
    </ClInclude>
    <ClInclude Include="Private/TransformComponent.h">
      <Filter>Private\Header Files</Filter>
    </ClInclude>
    <ClInclude Include="Private/UIManager.h">
      <Filter>Private\Header Files</Filter>
    </ClInclude>
  </ItemGroup>
  <ItemGroup>
    <ClCompile Include="pch\pch.cpp">
      <Filter>pch</Filter>
    </ClCompile>
    <ClCompile Include="Private/AnimationComponent.cpp">
      <Filter>Private\Source Files</Filter>
    </ClCompile>
    <ClCompile Include="Private/BoundsComponent.cpp">
      <Filter>Private\Source Files</Filter>
    </ClCompile>
    <ClCompile Include="Private/Camera.cpp">
      <Filter>Private\Source Files</Filter>
    </ClCompile>
    <ClCompile Include="Private/CameraComponent.cpp">
      <Filter>Private\Source Files</Filter>
    </ClCompile>
    <ClCompile Include="Private/CameraControlComponent.cpp">
      <Filter>Private\Source Files</Filter>
    </ClCompile>
    <ClCompile Include="Private/EntityCommands.cpp">
      <Filter>Private\Source Files</Filter>
    </ClCompile>
    <ClCompile Include="Private/EntityManager.cpp">
      <Filter>Private\Source Files</Filter>
    </ClCompile>
    <ClCompile Include="Private/Light.cpp">
      <Filter>Private\Source Files</Filter>
    </ClCompile>
    <ClCompile Include="Private/LightComponent.cpp">
      <Filter>Private\Source Files</Filter>
    </ClCompile>
    <ClCompile Include="Private/Load_Common.cpp">
      <Filter>Private\Source Files</Filter>
    </ClCompile>
    <ClCompile Include="Private/Load_GLTF.cpp">
      <Filter>Private\Source Files</Filter>
    </ClCompile>
    <ClCompile Include="Private/MaterialInstanceComponent.cpp">
      <Filter>Private\Source Files</Filter>
    </ClCompile>
    <ClCompile Include="Private/MeshConcept.cpp">
      <Filter>Private\Source Files</Filter>
    </ClCompile>
    <ClCompile Include="Private/MeshMorphComponent.cpp">
      <Filter>Private\Source Files</Filter>
    </ClCompile>
    <ClCompile Include="Private/MeshPrimitiveComponent.cpp">
      <Filter>Private\Source Files</Filter>
    </ClCompile>
    <ClCompile Include="Private/NameComponent.cpp">
      <Filter>Private\Source Files</Filter>
    </ClCompile>
    <ClCompile Include="Private/RelationshipComponent.cpp">
      <Filter>Private\Source Files</Filter>
    </ClCompile>
    <ClCompile Include="Private/RenderDataComponent.cpp">
      <Filter>Private\Source Files</Filter>
    </ClCompile>
    <ClCompile Include="Private/SceneManager.cpp">
      <Filter>Private\Source Files</Filter>
    </ClCompile>
    <ClCompile Include="Private/SceneNodeConcept.cpp">
      <Filter>Private\Source Files</Filter>
    </ClCompile>
    <ClCompile Include="Private/ShadowMap.cpp">
      <Filter>Private\Source Files</Filter>
    </ClCompile>
    <ClCompile Include="Private/ShadowMapComponent.cpp">
      <Filter>Private\Source Files</Filter>
    </ClCompile>
    <ClCompile Include="Private/SkinningComponent.cpp">
      <Filter>Private\Source Files</Filter>
    </ClCompile>
    <ClCompile Include="Private/Transform.cpp">
      <Filter>Private\Source Files</Filter>
    </ClCompile>
    <ClCompile Include="Private/TransformComponent.cpp">
      <Filter>Private\Source Files</Filter>
    </ClCompile>
    <ClCompile Include="Private/UIManager.cpp">
      <Filter>Private\Source Files</Filter>
    </ClCompile>
  </ItemGroup>
</Project>
