<?xml version="1.0" encoding="utf-8"?>
<Project ToolsVersion="4.0" xmlns="http://schemas.microsoft.com/developer/msbuild/2003">
  <ItemGroup>
    <Filter Include="Public">
      <UniqueIdentifier>{11111111-1111-1111-1111-111111111111}</UniqueIdentifier>
    </Filter>
    <Filter Include="Private">
      <UniqueIdentifier>{22222222-2222-2222-2222-222222222222}</UniqueIdentifier>
    </Filter>
    <Filter Include="Private\Header Files">
      <UniqueIdentifier>{93995380-89BD-4b04-88EB-625FBE52EBFB}</UniqueIdentifier>
      <Extensions>h;hh;hpp;hxx;h++;hm;inl;inc;ipp;xsd</Extensions>
    </Filter>
    <Filter Include="Private\Source Files">
      <UniqueIdentifier>{4FC737F1-C7A5-4376-A066-2A32D752A2FF}</UniqueIdentifier>
      <Extensions>cpp;c;cc;cxx;c++;cppm;ixx;def;odl;idl;hpj;bat;asm;asmx</Extensions>
    </Filter>
    <Filter Include="pch">
      <UniqueIdentifier>{c65f7c9e-f1dd-4e5e-b6f0-37b3c07e55e9}</UniqueIdentifier>
    </Filter>
  </ItemGroup>
  <ItemGroup>
    <ClInclude Include="pch\pch.h">
      <Filter>pch</Filter>
    </ClInclude>
    <ClInclude Include="Private/Assert.h">
      <Filter>Private\Header Files</Filter>
    </ClInclude>
    <ClInclude Include="Private/CommandQueue.h">
      <Filter>Private\Header Files</Filter>
    </ClInclude>
    <ClInclude Include="Private/Config.h">
      <Filter>Private\Header Files</Filter>
    </ClInclude>
    <ClInclude Include="Private/Definitions\ConfigKeys.h">
      <Filter>Private\Header Files</Filter>
    </ClInclude>
    <ClInclude Include="Private/Definitions\EventKeys.h">
      <Filter>Private\Header Files</Filter>
    </ClInclude>
    <ClInclude Include="Private/Definitions\KeyConfiguration.h">
      <Filter>Private\Header Files</Filter>
    </ClInclude>
    <ClInclude Include="Private/EventManager.h">
      <Filter>Private\Header Files</Filter>
    </ClInclude>
    <ClInclude Include="Private/EventManager_Platform.h">
      <Filter>Private\Header Files</Filter>
    </ClInclude>
    <ClInclude Include="Private/EventManager_Win32.h">
      <Filter>Private\Header Files</Filter>
    </ClInclude>
    <ClInclude Include="Private/Host\Dialog.h">
      <Filter>Private\Header Files</Filter>
    </ClInclude>
    <ClInclude Include="Private/Host\Dialog_Platform.h">
      <Filter>Private\Header Files</Filter>
    </ClInclude>
    <ClInclude Include="Private/Host\Dialog_Win32.h">
      <Filter>Private\Header Files</Filter>
    </ClInclude>
    <ClInclude Include="Private/Host\PerformanceTimer.h">
      <Filter>Private\Header Files</Filter>
    </ClInclude>
    <ClInclude Include="Private/Host\PerformanceTimer_Platform.h">
      <Filter>Private\Header Files</Filter>
    </ClInclude>
    <ClInclude Include="Private/Host\PerformanceTimer_Win32.h">
      <Filter>Private\Header Files</Filter>
    </ClInclude>
    <ClInclude Include="Private/Host\Window.h">
      <Filter>Private\Header Files</Filter>
    </ClInclude>
    <ClInclude Include="Private/Host\Window_Platform.h">
      <Filter>Private\Header Files</Filter>
    </ClInclude>
    <ClInclude Include="Private/Host\Window_Win32.h">
      <Filter>Private\Header Files</Filter>
    </ClInclude>
    <ClInclude Include="Private/InputManager.h">
      <Filter>Private\Header Files</Filter>
    </ClInclude>
    <ClInclude Include="Private/InputManager_Platform.h">
      <Filter>Private\Header Files</Filter>
    </ClInclude>
    <ClInclude Include="Private/InputManager_Win32.h">
      <Filter>Private\Header Files</Filter>
    </ClInclude>
    <ClInclude Include="Private/Interfaces\IEngineComponent.h">
      <Filter>Private\Header Files</Filter>
    </ClInclude>
    <ClInclude Include="Private/Interfaces\IEngineThread.h">
      <Filter>Private\Header Files</Filter>
    </ClInclude>
    <ClInclude Include="Private/Interfaces\IEventListener.h">
      <Filter>Private\Header Files</Filter>
    </ClInclude>
    <ClInclude Include="Private/Interfaces\IHashedDataObject.h">
      <Filter>Private\Header Files</Filter>
    </ClInclude>
    <ClInclude Include="Private/Interfaces\ILoadContext.h">
      <Filter>Private\Header Files</Filter>
    </ClInclude>
    <ClInclude Include="Private/Interfaces\INamedObject.h">
      <Filter>Private\Header Files</Filter>
    </ClInclude>
    <ClInclude Include="Private/Interfaces\IPlatformObject.h">
      <Filter>Private\Header Files</Filter>
    </ClInclude>
    <ClInclude Include="Private/Interfaces\IUniqueID.h">
      <Filter>Private\Header Files</Filter>
    </ClInclude>
    <ClInclude Include="Private/Inventory.h">
      <Filter>Private\Header Files</Filter>
    </ClInclude>
    <ClInclude Include="Private/InvPtr.h">
      <Filter>Private\Header Files</Filter>
    </ClInclude>
    <ClInclude Include="Private/Logger.h">
      <Filter>Private\Header Files</Filter>
    </ClInclude>
    <ClInclude Include="Private/PerfLogger.h">
      <Filter>Private\Header Files</Filter>
    </ClInclude>
    <ClInclude Include="Private/ProfilingMarkers.h">
      <Filter>Private\Header Files</Filter>
    </ClInclude>
    <ClInclude Include="Private/ResourceSystem.h">
      <Filter>Private\Header Files</Filter>
    </ClInclude>
    <ClInclude Include="Private/ThreadPool.h">
      <Filter>Private\Header Files</Filter>
    </ClInclude>
    <ClInclude Include="Private/Util\ByteVector.h">
      <Filter>Private\Header Files</Filter>
    </ClInclude>
    <ClInclude Include="Private/Util\CastUtils.h">
      <Filter>Private\Header Files</Filter>
    </ClInclude>
    <ClInclude Include="Private/Util\HashKey.h">
      <Filter>Private\Header Files</Filter>
    </ClInclude>
    <ClInclude Include="Private/Util\DoubleBufferUnorderedMap.h">
      <Filter>Private\Header Files</Filter>
    </ClInclude>
    <ClInclude Include="Private/Util\FileIOUtils.h">
      <Filter>Private\Header Files</Filter>
    </ClInclude>
    <ClInclude Include="Private/Util\CHashKey.h">
      <Filter>Private\Header Files</Filter>
    </ClInclude>
    <ClInclude Include="Private/Util\HashUtils.h">
      <Filter>Private\Header Files</Filter>
    </ClInclude>
    <ClInclude Include="Private/Util\ImGuiUtils.h">
      <Filter>Private\Header Files</Filter>
    </ClInclude>
    <ClInclude Include="Private/Util\MathUtils.h">
      <Filter>Private\Header Files</Filter>
    </ClInclude>
    <ClInclude Include="Private/Util\NBufferedVector.h">
      <Filter>Private\Header Files</Filter>
    </ClInclude>
    <ClInclude Include="Private/Util\TextUtils.h">
      <Filter>Private\Header Files</Filter>
    </ClInclude>
    <ClInclude Include="Private/Util\ThreadProtector.h">
      <Filter>Private\Header Files</Filter>
    </ClInclude>
    <ClInclude Include="Private/Util\ThreadSafeVector.h">
      <Filter>Private\Header Files</Filter>
    </ClInclude>
  </ItemGroup>
  <ItemGroup>
    <ClCompile Include="pch\pch.cpp">
      <Filter>pch</Filter>
    </ClCompile>
    <ClCompile Include="Private/Assert.cpp">
      <Filter>Private\Source Files</Filter>
    </ClCompile>
    <ClCompile Include="Private/CommandQueue.cpp">
      <Filter>Private\Source Files</Filter>
    </ClCompile>
    <ClCompile Include="Private/Config.cpp">
      <Filter>Private\Source Files</Filter>
    </ClCompile>
    <ClCompile Include="Private/EventManager.cpp">
      <Filter>Private\Source Files</Filter>
    </ClCompile>
    <ClCompile Include="Private/EventManager_Platform.cpp">
      <Filter>Private\Source Files</Filter>
    </ClCompile>
    <ClCompile Include="Private/EventManager_Win32.cpp">
      <Filter>Private\Source Files</Filter>
    </ClCompile>
    <ClCompile Include="Private/Host\Dialog.cpp">
      <Filter>Private\Source Files</Filter>
    </ClCompile>
    <ClCompile Include="Private/Host\Dialog_Platform.cpp">
      <Filter>Private\Source Files</Filter>
    </ClCompile>
    <ClCompile Include="Private/Host\Dialog_Win32.cpp">
      <Filter>Private\Source Files</Filter>
    </ClCompile>
    <ClCompile Include="Private/Host\PerformanceTimer.cpp">
      <Filter>Private\Source Files</Filter>
    </ClCompile>
    <ClCompile Include="Private/Host\PerformanceTimer_Platform.cpp">
      <Filter>Private\Source Files</Filter>
    </ClCompile>
    <ClCompile Include="Private/Host\PerformanceTimer_Win32.cpp">
      <Filter>Private\Source Files</Filter>
    </ClCompile>
    <ClCompile Include="Private/Host\Window.cpp">
      <Filter>Private\Source Files</Filter>
    </ClCompile>
    <ClCompile Include="Private/Host\Window_Platform.cpp">
      <Filter>Private\Source Files</Filter>
    </ClCompile>
    <ClCompile Include="Private/Host\Window_Win32.cpp">
      <Filter>Private\Source Files</Filter>
    </ClCompile>
    <ClCompile Include="Private/InputManager.cpp">
      <Filter>Private\Source Files</Filter>
    </ClCompile>
    <ClCompile Include="Private/InputManager_Platform.cpp">
      <Filter>Private\Source Files</Filter>
    </ClCompile>
    <ClCompile Include="Private/InputManager_Win32.cpp">
      <Filter>Private\Source Files</Filter>
    </ClCompile>
    <ClCompile Include="Private/Interfaces\IEngineThread.cpp">
      <Filter>Private\Source Files</Filter>
    </ClCompile>
    <ClCompile Include="Private/Inventory.cpp">
      <Filter>Private\Source Files</Filter>
    </ClCompile>
    <ClCompile Include="Private/Logger.cpp">
      <Filter>Private\Source Files</Filter>
    </ClCompile>
    <ClCompile Include="Private/PerfLogger.cpp">
      <Filter>Private\Source Files</Filter>
    </ClCompile>
    <ClCompile Include="Private/ThreadPool.cpp">
      <Filter>Private\Source Files</Filter>
    </ClCompile>
    <ClCompile Include="Private/Util\FileIOUtils.cpp">
      <Filter>Private\Source Files</Filter>
    </ClCompile>
    <ClCompile Include="Private/Util\TextUtils.cpp">
      <Filter>Private\Source Files</Filter>
    </ClCompile>
  </ItemGroup>
</Project>
