
Microsoft Visual Studio Solution File, Format Version 12.00
# Visual Studio Version 17
VisualStudioVersion = 17.2.32616.157
MinimumVisualStudioVersion = 10.0.40219.1
Project("{8BC9CEB8-8B4A-11D0-8D11-00A0C91BC942}") = "SaberEngine", "Source\SaberEngine.vcxproj", "{80C62E80-7437-4BB9-B7E0-693FA4C402A1}"
	ProjectSection(ProjectDependencies) = postProject
		{B2F1DB2F-9DD3-446E-918A-41254AC4E342} = {B2F1DB2F-9DD3-446E-918A-41254AC4E342}
		{F49FCA5A-2F00-4A69-B17C-3491B1A39400} = {F49FCA5A-2F00-4A69-B17C-3491B1A39400}
	EndProjectSection
EndProject
Project("{8BC9CEB8-8B4A-11D0-8D11-00A0C91BC942}") = "Core", "Source\Core\Core.vcxproj", "{B2F1DB2F-9DD3-446E-918A-41254AC4E342}"
EndProject
Project("{8BC9CEB8-8B4A-11D0-8D11-00A0C91BC942}") = "Renderer", "Source\Renderer\Renderer.vcxproj", "{F49FCA5A-2F00-4A69-B17C-3491B1A39400}"
	ProjectSection(ProjectDependencies) = postProject
		{76C4F899-EB8C-45B8-A0C7-FC74D466C133} = {76C4F899-EB8C-45B8-A0C7-FC74D466C133}
		{B2F1DB2F-9DD3-446E-918A-41254AC4E342} = {B2F1DB2F-9DD3-446E-918A-41254AC4E342}
	EndProjectSection
EndProject
Project("{8BC9CEB8-8B4A-11D0-8D11-00A0C91BC942}") = "Presentation", "Source\Presentation\Presentation.vcxproj", "{EC510AFE-61F2-4FC9-AE17-C16F366954A1}"
EndProject
Project("{8BC9CEB8-8B4A-11D0-8D11-00A0C91BC942}") = "DroidShaderBurner", "Source\DroidShaderBurner\DroidShaderBurner.vcxproj", "{76C4F899-EB8C-45B8-A0C7-FC74D466C133}"
EndProject
Global
	GlobalSection(SolutionConfigurationPlatforms) = preSolution
		Debug|x64 = Debug|x64
		DebugRelease|x64 = DebugRelease|x64
		Profile|x64 = Profile|x64
		Release|x64 = Release|x64
	EndGlobalSection
	GlobalSection(ProjectConfigurationPlatforms) = postSolution
		{80C62E80-7437-4BB9-B7E0-693FA4C402A1}.Debug|x64.ActiveCfg = Debug|x64
		{80C62E80-7437-4BB9-B7E0-693FA4C402A1}.Debug|x64.Build.0 = Debug|x64
		{80C62E80-7437-4BB9-B7E0-693FA4C402A1}.DebugRelease|x64.ActiveCfg = DebugRelease|x64
		{80C62E80-7437-4BB9-B7E0-693FA4C402A1}.DebugRelease|x64.Build.0 = DebugRelease|x64
		{80C62E80-7437-4BB9-B7E0-693FA4C402A1}.Profile|x64.ActiveCfg = Profile|x64
		{80C62E80-7437-4BB9-B7E0-693FA4C402A1}.Profile|x64.Build.0 = Profile|x64
		{80C62E80-7437-4BB9-B7E0-693FA4C402A1}.Release|x64.ActiveCfg = Release|x64
		{80C62E80-7437-4BB9-B7E0-693FA4C402A1}.Release|x64.Build.0 = Release|x64
		{B2F1DB2F-9DD3-446E-918A-41254AC4E342}.Debug|x64.ActiveCfg = Debug|x64
		{B2F1DB2F-9DD3-446E-918A-41254AC4E342}.Debug|x64.Build.0 = Debug|x64
		{B2F1DB2F-9DD3-446E-918A-41254AC4E342}.DebugRelease|x64.ActiveCfg = DebugRelease|x64
		{B2F1DB2F-9DD3-446E-918A-41254AC4E342}.DebugRelease|x64.Build.0 = DebugRelease|x64
		{B2F1DB2F-9DD3-446E-918A-41254AC4E342}.Profile|x64.ActiveCfg = Profile|x64
		{B2F1DB2F-9DD3-446E-918A-41254AC4E342}.Profile|x64.Build.0 = Profile|x64
		{B2F1DB2F-9DD3-446E-918A-41254AC4E342}.Release|x64.ActiveCfg = Release|x64
		{B2F1DB2F-9DD3-446E-918A-41254AC4E342}.Release|x64.Build.0 = Release|x64
		{F49FCA5A-2F00-4A69-B17C-3491B1A39400}.Debug|x64.ActiveCfg = Debug|x64
		{F49FCA5A-2F00-4A69-B17C-3491B1A39400}.Debug|x64.Build.0 = Debug|x64
		{F49FCA5A-2F00-4A69-B17C-3491B1A39400}.DebugRelease|x64.ActiveCfg = DebugRelease|x64
		{F49FCA5A-2F00-4A69-B17C-3491B1A39400}.DebugRelease|x64.Build.0 = DebugRelease|x64
		{F49FCA5A-2F00-4A69-B17C-3491B1A39400}.Profile|x64.ActiveCfg = Profile|x64
		{F49FCA5A-2F00-4A69-B17C-3491B1A39400}.Profile|x64.Build.0 = Profile|x64
		{F49FCA5A-2F00-4A69-B17C-3491B1A39400}.Release|x64.ActiveCfg = Release|x64
		{F49FCA5A-2F00-4A69-B17C-3491B1A39400}.Release|x64.Build.0 = Release|x64
		{EC510AFE-61F2-4FC9-AE17-C16F366954A1}.Debug|x64.ActiveCfg = Debug|x64
		{EC510AFE-61F2-4FC9-AE17-C16F366954A1}.Debug|x64.Build.0 = Debug|x64
		{EC510AFE-61F2-4FC9-AE17-C16F366954A1}.DebugRelease|x64.ActiveCfg = DebugRelease|x64
		{EC510AFE-61F2-4FC9-AE17-C16F366954A1}.DebugRelease|x64.Build.0 = DebugRelease|x64
		{EC510AFE-61F2-4FC9-AE17-C16F366954A1}.Profile|x64.ActiveCfg = Profile|x64
		{EC510AFE-61F2-4FC9-AE17-C16F366954A1}.Profile|x64.Build.0 = Profile|x64
		{EC510AFE-61F2-4FC9-AE17-C16F366954A1}.Release|x64.ActiveCfg = Release|x64
		{EC510AFE-61F2-4FC9-AE17-C16F366954A1}.Release|x64.Build.0 = Release|x64
		{76C4F899-EB8C-45B8-A0C7-FC74D466C133}.Debug|x64.ActiveCfg = Debug|x64
		{76C4F899-EB8C-45B8-A0C7-FC74D466C133}.Debug|x64.Build.0 = Debug|x64
		{76C4F899-EB8C-45B8-A0C7-FC74D466C133}.DebugRelease|x64.ActiveCfg = DebugRelease|x64
		{76C4F899-EB8C-45B8-A0C7-FC74D466C133}.DebugRelease|x64.Build.0 = DebugRelease|x64
		{76C4F899-EB8C-45B8-A0C7-FC74D466C133}.Profile|x64.ActiveCfg = Profile|x64
		{76C4F899-EB8C-45B8-A0C7-FC74D466C133}.Profile|x64.Build.0 = Profile|x64
		{76C4F899-EB8C-45B8-A0C7-FC74D466C133}.Release|x64.ActiveCfg = Release|x64
		{76C4F899-EB8C-45B8-A0C7-FC74D466C133}.Release|x64.Build.0 = Release|x64
	EndGlobalSection
	GlobalSection(SolutionProperties) = preSolution
		HideSolutionNode = FALSE
	EndGlobalSection
	GlobalSection(ExtensibilityGlobals) = postSolution
		SolutionGuid = {25406D38-B705-428F-AD79-3EF091124F34}
	EndGlobalSection
EndGlobal
