<?xml version="1.0" encoding="utf-8"?>
<Project ToolsVersion="4.0" xmlns="http://schemas.microsoft.com/developer/msbuild/2003">
  <ItemGroup>
    <Filter Include="Source Files">
      <UniqueIdentifier>{4FC737F1-C7A5-4376-A066-2A32D752A2FF}</UniqueIdentifier>
      <Extensions>cpp;c;cc;cxx;def;odl;idl;hpj;bat;asm;asmx</Extensions>
    </Filter>
    <Filter Include="Header Files">
      <UniqueIdentifier>{93995380-89BD-4b04-88EB-625FBE52EBFB}</UniqueIdentifier>
      <Extensions>h;hh;hpp;hxx;hm;inl;inc;ipp;xsd</Extensions>
    </Filter>
    <Filter Include="Source Files\Shaders">
      <UniqueIdentifier>{fba4b42a-a194-41c3-858e-1acac86e27c9}</UniqueIdentifier>
    </Filter>
    <Filter Include="Header Files\fr">
      <UniqueIdentifier>{8d683ba4-1aee-4552-9235-efdf36761b20}</UniqueIdentifier>
    </Filter>
    <Filter Include="Header Files\gr">
      <UniqueIdentifier>{b6fedb3b-db6f-44f4-bbc5-6061241361f4}</UniqueIdentifier>
    </Filter>
    <Filter Include="Header Files\re">
      <UniqueIdentifier>{1af28ce0-86e8-4838-b787-ea0215cad937}</UniqueIdentifier>
    </Filter>
    <Filter Include="Source Files\fr">
      <UniqueIdentifier>{c39175b2-25dc-47b7-a5b5-d86d8cc9eb68}</UniqueIdentifier>
    </Filter>
    <Filter Include="Source Files\gr">
      <UniqueIdentifier>{23947377-6921-40d3-b919-4d5484db3147}</UniqueIdentifier>
    </Filter>
    <Filter Include="Source Files\re">
      <UniqueIdentifier>{1b25b4a1-92eb-482c-9ebb-92a8e5433254}</UniqueIdentifier>
    </Filter>
    <Filter Include="Source Files\Shaders\OpenGL">
      <UniqueIdentifier>{02f62867-9e8f-497d-86ca-be1b7ddfa9bb}</UniqueIdentifier>
    </Filter>
    <Filter Include="Header Files\en">
      <UniqueIdentifier>{242d67af-2c7c-4691-9ff2-d501d832b66c}</UniqueIdentifier>
    </Filter>
    <Filter Include="Source Files\en">
      <UniqueIdentifier>{1a6a9e41-cdf7-4631-b2fb-5198e12def51}</UniqueIdentifier>
    </Filter>
    <Filter Include="Source Files\en\platform">
      <UniqueIdentifier>{1a74d6ca-0237-4c05-8e91-33beebed076a}</UniqueIdentifier>
    </Filter>
    <Filter Include="Header Files\re\platform">
      <UniqueIdentifier>{180b02b2-6e6a-486b-b7c0-501814587f64}</UniqueIdentifier>
    </Filter>
    <Filter Include="Header Files\re\platform\OpenGL">
      <UniqueIdentifier>{7bcdd248-abcf-4294-8d59-f6a63c54554b}</UniqueIdentifier>
    </Filter>
    <Filter Include="Header Files\gr\platform">
      <UniqueIdentifier>{03f7fb93-12a0-45e5-beec-39b6d6330ba4}</UniqueIdentifier>
    </Filter>
    <Filter Include="Header Files\gr\platform\OpenGL">
      <UniqueIdentifier>{4baacfcf-aa1f-44c9-9e93-1dccfc227a1b}</UniqueIdentifier>
    </Filter>
    <Filter Include="Source Files\gr\platform">
      <UniqueIdentifier>{afdc443a-307c-4991-9e5b-f6b7cd08c30c}</UniqueIdentifier>
    </Filter>
    <Filter Include="Source Files\gr\platform\OpenGL">
      <UniqueIdentifier>{c142e74e-c194-4df2-8137-395acd37f345}</UniqueIdentifier>
    </Filter>
    <Filter Include="Source Files\re\platform">
      <UniqueIdentifier>{2a550363-f17a-4d7c-95cf-8f4bbdb3aaed}</UniqueIdentifier>
    </Filter>
    <Filter Include="Source Files\re\platform\OpenGL">
      <UniqueIdentifier>{d850fa90-7f81-4355-895d-5e6dba3351c7}</UniqueIdentifier>
    </Filter>
  </ItemGroup>
  <ItemGroup>
    <ClCompile Include="CoreEngine.cpp">
      <Filter>Source Files</Filter>
    </ClCompile>
    <ClCompile Include="EventManager.cpp">
      <Filter>Source Files</Filter>
    </ClCompile>
    <ClCompile Include="main.cpp">
      <Filter>Source Files</Filter>
    </ClCompile>
    <ClCompile Include="TimeManager.cpp">
      <Filter>Source Files</Filter>
    </ClCompile>
    <ClCompile Include="InputManager.cpp">
      <Filter>Source Files</Filter>
    </ClCompile>
    <ClCompile Include="RenderManager.cpp">
      <Filter>Source Files</Filter>
    </ClCompile>
    <ClCompile Include="SceneManager.cpp">
      <Filter>Source Files</Filter>
    </ClCompile>
    <ClCompile Include="GameObject.cpp">
      <Filter>Source Files</Filter>
    </ClCompile>
    <ClCompile Include="PlayerObject.cpp">
      <Filter>Source Files</Filter>
    </ClCompile>
    <ClCompile Include="Renderable.cpp">
      <Filter>Source Files</Filter>
    </ClCompile>
    <ClCompile Include="PostFXManager.cpp">
      <Filter>Source Files</Filter>
    </ClCompile>
    <ClCompile Include="ImageBasedLight.cpp">
      <Filter>Source Files</Filter>
    </ClCompile>
    <ClCompile Include="Scene.cpp">
      <Filter>Source Files</Filter>
    </ClCompile>
    <ClCompile Include="Mesh.cpp">
      <Filter>Source Files\gr</Filter>
    </ClCompile>
    <ClCompile Include="Mesh_OpenGL.cpp">
      <Filter>Source Files\gr\platform\OpenGL</Filter>
    </ClCompile>
    <ClCompile Include="Mesh_Platform.cpp">
      <Filter>Source Files\gr\platform</Filter>
    </ClCompile>
    <ClCompile Include="EngineConfig.cpp">
      <Filter>Source Files\en</Filter>
    </ClCompile>
    <ClCompile Include="Texture_Platform.cpp">
      <Filter>Source Files\gr\platform</Filter>
    </ClCompile>
    <ClCompile Include="Texture_OpenGL.cpp">
      <Filter>Source Files\gr\platform\OpenGL</Filter>
    </ClCompile>
    <ClCompile Include="TextureTarget.cpp">
      <Filter>Source Files\gr</Filter>
    </ClCompile>
    <ClCompile Include="TextureTarget_Platform.cpp">
      <Filter>Source Files\gr\platform</Filter>
    </ClCompile>
    <ClCompile Include="TextureTarget_OpenGL.cpp">
      <Filter>Source Files\gr\platform\OpenGL</Filter>
    </ClCompile>
    <ClCompile Include="Context.cpp">
      <Filter>Source Files\re</Filter>
    </ClCompile>
    <ClCompile Include="Texture.cpp">
      <Filter>Source Files\gr</Filter>
    </ClCompile>
    <ClCompile Include="Context_OpenGL.cpp">
      <Filter>Source Files\re\platform\OpenGL</Filter>
    </ClCompile>
    <ClCompile Include="Context_Platform.cpp">
      <Filter>Source Files\re\platform</Filter>
    </ClCompile>
    <ClCompile Include="LogManager.cpp">
      <Filter>Source Files\fr</Filter>
    </ClCompile>
    <ClCompile Include="Platform.cpp">
      <Filter>Source Files\en</Filter>
    </ClCompile>
    <ClCompile Include="Material.cpp">
      <Filter>Source Files\gr</Filter>
    </ClCompile>
    <ClCompile Include="Shader.cpp">
      <Filter>Source Files\gr</Filter>
    </ClCompile>
    <ClCompile Include="Shader_Platform.cpp">
      <Filter>Source Files\gr\platform</Filter>
    </ClCompile>
    <ClCompile Include="Shader_OpenGL.cpp">
      <Filter>Source Files\gr\platform\OpenGL</Filter>
    </ClCompile>
    <ClCompile Include="Sampler.cpp">
      <Filter>Source Files\gr</Filter>
    </ClCompile>
    <ClCompile Include="Sampler_Platform.cpp">
      <Filter>Source Files\gr\platform</Filter>
    </ClCompile>
    <ClCompile Include="Sampler_OpenGL.cpp">
      <Filter>Source Files\gr\platform\OpenGL</Filter>
    </ClCompile>
    <ClCompile Include="Camera.cpp">
      <Filter>Source Files\gr</Filter>
    </ClCompile>
    <ClCompile Include="Light.cpp">
      <Filter>Source Files\gr</Filter>
    </ClCompile>
    <ClCompile Include="ShadowMap.cpp">
      <Filter>Source Files\gr</Filter>
    </ClCompile>
    <ClCompile Include="GraphicsSystem.cpp">
      <Filter>Source Files\gr</Filter>
    </ClCompile>
    <ClCompile Include="RenderStage.cpp">
      <Filter>Source Files\gr</Filter>
    </ClCompile>
    <ClCompile Include="GraphicsSystem_GBuffer.cpp">
      <Filter>Source Files\gr</Filter>
    </ClCompile>
    <ClCompile Include="Transform.cpp">
      <Filter>Source Files\gr</Filter>
    </ClCompile>
    <ClCompile Include="GraphicsSystem_DeferredLighting.cpp">
      <Filter>Source Files\gr</Filter>
    </ClCompile>
    <ClCompile Include="RenderPipeline.cpp">
      <Filter>Source Files\re</Filter>
    </ClCompile>
    <ClCompile Include="GraphicsSystem_Shadows.cpp">
      <Filter>Source Files\gr</Filter>
    </ClCompile>
    <ClCompile Include="GraphicsSystem_Skybox.cpp">
      <Filter>Source Files\gr</Filter>
    </ClCompile>
  </ItemGroup>
  <ItemGroup>
    <ClInclude Include="EventManager.h">
      <Filter>Header Files</Filter>
    </ClInclude>
    <ClInclude Include="EventListener.h">
      <Filter>Header Files</Filter>
    </ClInclude>
    <ClInclude Include="CoreEngine.h">
      <Filter>Header Files</Filter>
    </ClInclude>
    <ClInclude Include="EngineComponent.h">
      <Filter>Header Files</Filter>
    </ClInclude>
    <ClInclude Include="TimeManager.h">
      <Filter>Header Files</Filter>
    </ClInclude>
    <ClInclude Include="InputManager.h">
      <Filter>Header Files</Filter>
    </ClInclude>
    <ClInclude Include="RenderManager.h">
      <Filter>Header Files</Filter>
    </ClInclude>
    <ClInclude Include="GameObject.h">
      <Filter>Header Files</Filter>
    </ClInclude>
    <ClInclude Include="SceneManager.h">
      <Filter>Header Files</Filter>
    </ClInclude>
    <ClInclude Include="SceneObject.h">
      <Filter>Header Files</Filter>
    </ClInclude>
    <ClInclude Include="Renderable.h">
      <Filter>Header Files</Filter>
    </ClInclude>
    <ClInclude Include="PlayerObject.h">
      <Filter>Header Files</Filter>
    </ClInclude>
    <ClInclude Include="PostFXManager.h">
      <Filter>Header Files</Filter>
    </ClInclude>
    <ClInclude Include="ImageBasedLight.h">
      <Filter>Header Files</Filter>
    </ClInclude>
    <ClInclude Include="KeyConfiguration.h">
      <Filter>Header Files</Filter>
    </ClInclude>
    <ClInclude Include="Scene.h">
      <Filter>Header Files</Filter>
    </ClInclude>
    <ClInclude Include="SaberObject.h">
      <Filter>Header Files</Filter>
    </ClInclude>
    <ClInclude Include="Mesh.h">
      <Filter>Header Files\gr</Filter>
    </ClInclude>
    <ClInclude Include="Mesh_OpenGL.h">
      <Filter>Header Files\gr\platform\OpenGL</Filter>
    </ClInclude>
    <ClInclude Include="Mesh_Platform.h">
      <Filter>Header Files\gr\platform</Filter>
    </ClInclude>
    <ClInclude Include="EngineConfig.h">
      <Filter>Header Files\en</Filter>
    </ClInclude>
    <ClInclude Include="Texture_Platform.h">
      <Filter>Header Files\gr\platform</Filter>
    </ClInclude>
    <ClInclude Include="Texture_OpenGL.h">
      <Filter>Header Files\gr\platform\OpenGL</Filter>
    </ClInclude>
    <ClInclude Include="TextureTarget.h">
      <Filter>Header Files\gr</Filter>
    </ClInclude>
    <ClInclude Include="TextureTarget_Platform.h">
      <Filter>Header Files\gr\platform</Filter>
    </ClInclude>
    <ClInclude Include="TextureTarget_OpenGL.h">
      <Filter>Header Files\gr\platform\OpenGL</Filter>
    </ClInclude>
    <ClInclude Include="Context.h">
      <Filter>Header Files\re</Filter>
    </ClInclude>
    <ClInclude Include="Texture.h">
      <Filter>Header Files\gr</Filter>
    </ClInclude>
    <ClInclude Include="Context_OpenGL.h">
      <Filter>Header Files\re\platform\OpenGL</Filter>
    </ClInclude>
    <ClInclude Include="Context_Platform.h">
      <Filter>Header Files\re\platform</Filter>
    </ClInclude>
    <ClInclude Include="LogManager.h">
      <Filter>Header Files\fr</Filter>
    </ClInclude>
    <ClInclude Include="Platform.h">
      <Filter>Header Files\en</Filter>
    </ClInclude>
    <ClInclude Include="Material.h">
      <Filter>Header Files\gr</Filter>
    </ClInclude>
    <ClInclude Include="Shader.h">
      <Filter>Header Files\gr</Filter>
    </ClInclude>
    <ClInclude Include="Shader_Platform.h">
      <Filter>Header Files\gr\platform</Filter>
    </ClInclude>
    <ClInclude Include="Shader_OpenGL.h">
      <Filter>Header Files\gr\platform\OpenGL</Filter>
    </ClInclude>
    <ClInclude Include="Sampler.h">
      <Filter>Header Files\gr</Filter>
    </ClInclude>
    <ClInclude Include="Sampler_Platform.h">
      <Filter>Header Files\gr\platform</Filter>
    </ClInclude>
    <ClInclude Include="Sampler_OpenGL.h">
      <Filter>Header Files\gr\platform\OpenGL</Filter>
    </ClInclude>
    <ClInclude Include="Camera.h">
      <Filter>Header Files\gr</Filter>
    </ClInclude>
    <ClInclude Include="Light.h">
      <Filter>Header Files\gr</Filter>
    </ClInclude>
    <ClInclude Include="ShadowMap.h">
      <Filter>Header Files\gr</Filter>
    </ClInclude>
    <ClInclude Include="DebugConfiguration.h">
      <Filter>Header Files\en</Filter>
    </ClInclude>
    <ClInclude Include="GraphicsSystem.h">
      <Filter>Header Files\gr</Filter>
    </ClInclude>
    <ClInclude Include="RenderStage.h">
      <Filter>Header Files\gr</Filter>
    </ClInclude>
    <ClInclude Include="GraphicsSystem_GBuffer.h">
      <Filter>Header Files\gr</Filter>
    </ClInclude>
    <ClInclude Include="Transform.h">
      <Filter>Header Files\gr</Filter>
    </ClInclude>
    <ClInclude Include="GraphicsSystem_DeferredLighting.h">
      <Filter>Header Files\gr</Filter>
    </ClInclude>
    <ClInclude Include="RenderPipeline.h">
      <Filter>Header Files\re</Filter>
    </ClInclude>
    <ClInclude Include="GraphicsSystem_Shadows.h">
      <Filter>Header Files\gr</Filter>
    </ClInclude>
    <ClInclude Include="GraphicsSystem_Skybox.h">
      <Filter>Header Files\gr</Filter>
    </ClInclude>
  </ItemGroup>
  <ItemGroup>
    <None Include="Shaders\glsl\blitShader.frag">
      <Filter>Source Files\Shaders\OpenGL</Filter>
    </None>
    <None Include="Shaders\glsl\blitShader.vert">
      <Filter>Source Files\Shaders\OpenGL</Filter>
    </None>
    <None Include="Shaders\glsl\blurShader.frag">
      <Filter>Source Files\Shaders\OpenGL</Filter>
    </None>
    <None Include="Shaders\glsl\blurShader.vert">
      <Filter>Source Files\Shaders\OpenGL</Filter>
    </None>
    <None Include="Shaders\glsl\BRDFIntegrationMapShader.frag">
      <Filter>Source Files\Shaders\OpenGL</Filter>
    </None>
    <None Include="Shaders\glsl\BRDFIntegrationMapShader.vert">
      <Filter>Source Files\Shaders\OpenGL</Filter>
    </None>
    <None Include="Shaders\glsl\cubeDepthShader.frag">
      <Filter>Source Files\Shaders\OpenGL</Filter>
    </None>
    <None Include="Shaders\glsl\cubeDepthShader.geom">
      <Filter>Source Files\Shaders\OpenGL</Filter>
    </None>
    <None Include="Shaders\glsl\cubeDepthShader.vert">
      <Filter>Source Files\Shaders\OpenGL</Filter>
    </None>
    <None Include="Shaders\glsl\deferredAmbientLightShader.frag">
      <Filter>Source Files\Shaders\OpenGL</Filter>
    </None>
    <None Include="Shaders\glsl\deferredAmbientLightShader.vert">
      <Filter>Source Files\Shaders\OpenGL</Filter>
    </None>
    <None Include="Shaders\glsl\deferredKeyLightShader.frag">
      <Filter>Source Files\Shaders\OpenGL</Filter>
    </None>
    <None Include="Shaders\glsl\deferredKeyLightShader.vert">
      <Filter>Source Files\Shaders\OpenGL</Filter>
    </None>
    <None Include="Shaders\glsl\deferredPointLightShader.frag">
      <Filter>Source Files\Shaders\OpenGL</Filter>
    </None>
    <None Include="Shaders\glsl\deferredPointLightShader.vert">
      <Filter>Source Files\Shaders\OpenGL</Filter>
    </None>
    <None Include="Shaders\glsl\depthShader.vert">
      <Filter>Source Files\Shaders\OpenGL</Filter>
    </None>
    <None Include="Shaders\glsl\equilinearToCubemapBlitShader.frag">
      <Filter>Source Files\Shaders\OpenGL</Filter>
    </None>
    <None Include="Shaders\glsl\equilinearToCubemapBlitShader.vert">
      <Filter>Source Files\Shaders\OpenGL</Filter>
    </None>
    <None Include="Shaders\glsl\gBufferFillShader.frag">
      <Filter>Source Files\Shaders\OpenGL</Filter>
    </None>
    <None Include="Shaders\glsl\gBufferFillShader.vert">
      <Filter>Source Files\Shaders\OpenGL</Filter>
    </None>
    <None Include="Shaders\glsl\geometryDemoShader.frag">
      <Filter>Source Files\Shaders\OpenGL</Filter>
    </None>
    <None Include="Shaders\glsl\geometryDemoShader.geom">
      <Filter>Source Files\Shaders\OpenGL</Filter>
    </None>
    <None Include="Shaders\glsl\geometryDemoShader.vert">
      <Filter>Source Files\Shaders\OpenGL</Filter>
    </None>
    <None Include="Shaders\glsl\lambertShader.frag">
      <Filter>Source Files\Shaders\OpenGL</Filter>
    </None>
    <None Include="Shaders\glsl\lambertShader.vert">
      <Filter>Source Files\Shaders\OpenGL</Filter>
    </None>
    <None Include="Shaders\glsl\phongShader.frag">
      <Filter>Source Files\Shaders\OpenGL</Filter>
    </None>
    <None Include="Shaders\glsl\phongShader.vert">
      <Filter>Source Files\Shaders\OpenGL</Filter>
    </None>
    <None Include="Shaders\glsl\SaberCommon.glsl">
      <Filter>Source Files\Shaders\OpenGL</Filter>
    </None>
    <None Include="Shaders\glsl\SaberGlobals.glsl">
      <Filter>Source Files\Shaders\OpenGL</Filter>
    </None>
    <None Include="Shaders\glsl\SaberLighting.glsl">
      <Filter>Source Files\Shaders\OpenGL</Filter>
    </None>
    <None Include="Shaders\glsl\skyboxShader.frag">
      <Filter>Source Files\Shaders\OpenGL</Filter>
    </None>
    <None Include="Shaders\glsl\skyboxShader.vert">
      <Filter>Source Files\Shaders\OpenGL</Filter>
    </None>
    <None Include="Shaders\glsl\toneMapShader.frag">
      <Filter>Source Files\Shaders\OpenGL</Filter>
    </None>
    <None Include="Shaders\glsl\toneMapShader.vert">
      <Filter>Source Files\Shaders\OpenGL</Filter>
    </None>
  </ItemGroup>
</Project>