<?xml version="1.0" encoding="utf-8"?>
<Project ToolsVersion="4.0" xmlns="http://schemas.microsoft.com/developer/msbuild/2003">
  <ItemGroup>
    <Filter Include="Source Files">
      <UniqueIdentifier>{4FC737F1-C7A5-4376-A066-2A32D752A2FF}</UniqueIdentifier>
      <Extensions>cpp;c;cc;cxx;def;odl;idl;hpj;bat;asm;asmx</Extensions>
    </Filter>
    <Filter Include="Header Files">
      <UniqueIdentifier>{93995380-89BD-4b04-88EB-625FBE52EBFB}</UniqueIdentifier>
      <Extensions>h;hh;hpp;hxx;hm;inl;inc;ipp;xsd</Extensions>
    </Filter>
    <Filter Include="Source Files\Shaders">
      <UniqueIdentifier>{fba4b42a-a194-41c3-858e-1acac86e27c9}</UniqueIdentifier>
    </Filter>
    <Filter Include="Header Files\fr">
      <UniqueIdentifier>{8d683ba4-1aee-4552-9235-efdf36761b20}</UniqueIdentifier>
    </Filter>
    <Filter Include="Header Files\gr">
      <UniqueIdentifier>{b6fedb3b-db6f-44f4-bbc5-6061241361f4}</UniqueIdentifier>
    </Filter>
    <Filter Include="Header Files\re">
      <UniqueIdentifier>{1af28ce0-86e8-4838-b787-ea0215cad937}</UniqueIdentifier>
    </Filter>
    <Filter Include="Source Files\fr">
      <UniqueIdentifier>{c39175b2-25dc-47b7-a5b5-d86d8cc9eb68}</UniqueIdentifier>
    </Filter>
    <Filter Include="Source Files\gr">
      <UniqueIdentifier>{23947377-6921-40d3-b919-4d5484db3147}</UniqueIdentifier>
    </Filter>
    <Filter Include="Source Files\re">
      <UniqueIdentifier>{1b25b4a1-92eb-482c-9ebb-92a8e5433254}</UniqueIdentifier>
    </Filter>
    <Filter Include="Source Files\Shaders\OpenGL">
      <UniqueIdentifier>{02f62867-9e8f-497d-86ca-be1b7ddfa9bb}</UniqueIdentifier>
    </Filter>
    <Filter Include="Header Files\en">
      <UniqueIdentifier>{242d67af-2c7c-4691-9ff2-d501d832b66c}</UniqueIdentifier>
    </Filter>
    <Filter Include="Source Files\en">
      <UniqueIdentifier>{1a6a9e41-cdf7-4631-b2fb-5198e12def51}</UniqueIdentifier>
    </Filter>
    <Filter Include="Header Files\re\platform">
      <UniqueIdentifier>{180b02b2-6e6a-486b-b7c0-501814587f64}</UniqueIdentifier>
    </Filter>
    <Filter Include="Source Files\re\platform">
      <UniqueIdentifier>{2a550363-f17a-4d7c-95cf-8f4bbdb3aaed}</UniqueIdentifier>
    </Filter>
    <Filter Include="Source Files\en\platform">
      <UniqueIdentifier>{a8efc633-e9ef-46eb-990a-2763ba4b6e89}</UniqueIdentifier>
    </Filter>
    <Filter Include="Header Files\util">
      <UniqueIdentifier>{630f943a-981c-4e35-8b33-cc82cced1776}</UniqueIdentifier>
    </Filter>
    <Filter Include="Source Files\util">
      <UniqueIdentifier>{d9d7149e-7017-4446-8ea2-4a29d5e8b8a8}</UniqueIdentifier>
    </Filter>
    <Filter Include="imgui">
      <UniqueIdentifier>{cdf95df2-bf7d-41b9-85df-7b7018f5fd81}</UniqueIdentifier>
    </Filter>
    <Filter Include="imgui\backends">
      <UniqueIdentifier>{111822b3-fd88-44ec-9a63-11bcf5725bcd}</UniqueIdentifier>
    </Filter>
    <Filter Include="Header Files\en\Platform">
      <UniqueIdentifier>{600b373f-06b3-4495-a7f5-42d65e9fed88}</UniqueIdentifier>
    </Filter>
    <Filter Include="Header Files\re\DX12">
      <UniqueIdentifier>{f2a0cff1-b569-4542-b705-06a1dbd039a2}</UniqueIdentifier>
    </Filter>
    <Filter Include="Header Files\re\OpenGL">
      <UniqueIdentifier>{7bcdd248-abcf-4294-8d59-f6a63c54554b}</UniqueIdentifier>
    </Filter>
    <Filter Include="Source Files\re\DX12">
      <UniqueIdentifier>{39354178-16a6-456b-955d-b06161823123}</UniqueIdentifier>
    </Filter>
    <Filter Include="Source Files\re\OpenGL">
      <UniqueIdentifier>{d850fa90-7f81-4355-895d-5e6dba3351c7}</UniqueIdentifier>
    </Filter>
    <Filter Include="Source Files\en\win32">
      <UniqueIdentifier>{e9148669-8e9a-448c-90d6-3da71ce4166a}</UniqueIdentifier>
    </Filter>
    <Filter Include="Header Files\en\win32">
      <UniqueIdentifier>{d6310138-0ea0-4318-8790-179f829c797c}</UniqueIdentifier>
    </Filter>
    <Filter Include="Source Files\Shaders\DX12">
      <UniqueIdentifier>{ca22796c-1011-432d-ac46-e02825116631}</UniqueIdentifier>
    </Filter>
  </ItemGroup>
  <ItemGroup>
    <ClCompile Include="main.cpp">
      <Filter>Source Files</Filter>
    </ClCompile>
    <ClCompile Include="Config.cpp">
      <Filter>Source Files\en</Filter>
    </ClCompile>
    <ClCompile Include="Context.cpp">
      <Filter>Source Files\re</Filter>
    </ClCompile>
    <ClCompile Include="Context_OpenGL.cpp">
      <Filter>Source Files\re\OpenGL</Filter>
    </ClCompile>
    <ClCompile Include="Context_Platform.cpp">
      <Filter>Source Files\re\platform</Filter>
    </ClCompile>
    <ClCompile Include="Material.cpp">
      <Filter>Source Files\gr</Filter>
    </ClCompile>
    <ClCompile Include="Shader.cpp">
      <Filter>Source Files\gr</Filter>
    </ClCompile>
    <ClCompile Include="Camera.cpp">
      <Filter>Source Files\gr</Filter>
    </ClCompile>
    <ClCompile Include="Light.cpp">
      <Filter>Source Files\gr</Filter>
    </ClCompile>
    <ClCompile Include="ShadowMap.cpp">
      <Filter>Source Files\gr</Filter>
    </ClCompile>
    <ClCompile Include="GraphicsSystem.cpp">
      <Filter>Source Files\gr</Filter>
    </ClCompile>
    <ClCompile Include="GraphicsSystem_GBuffer.cpp">
      <Filter>Source Files\gr</Filter>
    </ClCompile>
    <ClCompile Include="Transform.cpp">
      <Filter>Source Files\gr</Filter>
    </ClCompile>
    <ClCompile Include="GraphicsSystem_DeferredLighting.cpp">
      <Filter>Source Files\gr</Filter>
    </ClCompile>
    <ClCompile Include="GraphicsSystem_Shadows.cpp">
      <Filter>Source Files\gr</Filter>
    </ClCompile>
    <ClCompile Include="GraphicsSystem_Skybox.cpp">
      <Filter>Source Files\gr</Filter>
    </ClCompile>
    <ClCompile Include="GraphicsSystem_Bloom.cpp">
      <Filter>Source Files\gr</Filter>
    </ClCompile>
    <ClCompile Include="GraphicsSystem_Tonemapping.cpp">
      <Filter>Source Files\gr</Filter>
    </ClCompile>
    <ClCompile Include="CoreEngine.cpp">
      <Filter>Source Files\en</Filter>
    </ClCompile>
    <ClCompile Include="RenderManager.cpp">
      <Filter>Source Files\re</Filter>
    </ClCompile>
    <ClCompile Include="RenderManager_Platform.cpp">
      <Filter>Source Files\re\platform</Filter>
    </ClCompile>
    <ClCompile Include="RenderManager_OpenGL.cpp">
      <Filter>Source Files\re\OpenGL</Filter>
    </ClCompile>
    <ClCompile Include="PlayerObject.cpp">
      <Filter>Source Files\fr</Filter>
    </ClCompile>
    <ClCompile Include="EventManager.cpp">
      <Filter>Source Files\en</Filter>
    </ClCompile>
    <ClCompile Include="InputManager.cpp">
      <Filter>Source Files\en</Filter>
    </ClCompile>
    <ClCompile Include="LogManager.cpp">
      <Filter>Source Files\en</Filter>
    </ClCompile>
    <ClCompile Include="SceneNode.cpp">
      <Filter>Source Files\fr</Filter>
    </ClCompile>
    <ClCompile Include="Mesh.cpp">
      <Filter>Source Files\gr</Filter>
    </ClCompile>
    <ClCompile Include="Platform.cpp">
      <Filter>Source Files\en\platform</Filter>
    </ClCompile>
    <ClCompile Include="VertexStreamBuilder.cpp">
      <Filter>Source Files\util</Filter>
    </ClCompile>
    <ClCompile Include="SceneManager.cpp">
      <Filter>Source Files\en</Filter>
    </ClCompile>
    <ClCompile Include="SceneData.cpp">
      <Filter>Source Files\fr</Filter>
    </ClCompile>
    <ClCompile Include="ParameterBlock.cpp">
      <Filter>Source Files\re</Filter>
    </ClCompile>
    <ClCompile Include="ParameterBlock_Platform.cpp">
      <Filter>Source Files\re\platform</Filter>
    </ClCompile>
    <ClCompile Include="ParameterBlock_OpenGL.cpp">
      <Filter>Source Files\re\OpenGL</Filter>
    </ClCompile>
    <ClCompile Include="ParameterBlockAllocator.cpp">
      <Filter>Source Files\re</Filter>
    </ClCompile>
    <ClCompile Include="Batch.cpp">
      <Filter>Source Files\re</Filter>
    </ClCompile>
    <ClCompile Include="Bounds.cpp">
      <Filter>Source Files\gr</Filter>
    </ClCompile>
    <ClCompile Include="..\Dependencies\imgui\imgui.cpp">
      <Filter>imgui</Filter>
    </ClCompile>
    <ClCompile Include="..\Dependencies\imgui\imgui_demo.cpp">
      <Filter>imgui</Filter>
    </ClCompile>
    <ClCompile Include="..\Dependencies\imgui\imgui_draw.cpp">
      <Filter>imgui</Filter>
    </ClCompile>
    <ClCompile Include="..\Dependencies\imgui\imgui_tables.cpp">
      <Filter>imgui</Filter>
    </ClCompile>
    <ClCompile Include="..\Dependencies\imgui\imgui_widgets.cpp">
      <Filter>imgui</Filter>
    </ClCompile>
    <ClCompile Include="..\Dependencies\imgui\backends\imgui_impl_dx12.cpp">
      <Filter>imgui\backends</Filter>
    </ClCompile>
    <ClCompile Include="..\Dependencies\imgui\backends\imgui_impl_opengl3.cpp">
      <Filter>imgui\backends</Filter>
    </ClCompile>
    <ClCompile Include="PerformanceTimer.cpp">
      <Filter>Source Files\util</Filter>
    </ClCompile>
    <ClCompile Include="ThreadPool.cpp">
      <Filter>Source Files\en</Filter>
    </ClCompile>
    <ClCompile Include="GameplayManager.cpp">
      <Filter>Source Files\fr</Filter>
    </ClCompile>
    <ClCompile Include="TextureTarget.cpp">
      <Filter>Source Files\re</Filter>
    </ClCompile>
    <ClCompile Include="TextureTarget_Platform.cpp">
      <Filter>Source Files\re\platform</Filter>
    </ClCompile>
    <ClCompile Include="TextureTarget_OpenGL.cpp">
      <Filter>Source Files\re\OpenGL</Filter>
    </ClCompile>
    <ClCompile Include="RenderStage.cpp">
      <Filter>Source Files\re</Filter>
    </ClCompile>
    <ClCompile Include="MeshPrimitive.cpp">
      <Filter>Source Files\re</Filter>
    </ClCompile>
    <ClCompile Include="Sampler.cpp">
      <Filter>Source Files\re</Filter>
    </ClCompile>
    <ClCompile Include="Sampler_Platform.cpp">
      <Filter>Source Files\re\platform</Filter>
    </ClCompile>
    <ClCompile Include="Sampler_OpenGL.cpp">
      <Filter>Source Files\re\OpenGL</Filter>
    </ClCompile>
    <ClCompile Include="Texture.cpp">
      <Filter>Source Files\re</Filter>
    </ClCompile>
    <ClCompile Include="Texture_Platform.cpp">
      <Filter>Source Files\re\platform</Filter>
    </ClCompile>
    <ClCompile Include="Texture_OpenGL.cpp">
      <Filter>Source Files\re\OpenGL</Filter>
    </ClCompile>
    <ClCompile Include="MeshPrimitive_Platform.cpp">
      <Filter>Source Files\re\platform</Filter>
    </ClCompile>
    <ClCompile Include="MeshPrimitive_OpenGL.cpp">
      <Filter>Source Files\re\OpenGL</Filter>
    </ClCompile>
    <ClCompile Include="Shader_OpenGL.cpp">
      <Filter>Source Files\re\OpenGL</Filter>
    </ClCompile>
    <ClCompile Include="Shader_Platform.cpp">
      <Filter>Source Files\re\platform</Filter>
    </ClCompile>
    <ClCompile Include="pch\stdafx.cpp">
      <Filter>Source Files</Filter>
    </ClCompile>
    <ClCompile Include="..\Dependencies\imgui\backends\imgui_impl_win32.cpp">
      <Filter>imgui\backends</Filter>
    </ClCompile>
    <ClCompile Include="EventManager_Win32.cpp">
      <Filter>Source Files\en\win32</Filter>
    </ClCompile>
    <ClCompile Include="EventManager_Platform.cpp">
      <Filter>Source Files\en\platform</Filter>
    </ClCompile>
    <ClCompile Include="InputManager_Platform.cpp">
      <Filter>Source Files\en\platform</Filter>
    </ClCompile>
    <ClCompile Include="InputManager_Win32.cpp">
      <Filter>Source Files\en\win32</Filter>
    </ClCompile>
    <ClCompile Include="EngineThread.cpp">
      <Filter>Source Files\en</Filter>
    </ClCompile>
    <ClCompile Include="Window.cpp">
      <Filter>Source Files\en</Filter>
    </ClCompile>
    <ClCompile Include="Window_Platform.cpp">
      <Filter>Source Files\en\platform</Filter>
    </ClCompile>
    <ClCompile Include="Window_Win32.cpp">
      <Filter>Source Files\en\win32</Filter>
    </ClCompile>
    <ClCompile Include="Context_DX12.cpp">
      <Filter>Source Files\re\DX12</Filter>
    </ClCompile>
    <ClCompile Include="RenderManager_DX12.cpp">
      <Filter>Source Files\re\DX12</Filter>
    </ClCompile>
    <ClCompile Include="RenderPipeline.cpp">
      <Filter>Source Files\re</Filter>
    </ClCompile>
    <ClCompile Include="TextureTarget_DX12.cpp">
      <Filter>Source Files\re\DX12</Filter>
    </ClCompile>
    <ClCompile Include="SwapChain.cpp">
      <Filter>Source Files\re</Filter>
    </ClCompile>
    <ClCompile Include="SwapChain_Platform.cpp">
      <Filter>Source Files\re\platform</Filter>
    </ClCompile>
    <ClCompile Include="SwapChain_OpenGL.cpp">
      <Filter>Source Files\re\OpenGL</Filter>
    </ClCompile>
    <ClCompile Include="SwapChain_DX12.cpp">
      <Filter>Source Files\re\DX12</Filter>
    </ClCompile>
    <ClCompile Include="Debug_DX12.cpp">
      <Filter>Source Files\re\DX12</Filter>
    </ClCompile>
    <ClCompile Include="Texture_DX12.cpp">
      <Filter>Source Files\re\DX12</Filter>
    </ClCompile>
    <ClCompile Include="ParameterBlock_DX12.cpp">
      <Filter>Source Files\re\DX12</Filter>
    </ClCompile>
    <ClCompile Include="Fence_DX12.cpp">
      <Filter>Source Files\re\DX12</Filter>
    </ClCompile>
    <ClCompile Include="Device_DX12.cpp">
      <Filter>Source Files\re\DX12</Filter>
    </ClCompile>
    <ClCompile Include="CommandQueue_DX12.cpp">
      <Filter>Source Files\re\DX12</Filter>
    </ClCompile>
    <ClCompile Include="VertexStream.cpp">
      <Filter>Source Files\re</Filter>
    </ClCompile>
    <ClCompile Include="VertexStream_Platform.cpp">
      <Filter>Source Files\re</Filter>
    </ClCompile>
    <ClCompile Include="VertexStream_OpenGL.cpp">
      <Filter>Source Files\re\OpenGL</Filter>
    </ClCompile>
    <ClCompile Include="Shader_DX12.cpp">
      <Filter>Source Files\re\DX12</Filter>
    </ClCompile>
    <ClCompile Include="MeshPrimitive_DX12.cpp">
      <Filter>Source Files\re\DX12</Filter>
    </ClCompile>
    <ClCompile Include="VertexStream_DX12.cpp">
      <Filter>Source Files\re\DX12</Filter>
    </ClCompile>
    <ClCompile Include="PipelineState_DX12.cpp">
      <Filter>Source Files\re\DX12</Filter>
    </ClCompile>
    <ClCompile Include="Sampler_DX12.cpp">
      <Filter>Source Files\re\DX12</Filter>
    </ClCompile>
    <ClCompile Include="CommandList_DX12.cpp">
      <Filter>Source Files\re\DX12</Filter>
    </ClCompile>
    <ClCompile Include="CPUDescriptorHeapManager_DX12.cpp">
      <Filter>Source Files\re\DX12</Filter>
    </ClCompile>
    <ClCompile Include="GPUDescriptorHeap_DX12.cpp">
      <Filter>Source Files\re\DX12</Filter>
    </ClCompile>
    <ClCompile Include="RootSignature_DX12.cpp">
      <Filter>Source Files</Filter>
    </ClCompile>
    <ClCompile Include="GraphicsSystem_TempDebug.cpp">
      <Filter>Source Files\gr</Filter>
    </ClCompile>
    <ClCompile Include="SysInfo_DX12.cpp">
      <Filter>Source Files\re\DX12</Filter>
    </ClCompile>
    <ClCompile Include="PipelineState.cpp">
      <Filter>Source Files\gr</Filter>
    </ClCompile>
    <ClCompile Include="ResourceStateTracker_DX12.cpp">
      <Filter>Source Files\re\DX12</Filter>
    </ClCompile>
  </ItemGroup>
  <ItemGroup>
    <ClInclude Include="Config.h">
      <Filter>Header Files\en</Filter>
    </ClInclude>
    <ClInclude Include="Context.h">
      <Filter>Header Files\re</Filter>
    </ClInclude>
    <ClInclude Include="Context_OpenGL.h">
      <Filter>Header Files\re\OpenGL</Filter>
    </ClInclude>
    <ClInclude Include="Context_Platform.h">
      <Filter>Header Files\re\platform</Filter>
    </ClInclude>
    <ClInclude Include="Material.h">
      <Filter>Header Files\gr</Filter>
    </ClInclude>
    <ClInclude Include="Camera.h">
      <Filter>Header Files\gr</Filter>
    </ClInclude>
    <ClInclude Include="Light.h">
      <Filter>Header Files\gr</Filter>
    </ClInclude>
    <ClInclude Include="ShadowMap.h">
      <Filter>Header Files\gr</Filter>
    </ClInclude>
    <ClInclude Include="DebugConfiguration.h">
      <Filter>Header Files\en</Filter>
    </ClInclude>
    <ClInclude Include="GraphicsSystem.h">
      <Filter>Header Files\gr</Filter>
    </ClInclude>
    <ClInclude Include="GraphicsSystem_GBuffer.h">
      <Filter>Header Files\gr</Filter>
    </ClInclude>
    <ClInclude Include="Transform.h">
      <Filter>Header Files\gr</Filter>
    </ClInclude>
    <ClInclude Include="GraphicsSystem_DeferredLighting.h">
      <Filter>Header Files\gr</Filter>
    </ClInclude>
    <ClInclude Include="RenderPipeline.h">
      <Filter>Header Files\re</Filter>
    </ClInclude>
    <ClInclude Include="GraphicsSystem_Shadows.h">
      <Filter>Header Files\gr</Filter>
    </ClInclude>
    <ClInclude Include="GraphicsSystem_Skybox.h">
      <Filter>Header Files\gr</Filter>
    </ClInclude>
    <ClInclude Include="GraphicsSystem_Bloom.h">
      <Filter>Header Files\gr</Filter>
    </ClInclude>
    <ClInclude Include="GraphicsSystem_Tonemapping.h">
      <Filter>Header Files\gr</Filter>
    </ClInclude>
    <ClInclude Include="CoreEngine.h">
      <Filter>Header Files\en</Filter>
    </ClInclude>
    <ClInclude Include="RenderManager.h">
      <Filter>Header Files\re</Filter>
    </ClInclude>
    <ClInclude Include="RenderManager_Platform.h">
      <Filter>Header Files\re\platform</Filter>
    </ClInclude>
    <ClInclude Include="RenderManager_OpenGL.h">
      <Filter>Header Files\re\OpenGL</Filter>
    </ClInclude>
    <ClInclude Include="PlayerObject.h">
      <Filter>Header Files\fr</Filter>
    </ClInclude>
    <ClInclude Include="EngineComponent.h">
      <Filter>Header Files\en</Filter>
    </ClInclude>
    <ClInclude Include="EventListener.h">
      <Filter>Header Files\en</Filter>
    </ClInclude>
    <ClInclude Include="EventManager.h">
      <Filter>Header Files\en</Filter>
    </ClInclude>
    <ClInclude Include="InputManager.h">
      <Filter>Header Files\en</Filter>
    </ClInclude>
    <ClInclude Include="LogManager.h">
      <Filter>Header Files\en</Filter>
    </ClInclude>
    <ClInclude Include="KeyConfiguration.h">
      <Filter>Header Files\en</Filter>
    </ClInclude>
    <ClInclude Include="Transformable.h">
      <Filter>Header Files\fr</Filter>
    </ClInclude>
    <ClInclude Include="SceneNode.h">
      <Filter>Header Files\fr</Filter>
    </ClInclude>
    <ClInclude Include="Mesh.h">
      <Filter>Header Files\gr</Filter>
    </ClInclude>
    <ClInclude Include="NamedObject.h">
      <Filter>Header Files\en</Filter>
    </ClInclude>
    <ClInclude Include="VertexStreamBuilder.h">
      <Filter>Header Files\util</Filter>
    </ClInclude>
    <ClInclude Include="SceneManager.h">
      <Filter>Header Files\en</Filter>
    </ClInclude>
    <ClInclude Include="SceneData.h">
      <Filter>Header Files\fr</Filter>
    </ClInclude>
    <ClInclude Include="ParameterBlock.h">
      <Filter>Header Files\re</Filter>
    </ClInclude>
    <ClInclude Include="ParameterBlock_Platform.h">
      <Filter>Header Files\re\platform</Filter>
    </ClInclude>
    <ClInclude Include="ParameterBlock_OpenGL.h">
      <Filter>Header Files\re\OpenGL</Filter>
    </ClInclude>
    <ClInclude Include="Updateable.h">
      <Filter>Header Files\en</Filter>
    </ClInclude>
    <ClInclude Include="ParameterBlockAllocator.h">
      <Filter>Header Files\re</Filter>
    </ClInclude>
    <ClInclude Include="Batch.h">
      <Filter>Header Files\re</Filter>
    </ClInclude>
    <ClInclude Include="HashedDataObject.h">
      <Filter>Header Files\en</Filter>
    </ClInclude>
    <ClInclude Include="Bounds.h">
      <Filter>Header Files\gr</Filter>
    </ClInclude>
    <ClInclude Include="..\Dependencies\imgui\imconfig.h">
      <Filter>imgui</Filter>
    </ClInclude>
    <ClInclude Include="..\Dependencies\imgui\imgui.h">
      <Filter>imgui</Filter>
    </ClInclude>
    <ClInclude Include="..\Dependencies\imgui\imgui_internal.h">
      <Filter>imgui</Filter>
    </ClInclude>
    <ClInclude Include="..\Dependencies\imgui\imstb_rectpack.h">
      <Filter>imgui</Filter>
    </ClInclude>
    <ClInclude Include="..\Dependencies\imgui\imstb_textedit.h">
      <Filter>imgui</Filter>
    </ClInclude>
    <ClInclude Include="..\Dependencies\imgui\imstb_truetype.h">
      <Filter>imgui</Filter>
    </ClInclude>
    <ClInclude Include="..\Dependencies\imgui\backends\imgui_impl_dx12.h">
      <Filter>imgui\backends</Filter>
    </ClInclude>
    <ClInclude Include="..\Dependencies\imgui\backends\imgui_impl_opengl3.h">
      <Filter>imgui\backends</Filter>
    </ClInclude>
    <ClInclude Include="..\Dependencies\imgui\backends\imgui_impl_opengl3_loader.h">
      <Filter>imgui\backends</Filter>
    </ClInclude>
    <ClInclude Include="PerformanceTimer.h">
      <Filter>Header Files\util</Filter>
    </ClInclude>
    <ClInclude Include="Command.h">
      <Filter>Header Files\en</Filter>
    </ClInclude>
    <ClInclude Include="ThreadPool.h">
      <Filter>Header Files\en</Filter>
    </ClInclude>
    <ClInclude Include="GameplayManager.h">
      <Filter>Header Files\fr</Filter>
    </ClInclude>
    <ClInclude Include="TextureTarget.h">
      <Filter>Header Files\re</Filter>
    </ClInclude>
    <ClInclude Include="TextureTarget_Platform.h">
      <Filter>Header Files\re\platform</Filter>
    </ClInclude>
    <ClInclude Include="TextureTarget_OpenGL.h">
      <Filter>Header Files\re\OpenGL</Filter>
    </ClInclude>
    <ClInclude Include="RenderStage.h">
      <Filter>Header Files\re</Filter>
    </ClInclude>
    <ClInclude Include="MeshPrimitive.h">
      <Filter>Header Files\re</Filter>
    </ClInclude>
    <ClInclude Include="Sampler.h">
      <Filter>Header Files\re</Filter>
    </ClInclude>
    <ClInclude Include="Sampler_OpenGL.h">
      <Filter>Header Files\re\OpenGL</Filter>
    </ClInclude>
    <ClInclude Include="Sampler_Platform.h">
      <Filter>Header Files\re\platform</Filter>
    </ClInclude>
    <ClInclude Include="Texture.h">
      <Filter>Header Files\re</Filter>
    </ClInclude>
    <ClInclude Include="Texture_Platform.h">
      <Filter>Header Files\re\platform</Filter>
    </ClInclude>
    <ClInclude Include="Texture_OpenGL.h">
      <Filter>Header Files\re\OpenGL</Filter>
    </ClInclude>
    <ClInclude Include="MeshPrimitive_OpenGL.h">
      <Filter>Header Files\re\OpenGL</Filter>
    </ClInclude>
    <ClInclude Include="MeshPrimitive_Platform.h">
      <Filter>Header Files\re\platform</Filter>
    </ClInclude>
    <ClInclude Include="Shader_OpenGL.h">
      <Filter>Header Files\re\OpenGL</Filter>
    </ClInclude>
    <ClInclude Include="Shader_Platform.h">
      <Filter>Header Files\re\platform</Filter>
    </ClInclude>
    <ClInclude Include="Shader.h">
      <Filter>Header Files\re</Filter>
    </ClInclude>
    <ClInclude Include="pch\stdafx.h">
      <Filter>Header Files</Filter>
    </ClInclude>
    <ClInclude Include="Platform.h">
      <Filter>Header Files\en\Platform</Filter>
    </ClInclude>
    <ClInclude Include="..\Dependencies\imgui\backends\imgui_impl_win32.h">
      <Filter>imgui\backends</Filter>
    </ClInclude>
    <ClInclude Include="EventManager_Win32.h">
      <Filter>Header Files\en\win32</Filter>
    </ClInclude>
    <ClInclude Include="EventManager_Platform.h">
      <Filter>Header Files\en\Platform</Filter>
    </ClInclude>
    <ClInclude Include="InputManager_Platform.h">
      <Filter>Header Files\en\Platform</Filter>
    </ClInclude>
    <ClInclude Include="InputManager_Win32.h">
      <Filter>Header Files\en\win32</Filter>
    </ClInclude>
    <ClInclude Include="EngineThread.h">
      <Filter>Header Files\en</Filter>
    </ClInclude>
    <ClInclude Include="Window_Win32.h">
      <Filter>Header Files\en\win32</Filter>
    </ClInclude>
    <ClInclude Include="Window_Platform.h">
      <Filter>Header Files\en\Platform</Filter>
    </ClInclude>
    <ClInclude Include="Window.h">
      <Filter>Header Files\en</Filter>
    </ClInclude>
    <ClInclude Include="Context_DX12.h">
      <Filter>Header Files\re\DX12</Filter>
    </ClInclude>
    <ClInclude Include="RenderManager_DX12.h">
      <Filter>Header Files\re\DX12</Filter>
    </ClInclude>
    <ClInclude Include="PipelineState.h">
      <Filter>Header Files\gr</Filter>
    </ClInclude>
    <ClInclude Include="TextureTarget_DX12.h">
      <Filter>Header Files\re\DX12</Filter>
    </ClInclude>
    <ClInclude Include="SwapChain.h">
      <Filter>Header Files\re</Filter>
    </ClInclude>
    <ClInclude Include="SwapChain_Platform.h">
      <Filter>Header Files\re\platform</Filter>
    </ClInclude>
    <ClInclude Include="SwapChain_OpenGL.h">
      <Filter>Header Files\re\OpenGL</Filter>
    </ClInclude>
    <ClInclude Include="SwapChain_DX12.h">
      <Filter>Header Files\re\DX12</Filter>
    </ClInclude>
    <ClInclude Include="Debug_DX12.h">
      <Filter>Header Files\re\DX12</Filter>
    </ClInclude>
    <ClInclude Include="Texture_DX12.h">
      <Filter>Header Files\re\DX12</Filter>
    </ClInclude>
    <ClInclude Include="ParameterBlock_DX12.h">
      <Filter>Header Files\re\DX12</Filter>
    </ClInclude>
    <ClInclude Include="Fence_DX12.h">
      <Filter>Header Files\re\DX12</Filter>
    </ClInclude>
    <ClInclude Include="Device_DX12.h">
      <Filter>Header Files\re\DX12</Filter>
    </ClInclude>
    <ClInclude Include="CommandQueue_DX12.h">
      <Filter>Header Files\re\DX12</Filter>
    </ClInclude>
    <ClInclude Include="VertexStream.h">
      <Filter>Header Files\re</Filter>
    </ClInclude>
    <ClInclude Include="VertexStream_Platform.h">
      <Filter>Header Files\re\platform</Filter>
    </ClInclude>
    <ClInclude Include="VertexStream_OpenGL.h">
      <Filter>Header Files\re\OpenGL</Filter>
    </ClInclude>
    <ClInclude Include="Shader_DX12.h">
      <Filter>Header Files\re\DX12</Filter>
    </ClInclude>
    <ClInclude Include="MeshPrimitive_DX12.h">
      <Filter>Header Files\re\DX12</Filter>
    </ClInclude>
    <ClInclude Include="VertexStream_DX12.h">
      <Filter>Header Files\re\DX12</Filter>
    </ClInclude>
    <ClInclude Include="PipelineState_DX12.h">
      <Filter>Header Files\re\DX12</Filter>
    </ClInclude>
    <ClInclude Include="Sampler_DX12.h">
      <Filter>Header Files\re\DX12</Filter>
    </ClInclude>
    <ClInclude Include="IPlatformParams.h">
      <Filter>Source Files\re</Filter>
    </ClInclude>
    <ClInclude Include="CommandList_DX12.h">
      <Filter>Header Files\re\DX12</Filter>
    </ClInclude>
    <ClInclude Include="CPUDescriptorHeapManager_DX12.h">
      <Filter>Header Files\re\DX12</Filter>
    </ClInclude>
    <ClInclude Include="GPUDescriptorHeap_DX12.h">
      <Filter>Header Files\re\DX12</Filter>
    </ClInclude>
    <ClInclude Include="GraphicsSystem_TempDebug.h">
      <Filter>Header Files\gr</Filter>
    </ClInclude>
    <ClInclude Include="TextUtils.h">
      <Filter>Header Files</Filter>
    </ClInclude>
    <ClInclude Include="SysInfo_DX12.h">
      <Filter>Header Files\re\DX12</Filter>
    </ClInclude>
    <ClInclude Include="RootSignature_DX12.h">
      <Filter>Header Files\re\DX12</Filter>
    </ClInclude>
    <ClInclude Include="ResourceStateTracker_DX12.h">
      <Filter>Header Files\re\DX12</Filter>
    </ClInclude>
    <ClInclude Include="MathUtils.h">
      <Filter>Header Files\util</Filter>
    </ClInclude>
    <ClInclude Include="HashUtils.h">
      <Filter>Header Files\util</Filter>
    </ClInclude>
  </ItemGroup>
  <ItemGroup>
    <None Include="Shaders\glsl\blitShader.frag">
      <Filter>Source Files\Shaders\OpenGL</Filter>
    </None>
    <None Include="Shaders\glsl\blitShader.vert">
      <Filter>Source Files\Shaders\OpenGL</Filter>
    </None>
    <None Include="Shaders\glsl\blurShader.frag">
      <Filter>Source Files\Shaders\OpenGL</Filter>
    </None>
    <None Include="Shaders\glsl\blurShader.vert">
      <Filter>Source Files\Shaders\OpenGL</Filter>
    </None>
    <None Include="Shaders\glsl\BRDFIntegrationMapShader.frag">
      <Filter>Source Files\Shaders\OpenGL</Filter>
    </None>
    <None Include="Shaders\glsl\BRDFIntegrationMapShader.vert">
      <Filter>Source Files\Shaders\OpenGL</Filter>
    </None>
    <None Include="Shaders\glsl\cubeDepthShader.geom">
      <Filter>Source Files\Shaders\OpenGL</Filter>
    </None>
    <None Include="Shaders\glsl\cubeDepthShader.vert">
      <Filter>Source Files\Shaders\OpenGL</Filter>
    </None>
    <None Include="Shaders\glsl\deferredAmbientLightShader.frag">
      <Filter>Source Files\Shaders\OpenGL</Filter>
    </None>
    <None Include="Shaders\glsl\deferredAmbientLightShader.vert">
      <Filter>Source Files\Shaders\OpenGL</Filter>
    </None>
    <None Include="Shaders\glsl\deferredKeyLightShader.frag">
      <Filter>Source Files\Shaders\OpenGL</Filter>
    </None>
    <None Include="Shaders\glsl\deferredKeyLightShader.vert">
      <Filter>Source Files\Shaders\OpenGL</Filter>
    </None>
    <None Include="Shaders\glsl\deferredPointLightShader.frag">
      <Filter>Source Files\Shaders\OpenGL</Filter>
    </None>
    <None Include="Shaders\glsl\deferredPointLightShader.vert">
      <Filter>Source Files\Shaders\OpenGL</Filter>
    </None>
    <None Include="Shaders\glsl\depthShader.vert">
      <Filter>Source Files\Shaders\OpenGL</Filter>
    </None>
    <None Include="Shaders\glsl\equilinearToCubemapBlitShader.frag">
      <Filter>Source Files\Shaders\OpenGL</Filter>
    </None>
    <None Include="Shaders\glsl\equilinearToCubemapBlitShader.vert">
      <Filter>Source Files\Shaders\OpenGL</Filter>
    </None>
    <None Include="Shaders\glsl\gBufferFillShader.frag">
      <Filter>Source Files\Shaders\OpenGL</Filter>
    </None>
    <None Include="Shaders\glsl\gBufferFillShader.vert">
      <Filter>Source Files\Shaders\OpenGL</Filter>
    </None>
    <None Include="Shaders\glsl\SaberCommon.glsl">
      <Filter>Source Files\Shaders\OpenGL</Filter>
    </None>
    <None Include="Shaders\glsl\SaberGlobals.glsl">
      <Filter>Source Files\Shaders\OpenGL</Filter>
    </None>
    <None Include="Shaders\glsl\SaberLighting.glsl">
      <Filter>Source Files\Shaders\OpenGL</Filter>
    </None>
    <None Include="Shaders\glsl\skyboxShader.frag">
      <Filter>Source Files\Shaders\OpenGL</Filter>
    </None>
    <None Include="Shaders\glsl\skyboxShader.vert">
      <Filter>Source Files\Shaders\OpenGL</Filter>
    </None>
    <None Include="Shaders\glsl\toneMapShader.frag">
      <Filter>Source Files\Shaders\OpenGL</Filter>
    </None>
    <None Include="Shaders\glsl\toneMapShader.vert">
      <Filter>Source Files\Shaders\OpenGL</Filter>
    </None>
    <None Include="SaberEngine.licenseheader" />
    <None Include="packages.config" />
    <None Include="Shaders\DX12\SaberCommon.hlsli">
      <Filter>Source Files\Shaders\DX12</Filter>
    </None>
    <None Include="Shaders\glsl\blurCommon.glsl">
      <Filter>Source Files\Shaders\OpenGL</Filter>
    </None>
  </ItemGroup>
  <ItemGroup>
    <FxCompile Include="Shaders\DX12\HelloTriangle_PShader.hlsl">
      <Filter>Source Files\Shaders\DX12</Filter>
    </FxCompile>
    <FxCompile Include="Shaders\DX12\HelloTriangle_VShader.hlsl">
      <Filter>Source Files\Shaders\DX12</Filter>
    </FxCompile>
    <FxCompile Include="Shaders\DX12\Debug_PShader.hlsl">
      <Filter>Source Files\Shaders\DX12</Filter>
    </FxCompile>
    <FxCompile Include="Shaders\DX12\Debug_VShader.hlsl">
      <Filter>Source Files\Shaders\DX12</Filter>
    </FxCompile>
  </ItemGroup>
</Project>