<?xml version="1.0" encoding="utf-8"?>
<Project ToolsVersion="4.0" xmlns="http://schemas.microsoft.com/developer/msbuild/2003">
  <ItemGroup>
    <Filter Include="Source Files">
      <UniqueIdentifier>{4FC737F1-C7A5-4376-A066-2A32D752A2FF}</UniqueIdentifier>
      <Extensions>cpp;c;cc;cxx;def;odl;idl;hpj;bat;asm;asmx</Extensions>
    </Filter>
    <Filter Include="Header Files">
      <UniqueIdentifier>{93995380-89BD-4b04-88EB-625FBE52EBFB}</UniqueIdentifier>
      <Extensions>h;hh;hpp;hxx;hm;inl;inc;ipp;xsd</Extensions>
    </Filter>
    <Filter Include="Header Files\fr">
      <UniqueIdentifier>{8d683ba4-1aee-4552-9235-efdf36761b20}</UniqueIdentifier>
    </Filter>
    <Filter Include="Source Files\fr">
      <UniqueIdentifier>{c39175b2-25dc-47b7-a5b5-d86d8cc9eb68}</UniqueIdentifier>
    </Filter>
    <Filter Include="Dependencies">
      <UniqueIdentifier>{3cea7139-d8f4-49c9-b1aa-0090f4e6ea8c}</UniqueIdentifier>
    </Filter>
    <Filter Include="Dependencies\Resources">
      <UniqueIdentifier>{854894b8-5bdb-4614-9788-54a45736458b}</UniqueIdentifier>
    </Filter>
    <Filter Include="Header Files\fr\Components">
      <UniqueIdentifier>{37f681ca-383f-4eda-89d8-4ed6df8bd535}</UniqueIdentifier>
    </Filter>
    <Filter Include="Source Files\fr\Components">
      <UniqueIdentifier>{cb14f09f-7493-4238-88bf-3674944c379b}</UniqueIdentifier>
    </Filter>
    <Filter Include="Header Files\fr\Concepts">
      <UniqueIdentifier>{d252219c-5f90-4567-a478-04ea0cf70532}</UniqueIdentifier>
    </Filter>
    <Filter Include="Source Files\fr\Concepts">
      <UniqueIdentifier>{3d2704dd-39de-409e-aaf3-57aa4f15dd86}</UniqueIdentifier>
    </Filter>
    <Filter Include="Header Files\pch">
      <UniqueIdentifier>{c39047d9-5d0a-4add-8e2c-5c7eec31c6ac}</UniqueIdentifier>
    </Filter>
    <Filter Include="Source Files\pch">
      <UniqueIdentifier>{02ae7d1a-0360-4bc7-9408-8e81c324a6ed}</UniqueIdentifier>
    </Filter>
    <Filter Include="Header Files\app">
      <UniqueIdentifier>{242d67af-2c7c-4691-9ff2-d501d832b66c}</UniqueIdentifier>
    </Filter>
    <Filter Include="Header Files\app\Platform">
      <UniqueIdentifier>{600b373f-06b3-4495-a7f5-42d65e9fed88}</UniqueIdentifier>
    </Filter>
    <Filter Include="Header Files\app\win32">
      <UniqueIdentifier>{d6310138-0ea0-4318-8790-179f829c797c}</UniqueIdentifier>
    </Filter>
    <Filter Include="Source Files\app">
      <UniqueIdentifier>{1a6a9e41-cdf7-4631-b2fb-5198e12def51}</UniqueIdentifier>
    </Filter>
    <Filter Include="Source Files\app\platform">
      <UniqueIdentifier>{a8efc633-e9ef-46eb-990a-2763ba4b6e89}</UniqueIdentifier>
    </Filter>
    <Filter Include="Source Files\app\win32">
      <UniqueIdentifier>{e9148669-8e9a-448c-90d6-3da71ce4166a}</UniqueIdentifier>
    </Filter>
    <Filter Include="Header Files\effect">
      <UniqueIdentifier>{4ebe6f30-9fb9-47aa-9604-f096c3142206}</UniqueIdentifier>
    </Filter>
    <Filter Include="Source Files\effect">
      <UniqueIdentifier>{c48c91dd-ecfb-4b6f-83d6-54fcea11b85e}</UniqueIdentifier>
    </Filter>
    <Filter Include="Shaders">
      <UniqueIdentifier>{fba4b42a-a194-41c3-858e-1acac86e27c9}</UniqueIdentifier>
    </Filter>
    <Filter Include="Shaders\HLSL">
      <UniqueIdentifier>{ca22796c-1011-432d-ac46-e02825116631}</UniqueIdentifier>
    </Filter>
    <Filter Include="Shaders\HLSL\Libraries">
      <UniqueIdentifier>{9b586b40-1999-428e-b7ce-444f35713bf3}</UniqueIdentifier>
    </Filter>
    <Filter Include="Shaders\HLSL\Libraries\XeGTAO">
      <UniqueIdentifier>{bf3c5b42-9f10-4cc4-a2cf-63169416dfde}</UniqueIdentifier>
    </Filter>
    <Filter Include="Shaders\GLSL">
      <UniqueIdentifier>{02f62867-9e8f-497d-86ca-be1b7ddfa9bb}</UniqueIdentifier>
    </Filter>
    <Filter Include="Shaders\Common">
      <UniqueIdentifier>{f1800b9d-29e6-4c5e-8ecf-b3d01af6a8a1}</UniqueIdentifier>
    </Filter>
  </ItemGroup>
  <ItemGroup>
    <ClCompile Include="main.cpp">
      <Filter>Source Files</Filter>
    </ClCompile>
    <ClCompile Include="EngineApp.cpp">
      <Filter>Source Files\app</Filter>
    </ClCompile>
    <ClCompile Include="CameraControlComponent.cpp">
      <Filter>Source Files\fr</Filter>
    </ClCompile>
    <ClCompile Include="Platform.cpp">
      <Filter>Source Files\app\platform</Filter>
    </ClCompile>
    <ClCompile Include="EntityManager.cpp">
      <Filter>Source Files\fr</Filter>
    </ClCompile>
    <ClCompile Include="SceneNodeConcept.cpp">
      <Filter>Source Files\fr\Concepts</Filter>
    </ClCompile>
    <ClCompile Include="CameraComponent.cpp">
      <Filter>Source Files\fr\Components</Filter>
    </ClCompile>
    <ClCompile Include="BoundsComponent.cpp">
      <Filter>Source Files\fr\Components</Filter>
    </ClCompile>
    <ClCompile Include="RelationshipComponent.cpp">
      <Filter>Source Files\fr\Components</Filter>
    </ClCompile>
    <ClCompile Include="TransformComponent.cpp">
      <Filter>Source Files\fr\Components</Filter>
    </ClCompile>
    <ClCompile Include="Transform.cpp">
      <Filter>Source Files\fr</Filter>
    </ClCompile>
    <ClCompile Include="MeshPrimitiveComponent.cpp">
      <Filter>Source Files\fr\Components</Filter>
    </ClCompile>
    <ClCompile Include="ShadowMapComponent.cpp">
      <Filter>Source Files\fr\Components</Filter>
    </ClCompile>
    <ClCompile Include="LightComponent.cpp">
      <Filter>Source Files\fr\Components</Filter>
    </ClCompile>
    <ClCompile Include="MeshConcept.cpp">
      <Filter>Source Files\fr\Concepts</Filter>
    </ClCompile>
    <ClCompile Include="NameComponent.cpp">
      <Filter>Source Files\fr\Components</Filter>
    </ClCompile>
    <ClCompile Include="Light.cpp">
      <Filter>Source Files\fr</Filter>
    </ClCompile>
    <ClCompile Include="ShadowMap.cpp">
      <Filter>Source Files\fr</Filter>
    </ClCompile>
    <ClCompile Include="Camera.cpp">
      <Filter>Source Files\fr</Filter>
    </ClCompile>
    <ClCompile Include="SceneManager.cpp">
      <Filter>Source Files\fr</Filter>
    </ClCompile>
    <ClCompile Include="UIManager.cpp">
      <Filter>Source Files\fr</Filter>
    </ClCompile>
    <ClCompile Include="MaterialInstanceComponent.cpp">
      <Filter>Source Files\fr\Components</Filter>
    </ClCompile>
    <ClCompile Include="EntityCommands.cpp">
      <Filter>Source Files\fr</Filter>
    </ClCompile>
    <ClCompile Include="pch\stdafx.cpp">
      <Filter>Source Files\pch</Filter>
    </ClCompile>
    <ClCompile Include="RenderDataComponent.cpp">
      <Filter>Source Files\fr\Components</Filter>
    </ClCompile>
  </ItemGroup>
  <ItemGroup>
    <ClInclude Include="EngineApp.h">
      <Filter>Header Files\app</Filter>
    </ClInclude>
    <ClInclude Include="EntityManager.h">
      <Filter>Header Files\fr</Filter>
    </ClInclude>
    <ClInclude Include="Platform.h">
      <Filter>Header Files\app\Platform</Filter>
    </ClInclude>
    <ClInclude Include="resource.h">
      <Filter>Dependencies\Resources</Filter>
    </ClInclude>
    <ClInclude Include="SceneNodeConcept.h">
      <Filter>Header Files\fr\Concepts</Filter>
    </ClInclude>
    <ClInclude Include="NameComponent.h">
      <Filter>Header Files\fr\Components</Filter>
    </ClInclude>
    <ClInclude Include="MarkerComponents.h">
      <Filter>Header Files\fr\Components</Filter>
    </ClInclude>
    <ClInclude Include="TransformComponent.h">
      <Filter>Header Files\fr\Components</Filter>
    </ClInclude>
    <ClInclude Include="CameraComponent.h">
      <Filter>Header Files\fr\Components</Filter>
    </ClInclude>
    <ClInclude Include="BoundsComponent.h">
      <Filter>Header Files\fr\Components</Filter>
    </ClInclude>
    <ClInclude Include="RelationshipComponent.h">
      <Filter>Header Files\fr\Components</Filter>
    </ClInclude>
    <ClInclude Include="Transform.h">
      <Filter>Header Files\fr</Filter>
    </ClInclude>
    <ClInclude Include="MeshPrimitiveComponent.h">
      <Filter>Header Files\fr\Components</Filter>
    </ClInclude>
    <ClInclude Include="ShadowMapComponent.h">
      <Filter>Header Files\fr\Components</Filter>
    </ClInclude>
    <ClInclude Include="LightComponent.h">
      <Filter>Header Files\fr\Components</Filter>
    </ClInclude>
    <ClInclude Include="MeshConcept.h">
      <Filter>Header Files\fr\Concepts</Filter>
    </ClInclude>
    <ClInclude Include="Light.h">
      <Filter>Header Files\fr</Filter>
    </ClInclude>
    <ClInclude Include="ShadowMap.h">
      <Filter>Header Files\fr</Filter>
    </ClInclude>
    <ClInclude Include="Camera.h">
      <Filter>Header Files\fr</Filter>
    </ClInclude>
    <ClInclude Include="CameraControlComponent.h">
      <Filter>Header Files\fr\Components</Filter>
    </ClInclude>
    <ClInclude Include="SceneManager.h">
      <Filter>Header Files\fr</Filter>
    </ClInclude>
    <ClInclude Include="UIManager.h">
      <Filter>Header Files\fr</Filter>
    </ClInclude>
    <ClInclude Include="MaterialInstanceComponent.h">
      <Filter>Header Files\fr\Components</Filter>
    </ClInclude>
    <ClInclude Include="Shaders\Common\PlatformConversions.h">
      <Filter>Shaders\Common</Filter>
    </ClInclude>
    <ClInclude Include="Shaders\Common\LightParams.h">
      <Filter>Shaders\Common</Filter>
    </ClInclude>
    <ClInclude Include="Shaders\Common\SkyboxParams.h">
      <Filter>Shaders\Common</Filter>
    </ClInclude>
    <ClInclude Include="Shaders\Common\BloomComputeParams.h">
      <Filter>Shaders\Common</Filter>
    </ClInclude>
    <ClInclude Include="Shaders\Common\IBLGenerationParams.h">
      <Filter>Shaders\Common</Filter>
    </ClInclude>
    <ClInclude Include="Shaders\Common\CameraParams.h">
      <Filter>Shaders\Common</Filter>
    </ClInclude>
    <ClInclude Include="Shaders\Common\InstancingParams.h">
      <Filter>Shaders\Common</Filter>
    </ClInclude>
    <ClInclude Include="Shaders\Common\MaterialParams.h">
      <Filter>Shaders\Common</Filter>
    </ClInclude>
    <ClInclude Include="Shaders\Common\ShadowRenderParams.h">
      <Filter>Shaders\Common</Filter>
    </ClInclude>
    <ClInclude Include="EntityCommands.h">
      <Filter>Header Files\fr</Filter>
    </ClInclude>
    <ClInclude Include="pch\stdafx.h">
      <Filter>Header Files\pch</Filter>
    </ClInclude>
    <ClInclude Include="Shaders\Common\MipGenerationParams.h">
      <Filter>Shaders\Common</Filter>
    </ClInclude>
    <ClInclude Include="Shaders\Common\TargetParams.h">
      <Filter>Shaders\Common</Filter>
    </ClInclude>
    <ClInclude Include="RenderDataComponent.h">
      <Filter>Header Files\fr\Components</Filter>
    </ClInclude>
  </ItemGroup>
  <ItemGroup>
    <None Include="Shaders\HLSL\SaberCommon.hlsli">
      <Filter>Shaders\HLSL</Filter>
    </None>
    <None Include="Shaders\HLSL\NormalMapUtils.hlsli">
      <Filter>Shaders\HLSL</Filter>
    </None>
    <None Include="Shaders\HLSL\SaberComputeCommon.hlsli">
      <Filter>Shaders\HLSL</Filter>
    </None>
    <None Include="Shaders\HLSL\UVUtils.hlsli">
      <Filter>Shaders\HLSL</Filter>
    </None>
    <None Include="Shaders\HLSL\GBufferCommon.hlsli">
      <Filter>Shaders\HLSL</Filter>
    </None>
    <None Include="Shaders\HLSL\Lighting.hlsli">
      <Filter>Shaders\HLSL</Filter>
    </None>
    <None Include="Shaders\HLSL\Transformations.hlsli">
      <Filter>Shaders\HLSL</Filter>
    </None>
    <None Include="Shaders\HLSL\FullscreenQuadCommon.hlsli">
      <Filter>Shaders\HLSL</Filter>
    </None>
    <None Include="Shaders\HLSL\MathConstants.hlsli">
      <Filter>Shaders\HLSL</Filter>
    </None>
    <None Include="Shaders\HLSL\Shadows.hlsli">
      <Filter>Shaders\HLSL</Filter>
    </None>
    <None Include="Shaders\HLSL\BloomCommon.hlsli">
      <Filter>Shaders\HLSL</Filter>
    </None>
    <None Include="Shaders\HLSL\Color.hlsli">
      <Filter>Shaders\HLSL</Filter>
    </None>
    <None Include="SaberEngine.licenseheader">
      <Filter>Dependencies\Resources</Filter>
    </None>
    <None Include="Dependencies\XeGTAO\XeGTAO.hlsli">
      <Filter>Shaders\HLSL\Libraries\XeGTAO</Filter>
    </None>
    <None Include="Shaders\HLSL\XeGTAOCommon.hlsli">
      <Filter>Shaders\HLSL\Libraries\XeGTAO</Filter>
    </None>
    <None Include="Shaders\HLSL\XeGTAO_MainPass_Common.hlsli">
      <Filter>Shaders\HLSL\Libraries\XeGTAO</Filter>
    </None>
    <None Include="Shaders\HLSL\CameraCommon.hlsli">
      <Filter>Shaders\HLSL</Filter>
    </None>
    <None Include="Shaders\HLSL\Samplers.hlsli">
      <Filter>Shaders\HLSL</Filter>
    </None>
    <None Include="Shaders\GLSL\Blit_PShader.frag">
      <Filter>Shaders\GLSL</Filter>
    </None>
    <None Include="Shaders\GLSL\Blit_VShader.vert">
      <Filter>Shaders\GLSL</Filter>
    </None>
    <None Include="Shaders\GLSL\Bloom_CShader.comp">
      <Filter>Shaders\GLSL</Filter>
    </None>
    <None Include="Shaders\GLSL\BloomCommon.glsl">
      <Filter>Shaders\GLSL</Filter>
    </None>
    <None Include="Shaders\GLSL\Color.glsl">
      <Filter>Shaders\GLSL</Filter>
    </None>
    <None Include="Shaders\GLSL\CubeDepth_GShader.geom">
      <Filter>Shaders\GLSL</Filter>
    </None>
    <None Include="Shaders\GLSL\CubeDepth_VShader.vert">
      <Filter>Shaders\GLSL</Filter>
    </None>
    <None Include="Shaders\GLSL\DeferredAmbientLight_PShader.frag">
      <Filter>Shaders\GLSL</Filter>
    </None>
    <None Include="Shaders\GLSL\DeferredAmbientLight_VShader.vert">
      <Filter>Shaders\GLSL</Filter>
    </None>
    <None Include="Shaders\GLSL\DeferredDirectionalLight_PShader.frag">
      <Filter>Shaders\GLSL</Filter>
    </None>
    <None Include="Shaders\GLSL\DeferredDirectionalLight_VShader.vert">
      <Filter>Shaders\GLSL</Filter>
    </None>
    <None Include="Shaders\GLSL\DeferredPointLight_PShader.frag">
      <Filter>Shaders\GLSL</Filter>
    </None>
    <None Include="Shaders\GLSL\DeferredPointLight_VShader.vert">
      <Filter>Shaders\GLSL</Filter>
    </None>
    <None Include="Shaders\GLSL\DeferredSpotLight_PShader.frag">
      <Filter>Shaders\GLSL</Filter>
    </None>
    <None Include="Shaders\GLSL\DeferredSpotLight_VShader.vert">
      <Filter>Shaders\GLSL</Filter>
    </None>
    <None Include="Shaders\GLSL\Depth_VShader.vert">
      <Filter>Shaders\GLSL</Filter>
    </None>
    <None Include="Shaders\GLSL\FullscreenQuadCommon.glsl">
      <Filter>Shaders\GLSL</Filter>
    </None>
    <None Include="Shaders\GLSL\GaussianBlur_PShader.frag">
      <Filter>Shaders\GLSL</Filter>
    </None>
    <None Include="Shaders\GLSL\GaussianBlur_VShader.vert">
      <Filter>Shaders\GLSL</Filter>
    </None>
    <None Include="Shaders\GLSL\GLTF_PBRMetallicRoughness_GBufferFill_PShader.frag">
      <Filter>Shaders\GLSL</Filter>
    </None>
    <None Include="Shaders\GLSL\GLTF_PBRMetallicRoughness_VShader.vert">
      <Filter>Shaders\GLSL</Filter>
    </None>
    <None Include="Shaders\GLSL\GBufferCommon.glsl">
      <Filter>Shaders\GLSL</Filter>
    </None>
    <None Include="Shaders\GLSL\GenerateBRDFIntegrationMap_CShader.comp">
      <Filter>Shaders\GLSL</Filter>
    </None>
    <None Include="Shaders\GLSL\GenerateIEM_PShader.frag">
      <Filter>Shaders\GLSL</Filter>
    </None>
    <None Include="Shaders\GLSL\GenerateIEM_VShader.vert">
      <Filter>Shaders\GLSL</Filter>
    </None>
    <None Include="Shaders\GLSL\GeneratePMREM_PShader.frag">
      <Filter>Shaders\GLSL</Filter>
    </None>
    <None Include="Shaders\GLSL\GeneratePMREM_VShader.vert">
      <Filter>Shaders\GLSL</Filter>
    </None>
    <None Include="Shaders\GLSL\Lighting.glsl">
      <Filter>Shaders\GLSL</Filter>
    </None>
    <None Include="Shaders\GLSL\Line_PShader.frag">
      <Filter>Shaders\GLSL</Filter>
    </None>
    <None Include="Shaders\GLSL\Line_VShader.vert">
      <Filter>Shaders\GLSL</Filter>
    </None>
    <None Include="Shaders\GLSL\MathConstants.glsl">
      <Filter>Shaders\GLSL</Filter>
    </None>
    <None Include="Shaders\GLSL\NormalMapUtils.glsl">
      <Filter>Shaders\GLSL</Filter>
    </None>
    <None Include="Shaders\GLSL\SaberCommon.glsl">
      <Filter>Shaders\GLSL</Filter>
    </None>
    <None Include="Shaders\GLSL\Shadows.glsl">
      <Filter>Shaders\GLSL</Filter>
    </None>
    <None Include="Shaders\GLSL\Skybox_PShader.frag">
      <Filter>Shaders\GLSL</Filter>
    </None>
    <None Include="Shaders\GLSL\Skybox_VShader.vert">
      <Filter>Shaders\GLSL</Filter>
    </None>
    <None Include="Shaders\GLSL\ToneMap_PShader.frag">
      <Filter>Shaders\GLSL</Filter>
    </None>
    <None Include="Shaders\GLSL\ToneMap_VShader.vert">
      <Filter>Shaders\GLSL</Filter>
    </None>
    <None Include="Shaders\GLSL\Transformations.glsl">
      <Filter>Shaders\GLSL</Filter>
    </None>
    <None Include="Shaders\GLSL\UVUtils.glsl">
      <Filter>Shaders\GLSL</Filter>
    </None>
    <None Include="Shaders\GLSL\DepthAlphaMask_VShader.vert">
      <Filter>Shaders\GLSL</Filter>
    </None>
    <None Include="Shaders\GLSL\DepthAlphaMask_PShader.frag">
      <Filter>Shaders\GLSL</Filter>
    </None>
    <None Include="Shaders\GLSL\CubeDepthAlphaMask_GShader.geom">
      <Filter>Shaders\GLSL</Filter>
    </None>
    <None Include="Shaders\GLSL\CubeDepthAlphaMask_VShader.vert">
      <Filter>Shaders\GLSL</Filter>
    </None>
    <None Include="Shaders\GLSL\GLTF_PBRMetallicRoughness_Transparency_PShader.frag">
      <Filter>Shaders\GLSL</Filter>
    </None>
    <None Include="Shaders\HLSL\AmbientCommon.hlsli">
      <Filter>Shaders\HLSL</Filter>
    </None>
    <None Include="Shaders\GLSL\GLTF_PBRMetallicRoughness_Transparency_VShader.vert">
      <Filter>Shaders\GLSL</Filter>
    </None>
    <None Include="Shaders\GLSL\AmbientCommon.glsl">
      <Filter>Shaders\GLSL</Filter>
    </None>
    <None Include="packages.config" />
  </ItemGroup>
  <ItemGroup>
    <FxCompile Include="Shaders\HLSL\GLTF_PBRMetallicRoughness_GBufferFill_PShader.hlsl">
      <Filter>Shaders\HLSL</Filter>
    </FxCompile>
    <FxCompile Include="Shaders\HLSL\GLTF_PBRMetallicRoughness_VShader.hlsl">
      <Filter>Shaders\HLSL</Filter>
    </FxCompile>
    <FxCompile Include="Shaders\HLSL\GenerateBRDFIntegrationMap_CShader.hlsl">
      <Filter>Shaders\HLSL</Filter>
    </FxCompile>
    <FxCompile Include="Shaders\HLSL\DeferredAmbientLight_PShader.hlsl">
      <Filter>Shaders\HLSL</Filter>
    </FxCompile>
    <FxCompile Include="Shaders\HLSL\DeferredAmbientLight_VShader.hlsl">
      <Filter>Shaders\HLSL</Filter>
    </FxCompile>
    <FxCompile Include="Shaders\HLSL\DeferredDirectionalLight_PShader.hlsl">
      <Filter>Shaders\HLSL</Filter>
    </FxCompile>
    <FxCompile Include="Shaders\HLSL\DeferredDirectionalLight_VShader.hlsl">
      <Filter>Shaders\HLSL</Filter>
    </FxCompile>
    <FxCompile Include="Shaders\HLSL\GenerateIEM_PShader.hlsl">
      <Filter>Shaders\HLSL</Filter>
    </FxCompile>
    <FxCompile Include="Shaders\HLSL\GenerateIEM_VShader.hlsl">
      <Filter>Shaders\HLSL</Filter>
    </FxCompile>
    <FxCompile Include="Shaders\HLSL\GeneratePMREM_PShader.hlsl">
      <Filter>Shaders\HLSL</Filter>
    </FxCompile>
    <FxCompile Include="Shaders\HLSL\GeneratePMREM_VShader.hlsl">
      <Filter>Shaders\HLSL</Filter>
    </FxCompile>
    <FxCompile Include="Shaders\HLSL\DeferredPointLight_PShader.hlsl">
      <Filter>Shaders\HLSL</Filter>
    </FxCompile>
    <FxCompile Include="Shaders\HLSL\DeferredPointLight_VShader.hlsl">
      <Filter>Shaders\HLSL</Filter>
    </FxCompile>
    <FxCompile Include="Shaders\HLSL\GenerateMips_CShader.hlsl">
      <Filter>Shaders\HLSL</Filter>
    </FxCompile>
    <FxCompile Include="Shaders\HLSL\Skybox_PShader.hlsl">
      <Filter>Shaders\HLSL</Filter>
    </FxCompile>
    <FxCompile Include="Shaders\HLSL\Skybox_VShader.hlsl">
      <Filter>Shaders\HLSL</Filter>
    </FxCompile>
    <FxCompile Include="Shaders\HLSL\Blit_PShader.hlsl">
      <Filter>Shaders\HLSL</Filter>
    </FxCompile>
    <FxCompile Include="Shaders\HLSL\Blit_VShader.hlsl">
      <Filter>Shaders\HLSL</Filter>
    </FxCompile>
    <FxCompile Include="Shaders\HLSL\GaussianBlur_PShader.hlsl">
      <Filter>Shaders\HLSL</Filter>
    </FxCompile>
    <FxCompile Include="Shaders\HLSL\GaussianBlur_VShader.hlsl">
      <Filter>Shaders\HLSL</Filter>
    </FxCompile>
    <FxCompile Include="Shaders\HLSL\ToneMap_PShader.hlsl">
      <Filter>Shaders\HLSL</Filter>
    </FxCompile>
    <FxCompile Include="Shaders\HLSL\ToneMap_VShader.hlsl">
      <Filter>Shaders\HLSL</Filter>
    </FxCompile>
    <FxCompile Include="Shaders\HLSL\Sampling.hlsli">
      <Filter>Shaders\HLSL</Filter>
    </FxCompile>
    <FxCompile Include="Shaders\HLSL\CubeDepth_GShader.hlsl">
      <Filter>Shaders\HLSL</Filter>
    </FxCompile>
    <FxCompile Include="Shaders\HLSL\CubeDepth_VShader.hlsl">
      <Filter>Shaders\HLSL</Filter>
    </FxCompile>
    <FxCompile Include="Shaders\HLSL\Depth_VShader.hlsl">
      <Filter>Shaders\HLSL</Filter>
    </FxCompile>
    <FxCompile Include="Shaders\HLSL\Bloom_CShader.hlsl">
      <Filter>Shaders\HLSL</Filter>
    </FxCompile>
    <FxCompile Include="Shaders\HLSL\Line_PShader.hlsl">
      <Filter>Shaders\HLSL</Filter>
    </FxCompile>
    <FxCompile Include="Shaders\HLSL\Line_VShader.hlsl">
      <Filter>Shaders\HLSL</Filter>
    </FxCompile>
    <FxCompile Include="Shaders\HLSL\XeGTAO_Denoise_CShader.hlsl">
      <Filter>Shaders\HLSL\Libraries\XeGTAO</Filter>
    </FxCompile>
    <FxCompile Include="Shaders\HLSL\XeGTAO_PrefilterDepths_CShader.hlsl">
      <Filter>Shaders\HLSL\Libraries\XeGTAO</Filter>
    </FxCompile>
    <FxCompile Include="Shaders\HLSL\XeGTAO_DenoiseLastPass_CShader.hlsl">
      <Filter>Shaders\HLSL\Libraries\XeGTAO</Filter>
    </FxCompile>
    <FxCompile Include="Shaders\HLSL\XeGTAO_MainPass_High_CShader.hlsl">
      <Filter>Shaders\HLSL\Libraries\XeGTAO</Filter>
    </FxCompile>
    <FxCompile Include="Shaders\HLSL\XeGTAO_MainPass_Low_CShader.hlsl">
      <Filter>Shaders\HLSL\Libraries\XeGTAO</Filter>
    </FxCompile>
    <FxCompile Include="Shaders\HLSL\XeGTAO_MainPass_Med_CShader.hlsl">
      <Filter>Shaders\HLSL\Libraries\XeGTAO</Filter>
    </FxCompile>
    <FxCompile Include="Shaders\HLSL\XeGTAO_MainPass_Ultra_CShader.hlsl">
      <Filter>Shaders\HLSL\Libraries\XeGTAO</Filter>
    </FxCompile>
    <FxCompile Include="Shaders\HLSL\DeferredSpotLight_PShader.hlsl">
      <Filter>Shaders\HLSL</Filter>
    </FxCompile>
    <FxCompile Include="Shaders\HLSL\DeferredSpotLight_VShader.hlsl">
      <Filter>Shaders\HLSL</Filter>
    </FxCompile>
    <FxCompile Include="Shaders\HLSL\DepthAlphaMask_PShader.hlsl">
      <Filter>Shaders\HLSL</Filter>
    </FxCompile>
    <FxCompile Include="Shaders\HLSL\DepthAlphaMask_VShader.hlsl">
      <Filter>Shaders\HLSL</Filter>
    </FxCompile>
    <FxCompile Include="Shaders\HLSL\CubeDepthAlphaMask_GShader.hlsl">
      <Filter>Shaders\HLSL</Filter>
    </FxCompile>
    <FxCompile Include="Shaders\HLSL\CubeDepthAlphaMask_VShader.hlsl">
      <Filter>Shaders\HLSL</Filter>
    </FxCompile>
    <FxCompile Include="Shaders\HLSL\GLTF_PBRMetallicRoughness_Transparency_PShader.hlsl">
      <Filter>Shaders\HLSL</Filter>
    </FxCompile>
    <FxCompile Include="Shaders\HLSL\GLTF_PBRMetallicRoughness_Transparency_VShader.hlsl">
      <Filter>Shaders\HLSL</Filter>
    </FxCompile>
    <FxCompile Include="Shaders\HLSL\GenerateMips_1D_CShader.hlsl">
      <Filter>Shaders\HLSL</Filter>
    </FxCompile>
    <FxCompile Include="Shaders\HLSL\GenerateMips_3D_CShader.hlsl">
      <Filter>Shaders\HLSL</Filter>
    </FxCompile>
  </ItemGroup>
  <ItemGroup>
    <Image Include="Dependencies\Icon\SaberEngineApplicationIcon.ico">
      <Filter>Dependencies\Resources</Filter>
    </Image>
  </ItemGroup>
  <ItemGroup>
    <ResourceCompile Include="SaberEngine.rc">
      <Filter>Dependencies\Resources</Filter>
    </ResourceCompile>
  </ItemGroup>
</Project>