<?xml version="1.0" encoding="utf-8"?>
<Project ToolsVersion="4.0" xmlns="http://schemas.microsoft.com/developer/msbuild/2003">
  <ItemGroup>
    <Filter Include="Source Files">
      <UniqueIdentifier>{4FC737F1-C7A5-4376-A066-2A32D752A2FF}</UniqueIdentifier>
      <Extensions>cpp;c;cc;cxx;def;odl;idl;hpj;bat;asm;asmx</Extensions>
    </Filter>
    <Filter Include="Header Files">
      <UniqueIdentifier>{93995380-89BD-4b04-88EB-625FBE52EBFB}</UniqueIdentifier>
      <Extensions>h;hh;hpp;hxx;hm;inl;inc;ipp;xsd</Extensions>
    </Filter>
    <Filter Include="Source Files\Shaders">
      <UniqueIdentifier>{fba4b42a-a194-41c3-858e-1acac86e27c9}</UniqueIdentifier>
    </Filter>
    <Filter Include="Header Files\fr">
      <UniqueIdentifier>{8d683ba4-1aee-4552-9235-efdf36761b20}</UniqueIdentifier>
    </Filter>
    <Filter Include="Header Files\gr">
      <UniqueIdentifier>{b6fedb3b-db6f-44f4-bbc5-6061241361f4}</UniqueIdentifier>
    </Filter>
    <Filter Include="Header Files\re">
      <UniqueIdentifier>{1af28ce0-86e8-4838-b787-ea0215cad937}</UniqueIdentifier>
    </Filter>
    <Filter Include="Source Files\fr">
      <UniqueIdentifier>{c39175b2-25dc-47b7-a5b5-d86d8cc9eb68}</UniqueIdentifier>
    </Filter>
    <Filter Include="Source Files\gr">
      <UniqueIdentifier>{23947377-6921-40d3-b919-4d5484db3147}</UniqueIdentifier>
    </Filter>
    <Filter Include="Source Files\re">
      <UniqueIdentifier>{1b25b4a1-92eb-482c-9ebb-92a8e5433254}</UniqueIdentifier>
    </Filter>
    <Filter Include="Header Files\en">
      <UniqueIdentifier>{242d67af-2c7c-4691-9ff2-d501d832b66c}</UniqueIdentifier>
    </Filter>
    <Filter Include="Source Files\en">
      <UniqueIdentifier>{1a6a9e41-cdf7-4631-b2fb-5198e12def51}</UniqueIdentifier>
    </Filter>
    <Filter Include="Header Files\re\platform">
      <UniqueIdentifier>{180b02b2-6e6a-486b-b7c0-501814587f64}</UniqueIdentifier>
    </Filter>
    <Filter Include="Source Files\re\platform">
      <UniqueIdentifier>{2a550363-f17a-4d7c-95cf-8f4bbdb3aaed}</UniqueIdentifier>
    </Filter>
    <Filter Include="Source Files\en\platform">
      <UniqueIdentifier>{a8efc633-e9ef-46eb-990a-2763ba4b6e89}</UniqueIdentifier>
    </Filter>
    <Filter Include="Header Files\util">
      <UniqueIdentifier>{630f943a-981c-4e35-8b33-cc82cced1776}</UniqueIdentifier>
    </Filter>
    <Filter Include="Source Files\util">
      <UniqueIdentifier>{d9d7149e-7017-4446-8ea2-4a29d5e8b8a8}</UniqueIdentifier>
    </Filter>
    <Filter Include="Header Files\en\Platform">
      <UniqueIdentifier>{600b373f-06b3-4495-a7f5-42d65e9fed88}</UniqueIdentifier>
    </Filter>
    <Filter Include="Header Files\re\DX12">
      <UniqueIdentifier>{f2a0cff1-b569-4542-b705-06a1dbd039a2}</UniqueIdentifier>
    </Filter>
    <Filter Include="Header Files\re\OpenGL">
      <UniqueIdentifier>{7bcdd248-abcf-4294-8d59-f6a63c54554b}</UniqueIdentifier>
    </Filter>
    <Filter Include="Source Files\re\DX12">
      <UniqueIdentifier>{39354178-16a6-456b-955d-b06161823123}</UniqueIdentifier>
    </Filter>
    <Filter Include="Source Files\re\OpenGL">
      <UniqueIdentifier>{d850fa90-7f81-4355-895d-5e6dba3351c7}</UniqueIdentifier>
    </Filter>
    <Filter Include="Source Files\en\win32">
      <UniqueIdentifier>{e9148669-8e9a-448c-90d6-3da71ce4166a}</UniqueIdentifier>
    </Filter>
    <Filter Include="Header Files\en\win32">
      <UniqueIdentifier>{d6310138-0ea0-4318-8790-179f829c797c}</UniqueIdentifier>
    </Filter>
    <Filter Include="Source Files\Shaders\HLSL">
      <UniqueIdentifier>{ca22796c-1011-432d-ac46-e02825116631}</UniqueIdentifier>
    </Filter>
    <Filter Include="Source Files\Shaders\GLSL">
      <UniqueIdentifier>{02f62867-9e8f-497d-86ca-be1b7ddfa9bb}</UniqueIdentifier>
    </Filter>
    <Filter Include="Dependencies">
      <UniqueIdentifier>{3cea7139-d8f4-49c9-b1aa-0090f4e6ea8c}</UniqueIdentifier>
    </Filter>
    <Filter Include="Dependencies\imgui">
      <UniqueIdentifier>{4d7dd9b2-3721-42cd-92d9-2db28f4c8445}</UniqueIdentifier>
    </Filter>
    <Filter Include="Dependencies\imgui\backends">
      <UniqueIdentifier>{80a77a0d-b510-4d99-bab9-8b5f54e0eec7}</UniqueIdentifier>
    </Filter>
    <Filter Include="Header Files\gr\Materials">
      <UniqueIdentifier>{84b46aee-503c-4de5-b809-db7c71d5df82}</UniqueIdentifier>
    </Filter>
    <Filter Include="Source Files\gr\Materials">
      <UniqueIdentifier>{c9ce5ea3-8892-44d3-81cb-16c7dc44a505}</UniqueIdentifier>
    </Filter>
    <Filter Include="Dependencies\Resources">
      <UniqueIdentifier>{854894b8-5bdb-4614-9788-54a45736458b}</UniqueIdentifier>
    </Filter>
  </ItemGroup>
  <ItemGroup>
    <ClCompile Include="main.cpp">
      <Filter>Source Files</Filter>
    </ClCompile>
    <ClCompile Include="Config.cpp">
      <Filter>Source Files\en</Filter>
    </ClCompile>
    <ClCompile Include="Context.cpp">
      <Filter>Source Files\re</Filter>
    </ClCompile>
    <ClCompile Include="Context_OpenGL.cpp">
      <Filter>Source Files\re\OpenGL</Filter>
    </ClCompile>
    <ClCompile Include="Context_Platform.cpp">
      <Filter>Source Files\re\platform</Filter>
    </ClCompile>
    <ClCompile Include="Shader.cpp">
      <Filter>Source Files\gr</Filter>
    </ClCompile>
    <ClCompile Include="Camera.cpp">
      <Filter>Source Files\gr</Filter>
    </ClCompile>
    <ClCompile Include="Light.cpp">
      <Filter>Source Files\gr</Filter>
    </ClCompile>
    <ClCompile Include="ShadowMap.cpp">
      <Filter>Source Files\gr</Filter>
    </ClCompile>
    <ClCompile Include="GraphicsSystem.cpp">
      <Filter>Source Files\gr</Filter>
    </ClCompile>
    <ClCompile Include="GraphicsSystem_GBuffer.cpp">
      <Filter>Source Files\gr</Filter>
    </ClCompile>
    <ClCompile Include="Transform.cpp">
      <Filter>Source Files\gr</Filter>
    </ClCompile>
    <ClCompile Include="GraphicsSystem_DeferredLighting.cpp">
      <Filter>Source Files\gr</Filter>
    </ClCompile>
    <ClCompile Include="GraphicsSystem_Shadows.cpp">
      <Filter>Source Files\gr</Filter>
    </ClCompile>
    <ClCompile Include="GraphicsSystem_Skybox.cpp">
      <Filter>Source Files\gr</Filter>
    </ClCompile>
    <ClCompile Include="GraphicsSystem_Bloom.cpp">
      <Filter>Source Files\gr</Filter>
    </ClCompile>
    <ClCompile Include="GraphicsSystem_Tonemapping.cpp">
      <Filter>Source Files\gr</Filter>
    </ClCompile>
    <ClCompile Include="CoreEngine.cpp">
      <Filter>Source Files\en</Filter>
    </ClCompile>
    <ClCompile Include="RenderManager.cpp">
      <Filter>Source Files\re</Filter>
    </ClCompile>
    <ClCompile Include="RenderManager_Platform.cpp">
      <Filter>Source Files\re\platform</Filter>
    </ClCompile>
    <ClCompile Include="RenderManager_OpenGL.cpp">
      <Filter>Source Files\re\OpenGL</Filter>
    </ClCompile>
    <ClCompile Include="PlayerObject.cpp">
      <Filter>Source Files\fr</Filter>
    </ClCompile>
    <ClCompile Include="EventManager.cpp">
      <Filter>Source Files\en</Filter>
    </ClCompile>
    <ClCompile Include="InputManager.cpp">
      <Filter>Source Files\en</Filter>
    </ClCompile>
    <ClCompile Include="LogManager.cpp">
      <Filter>Source Files\en</Filter>
    </ClCompile>
    <ClCompile Include="SceneNode.cpp">
      <Filter>Source Files\fr</Filter>
    </ClCompile>
    <ClCompile Include="Mesh.cpp">
      <Filter>Source Files\gr</Filter>
    </ClCompile>
    <ClCompile Include="Platform.cpp">
      <Filter>Source Files\en\platform</Filter>
    </ClCompile>
    <ClCompile Include="VertexStreamBuilder.cpp">
      <Filter>Source Files\util</Filter>
    </ClCompile>
    <ClCompile Include="SceneManager.cpp">
      <Filter>Source Files\en</Filter>
    </ClCompile>
    <ClCompile Include="SceneData.cpp">
      <Filter>Source Files\fr</Filter>
    </ClCompile>
    <ClCompile Include="ParameterBlock.cpp">
      <Filter>Source Files\re</Filter>
    </ClCompile>
    <ClCompile Include="ParameterBlock_Platform.cpp">
      <Filter>Source Files\re\platform</Filter>
    </ClCompile>
    <ClCompile Include="ParameterBlock_OpenGL.cpp">
      <Filter>Source Files\re\OpenGL</Filter>
    </ClCompile>
    <ClCompile Include="ParameterBlockAllocator.cpp">
      <Filter>Source Files\re</Filter>
    </ClCompile>
    <ClCompile Include="Batch.cpp">
      <Filter>Source Files\re</Filter>
    </ClCompile>
    <ClCompile Include="Bounds.cpp">
      <Filter>Source Files\gr</Filter>
    </ClCompile>
    <ClCompile Include="PerformanceTimer.cpp">
      <Filter>Source Files\util</Filter>
    </ClCompile>
    <ClCompile Include="ThreadPool.cpp">
      <Filter>Source Files\en</Filter>
    </ClCompile>
    <ClCompile Include="GameplayManager.cpp">
      <Filter>Source Files\fr</Filter>
    </ClCompile>
    <ClCompile Include="TextureTarget.cpp">
      <Filter>Source Files\re</Filter>
    </ClCompile>
    <ClCompile Include="TextureTarget_Platform.cpp">
      <Filter>Source Files\re\platform</Filter>
    </ClCompile>
    <ClCompile Include="TextureTarget_OpenGL.cpp">
      <Filter>Source Files\re\OpenGL</Filter>
    </ClCompile>
    <ClCompile Include="RenderStage.cpp">
      <Filter>Source Files\re</Filter>
    </ClCompile>
    <ClCompile Include="Sampler.cpp">
      <Filter>Source Files\re</Filter>
    </ClCompile>
    <ClCompile Include="Sampler_Platform.cpp">
      <Filter>Source Files\re\platform</Filter>
    </ClCompile>
    <ClCompile Include="Sampler_OpenGL.cpp">
      <Filter>Source Files\re\OpenGL</Filter>
    </ClCompile>
    <ClCompile Include="Texture.cpp">
      <Filter>Source Files\re</Filter>
    </ClCompile>
    <ClCompile Include="Texture_Platform.cpp">
      <Filter>Source Files\re\platform</Filter>
    </ClCompile>
    <ClCompile Include="Texture_OpenGL.cpp">
      <Filter>Source Files\re\OpenGL</Filter>
    </ClCompile>
    <ClCompile Include="Shader_OpenGL.cpp">
      <Filter>Source Files\re\OpenGL</Filter>
    </ClCompile>
    <ClCompile Include="Shader_Platform.cpp">
      <Filter>Source Files\re\platform</Filter>
    </ClCompile>
    <ClCompile Include="pch\stdafx.cpp">
      <Filter>Source Files</Filter>
    </ClCompile>
    <ClCompile Include="EventManager_Win32.cpp">
      <Filter>Source Files\en\win32</Filter>
    </ClCompile>
    <ClCompile Include="EventManager_Platform.cpp">
      <Filter>Source Files\en\platform</Filter>
    </ClCompile>
    <ClCompile Include="InputManager_Platform.cpp">
      <Filter>Source Files\en\platform</Filter>
    </ClCompile>
    <ClCompile Include="InputManager_Win32.cpp">
      <Filter>Source Files\en\win32</Filter>
    </ClCompile>
    <ClCompile Include="EngineThread.cpp">
      <Filter>Source Files\en</Filter>
    </ClCompile>
    <ClCompile Include="Window.cpp">
      <Filter>Source Files\en</Filter>
    </ClCompile>
    <ClCompile Include="Window_Platform.cpp">
      <Filter>Source Files\en\platform</Filter>
    </ClCompile>
    <ClCompile Include="Window_Win32.cpp">
      <Filter>Source Files\en\win32</Filter>
    </ClCompile>
    <ClCompile Include="Context_DX12.cpp">
      <Filter>Source Files\re\DX12</Filter>
    </ClCompile>
    <ClCompile Include="RenderManager_DX12.cpp">
      <Filter>Source Files\re\DX12</Filter>
    </ClCompile>
    <ClCompile Include="RenderPipeline.cpp">
      <Filter>Source Files\re</Filter>
    </ClCompile>
    <ClCompile Include="TextureTarget_DX12.cpp">
      <Filter>Source Files\re\DX12</Filter>
    </ClCompile>
    <ClCompile Include="SwapChain.cpp">
      <Filter>Source Files\re</Filter>
    </ClCompile>
    <ClCompile Include="SwapChain_Platform.cpp">
      <Filter>Source Files\re\platform</Filter>
    </ClCompile>
    <ClCompile Include="SwapChain_OpenGL.cpp">
      <Filter>Source Files\re\OpenGL</Filter>
    </ClCompile>
    <ClCompile Include="SwapChain_DX12.cpp">
      <Filter>Source Files\re\DX12</Filter>
    </ClCompile>
    <ClCompile Include="Debug_DX12.cpp">
      <Filter>Source Files\re\DX12</Filter>
    </ClCompile>
    <ClCompile Include="Texture_DX12.cpp">
      <Filter>Source Files\re\DX12</Filter>
    </ClCompile>
    <ClCompile Include="ParameterBlock_DX12.cpp">
      <Filter>Source Files\re\DX12</Filter>
    </ClCompile>
    <ClCompile Include="Fence_DX12.cpp">
      <Filter>Source Files\re\DX12</Filter>
    </ClCompile>
    <ClCompile Include="Device_DX12.cpp">
      <Filter>Source Files\re\DX12</Filter>
    </ClCompile>
    <ClCompile Include="CommandQueue_DX12.cpp">
      <Filter>Source Files\re\DX12</Filter>
    </ClCompile>
    <ClCompile Include="VertexStream.cpp">
      <Filter>Source Files\re</Filter>
    </ClCompile>
    <ClCompile Include="VertexStream_Platform.cpp">
      <Filter>Source Files\re</Filter>
    </ClCompile>
    <ClCompile Include="VertexStream_OpenGL.cpp">
      <Filter>Source Files\re\OpenGL</Filter>
    </ClCompile>
    <ClCompile Include="Shader_DX12.cpp">
      <Filter>Source Files\re\DX12</Filter>
    </ClCompile>
    <ClCompile Include="VertexStream_DX12.cpp">
      <Filter>Source Files\re\DX12</Filter>
    </ClCompile>
    <ClCompile Include="PipelineState_DX12.cpp">
      <Filter>Source Files\re\DX12</Filter>
    </ClCompile>
    <ClCompile Include="Sampler_DX12.cpp">
      <Filter>Source Files\re\DX12</Filter>
    </ClCompile>
    <ClCompile Include="CommandList_DX12.cpp">
      <Filter>Source Files\re\DX12</Filter>
    </ClCompile>
    <ClCompile Include="CPUDescriptorHeapManager_DX12.cpp">
      <Filter>Source Files\re\DX12</Filter>
    </ClCompile>
    <ClCompile Include="GPUDescriptorHeap_DX12.cpp">
      <Filter>Source Files\re\DX12</Filter>
    </ClCompile>
    <ClCompile Include="SysInfo_DX12.cpp">
      <Filter>Source Files\re\DX12</Filter>
    </ClCompile>
    <ClCompile Include="PipelineState.cpp">
      <Filter>Source Files\gr</Filter>
    </ClCompile>
    <ClCompile Include="ResourceStateTracker_DX12.cpp">
      <Filter>Source Files\re\DX12</Filter>
    </ClCompile>
    <ClCompile Include="GraphicsSystem_ComputeMips.cpp">
      <Filter>Source Files\gr</Filter>
    </ClCompile>
    <ClCompile Include="SysInfo_Platform.cpp">
      <Filter>Source Files\re\platform</Filter>
    </ClCompile>
    <ClCompile Include="SysInfo_OpenGL.cpp">
      <Filter>Source Files\re\OpenGL</Filter>
    </ClCompile>
    <ClCompile Include="RootSignature_DX12.cpp">
      <Filter>Source Files\re\DX12</Filter>
    </ClCompile>
    <ClCompile Include="Dependencies\imgui\imgui.cpp">
      <Filter>Dependencies\imgui</Filter>
    </ClCompile>
    <ClCompile Include="Dependencies\imgui\imgui_draw.cpp">
      <Filter>Dependencies\imgui</Filter>
    </ClCompile>
    <ClCompile Include="Dependencies\imgui\imgui_tables.cpp">
      <Filter>Dependencies\imgui</Filter>
    </ClCompile>
    <ClCompile Include="Dependencies\imgui\imgui_widgets.cpp">
      <Filter>Dependencies\imgui</Filter>
    </ClCompile>
    <ClCompile Include="Dependencies\imgui\backends\imgui_impl_dx12.cpp">
      <Filter>Dependencies\imgui\backends</Filter>
    </ClCompile>
    <ClCompile Include="Dependencies\imgui\backends\imgui_impl_opengl3.cpp">
      <Filter>Dependencies\imgui\backends</Filter>
    </ClCompile>
    <ClCompile Include="Dependencies\imgui\backends\imgui_impl_win32.cpp">
      <Filter>Dependencies\imgui\backends</Filter>
    </ClCompile>
    <ClCompile Include="Dependencies\imgui\imgui_demo.cpp">
      <Filter>Dependencies\imgui</Filter>
    </ClCompile>
    <ClCompile Include="RenderSystem.cpp">
      <Filter>Source Files\re</Filter>
    </ClCompile>
    <ClCompile Include="Material.cpp">
      <Filter>Source Files\gr\Materials</Filter>
    </ClCompile>
    <ClCompile Include="Material_GLTF.cpp">
      <Filter>Source Files\gr\Materials</Filter>
    </ClCompile>
    <ClCompile Include="GraphicsSystem_Debug.cpp">
      <Filter>Source Files\gr</Filter>
    </ClCompile>
    <ClCompile Include="MeshPrimitive.cpp">
      <Filter>Source Files\gr</Filter>
    </ClCompile>
    <ClCompile Include="BatchManager.cpp">
      <Filter>Source Files\re</Filter>
    </ClCompile>
    <ClCompile Include="MeshFactory.cpp">
      <Filter>Source Files\gr</Filter>
    </ClCompile>
    <ClCompile Include="Transformable.cpp">
      <Filter>Source Files\fr</Filter>
    </ClCompile>
    <ClCompile Include="Updateable.cpp">
      <Filter>Source Files\en</Filter>
    </ClCompile>
    <ClCompile Include="ParameterBlockAllocator_Platform.cpp">
      <Filter>Source Files\re\platform</Filter>
    </ClCompile>
    <ClCompile Include="ParameterBlockAllocator_DX12.cpp">
      <Filter>Source Files\re\DX12</Filter>
    </ClCompile>
    <ClCompile Include="ParameterBlockAllocator_OpenGL.cpp">
      <Filter>Source Files\re\OpenGL</Filter>
    </ClCompile>
    <ClCompile Include="TextureLoadUtils.cpp">
      <Filter>Source Files\util</Filter>
    </ClCompile>
  </ItemGroup>
  <ItemGroup>
    <ClInclude Include="Config.h">
      <Filter>Header Files\en</Filter>
    </ClInclude>
    <ClInclude Include="Context.h">
      <Filter>Header Files\re</Filter>
    </ClInclude>
    <ClInclude Include="Context_OpenGL.h">
      <Filter>Header Files\re\OpenGL</Filter>
    </ClInclude>
    <ClInclude Include="Context_Platform.h">
      <Filter>Header Files\re\platform</Filter>
    </ClInclude>
    <ClInclude Include="Camera.h">
      <Filter>Header Files\gr</Filter>
    </ClInclude>
    <ClInclude Include="Light.h">
      <Filter>Header Files\gr</Filter>
    </ClInclude>
    <ClInclude Include="ShadowMap.h">
      <Filter>Header Files\gr</Filter>
    </ClInclude>
    <ClInclude Include="Assert.h">
      <Filter>Header Files\en</Filter>
    </ClInclude>
    <ClInclude Include="GraphicsSystem.h">
      <Filter>Header Files\gr</Filter>
    </ClInclude>
    <ClInclude Include="GraphicsSystem_GBuffer.h">
      <Filter>Header Files\gr</Filter>
    </ClInclude>
    <ClInclude Include="Transform.h">
      <Filter>Header Files\gr</Filter>
    </ClInclude>
    <ClInclude Include="GraphicsSystem_DeferredLighting.h">
      <Filter>Header Files\gr</Filter>
    </ClInclude>
    <ClInclude Include="RenderPipeline.h">
      <Filter>Header Files\re</Filter>
    </ClInclude>
    <ClInclude Include="GraphicsSystem_Shadows.h">
      <Filter>Header Files\gr</Filter>
    </ClInclude>
    <ClInclude Include="GraphicsSystem_Skybox.h">
      <Filter>Header Files\gr</Filter>
    </ClInclude>
    <ClInclude Include="GraphicsSystem_Bloom.h">
      <Filter>Header Files\gr</Filter>
    </ClInclude>
    <ClInclude Include="GraphicsSystem_Tonemapping.h">
      <Filter>Header Files\gr</Filter>
    </ClInclude>
    <ClInclude Include="CoreEngine.h">
      <Filter>Header Files\en</Filter>
    </ClInclude>
    <ClInclude Include="RenderManager.h">
      <Filter>Header Files\re</Filter>
    </ClInclude>
    <ClInclude Include="RenderManager_Platform.h">
      <Filter>Header Files\re\platform</Filter>
    </ClInclude>
    <ClInclude Include="RenderManager_OpenGL.h">
      <Filter>Header Files\re\OpenGL</Filter>
    </ClInclude>
    <ClInclude Include="PlayerObject.h">
      <Filter>Header Files\fr</Filter>
    </ClInclude>
    <ClInclude Include="EngineComponent.h">
      <Filter>Header Files\en</Filter>
    </ClInclude>
    <ClInclude Include="EventListener.h">
      <Filter>Header Files\en</Filter>
    </ClInclude>
    <ClInclude Include="EventManager.h">
      <Filter>Header Files\en</Filter>
    </ClInclude>
    <ClInclude Include="InputManager.h">
      <Filter>Header Files\en</Filter>
    </ClInclude>
    <ClInclude Include="LogManager.h">
      <Filter>Header Files\en</Filter>
    </ClInclude>
    <ClInclude Include="KeyConfiguration.h">
      <Filter>Header Files\en</Filter>
    </ClInclude>
    <ClInclude Include="Transformable.h">
      <Filter>Header Files\fr</Filter>
    </ClInclude>
    <ClInclude Include="SceneNode.h">
      <Filter>Header Files\fr</Filter>
    </ClInclude>
    <ClInclude Include="Mesh.h">
      <Filter>Header Files\gr</Filter>
    </ClInclude>
    <ClInclude Include="NamedObject.h">
      <Filter>Header Files\en</Filter>
    </ClInclude>
    <ClInclude Include="VertexStreamBuilder.h">
      <Filter>Header Files\util</Filter>
    </ClInclude>
    <ClInclude Include="SceneManager.h">
      <Filter>Header Files\en</Filter>
    </ClInclude>
    <ClInclude Include="SceneData.h">
      <Filter>Header Files\fr</Filter>
    </ClInclude>
    <ClInclude Include="ParameterBlock.h">
      <Filter>Header Files\re</Filter>
    </ClInclude>
    <ClInclude Include="ParameterBlock_Platform.h">
      <Filter>Header Files\re\platform</Filter>
    </ClInclude>
    <ClInclude Include="ParameterBlock_OpenGL.h">
      <Filter>Header Files\re\OpenGL</Filter>
    </ClInclude>
    <ClInclude Include="Updateable.h">
      <Filter>Header Files\en</Filter>
    </ClInclude>
    <ClInclude Include="ParameterBlockAllocator.h">
      <Filter>Header Files\re</Filter>
    </ClInclude>
    <ClInclude Include="Batch.h">
      <Filter>Header Files\re</Filter>
    </ClInclude>
    <ClInclude Include="HashedDataObject.h">
      <Filter>Header Files\en</Filter>
    </ClInclude>
    <ClInclude Include="Bounds.h">
      <Filter>Header Files\gr</Filter>
    </ClInclude>
    <ClInclude Include="PerformanceTimer.h">
      <Filter>Header Files\util</Filter>
    </ClInclude>
    <ClInclude Include="Command.h">
      <Filter>Header Files\en</Filter>
    </ClInclude>
    <ClInclude Include="ThreadPool.h">
      <Filter>Header Files\en</Filter>
    </ClInclude>
    <ClInclude Include="GameplayManager.h">
      <Filter>Header Files\fr</Filter>
    </ClInclude>
    <ClInclude Include="TextureTarget.h">
      <Filter>Header Files\re</Filter>
    </ClInclude>
    <ClInclude Include="TextureTarget_Platform.h">
      <Filter>Header Files\re\platform</Filter>
    </ClInclude>
    <ClInclude Include="TextureTarget_OpenGL.h">
      <Filter>Header Files\re\OpenGL</Filter>
    </ClInclude>
    <ClInclude Include="RenderStage.h">
      <Filter>Header Files\re</Filter>
    </ClInclude>
    <ClInclude Include="Sampler.h">
      <Filter>Header Files\re</Filter>
    </ClInclude>
    <ClInclude Include="Sampler_OpenGL.h">
      <Filter>Header Files\re\OpenGL</Filter>
    </ClInclude>
    <ClInclude Include="Sampler_Platform.h">
      <Filter>Header Files\re\platform</Filter>
    </ClInclude>
    <ClInclude Include="Texture.h">
      <Filter>Header Files\re</Filter>
    </ClInclude>
    <ClInclude Include="Texture_Platform.h">
      <Filter>Header Files\re\platform</Filter>
    </ClInclude>
    <ClInclude Include="Texture_OpenGL.h">
      <Filter>Header Files\re\OpenGL</Filter>
    </ClInclude>
    <ClInclude Include="Shader_OpenGL.h">
      <Filter>Header Files\re\OpenGL</Filter>
    </ClInclude>
    <ClInclude Include="Shader_Platform.h">
      <Filter>Header Files\re\platform</Filter>
    </ClInclude>
    <ClInclude Include="Shader.h">
      <Filter>Header Files\re</Filter>
    </ClInclude>
    <ClInclude Include="pch\stdafx.h">
      <Filter>Header Files</Filter>
    </ClInclude>
    <ClInclude Include="Platform.h">
      <Filter>Header Files\en\Platform</Filter>
    </ClInclude>
    <ClInclude Include="EventManager_Win32.h">
      <Filter>Header Files\en\win32</Filter>
    </ClInclude>
    <ClInclude Include="EventManager_Platform.h">
      <Filter>Header Files\en\Platform</Filter>
    </ClInclude>
    <ClInclude Include="InputManager_Platform.h">
      <Filter>Header Files\en\Platform</Filter>
    </ClInclude>
    <ClInclude Include="InputManager_Win32.h">
      <Filter>Header Files\en\win32</Filter>
    </ClInclude>
    <ClInclude Include="EngineThread.h">
      <Filter>Header Files\en</Filter>
    </ClInclude>
    <ClInclude Include="Window_Win32.h">
      <Filter>Header Files\en\win32</Filter>
    </ClInclude>
    <ClInclude Include="Window_Platform.h">
      <Filter>Header Files\en\Platform</Filter>
    </ClInclude>
    <ClInclude Include="Window.h">
      <Filter>Header Files\en</Filter>
    </ClInclude>
    <ClInclude Include="Context_DX12.h">
      <Filter>Header Files\re\DX12</Filter>
    </ClInclude>
    <ClInclude Include="RenderManager_DX12.h">
      <Filter>Header Files\re\DX12</Filter>
    </ClInclude>
    <ClInclude Include="PipelineState.h">
      <Filter>Header Files\gr</Filter>
    </ClInclude>
    <ClInclude Include="TextureTarget_DX12.h">
      <Filter>Header Files\re\DX12</Filter>
    </ClInclude>
    <ClInclude Include="SwapChain.h">
      <Filter>Header Files\re</Filter>
    </ClInclude>
    <ClInclude Include="SwapChain_Platform.h">
      <Filter>Header Files\re\platform</Filter>
    </ClInclude>
    <ClInclude Include="SwapChain_OpenGL.h">
      <Filter>Header Files\re\OpenGL</Filter>
    </ClInclude>
    <ClInclude Include="SwapChain_DX12.h">
      <Filter>Header Files\re\DX12</Filter>
    </ClInclude>
    <ClInclude Include="Debug_DX12.h">
      <Filter>Header Files\re\DX12</Filter>
    </ClInclude>
    <ClInclude Include="Texture_DX12.h">
      <Filter>Header Files\re\DX12</Filter>
    </ClInclude>
    <ClInclude Include="ParameterBlock_DX12.h">
      <Filter>Header Files\re\DX12</Filter>
    </ClInclude>
    <ClInclude Include="Fence_DX12.h">
      <Filter>Header Files\re\DX12</Filter>
    </ClInclude>
    <ClInclude Include="Device_DX12.h">
      <Filter>Header Files\re\DX12</Filter>
    </ClInclude>
    <ClInclude Include="CommandQueue_DX12.h">
      <Filter>Header Files\re\DX12</Filter>
    </ClInclude>
    <ClInclude Include="VertexStream.h">
      <Filter>Header Files\re</Filter>
    </ClInclude>
    <ClInclude Include="VertexStream_Platform.h">
      <Filter>Header Files\re\platform</Filter>
    </ClInclude>
    <ClInclude Include="VertexStream_OpenGL.h">
      <Filter>Header Files\re\OpenGL</Filter>
    </ClInclude>
    <ClInclude Include="Shader_DX12.h">
      <Filter>Header Files\re\DX12</Filter>
    </ClInclude>
    <ClInclude Include="VertexStream_DX12.h">
      <Filter>Header Files\re\DX12</Filter>
    </ClInclude>
    <ClInclude Include="PipelineState_DX12.h">
      <Filter>Header Files\re\DX12</Filter>
    </ClInclude>
    <ClInclude Include="Sampler_DX12.h">
      <Filter>Header Files\re\DX12</Filter>
    </ClInclude>
    <ClInclude Include="IPlatformParams.h">
      <Filter>Source Files\re</Filter>
    </ClInclude>
    <ClInclude Include="CommandList_DX12.h">
      <Filter>Header Files\re\DX12</Filter>
    </ClInclude>
    <ClInclude Include="CPUDescriptorHeapManager_DX12.h">
      <Filter>Header Files\re\DX12</Filter>
    </ClInclude>
    <ClInclude Include="GPUDescriptorHeap_DX12.h">
      <Filter>Header Files\re\DX12</Filter>
    </ClInclude>
    <ClInclude Include="SysInfo_DX12.h">
      <Filter>Header Files\re\DX12</Filter>
    </ClInclude>
    <ClInclude Include="RootSignature_DX12.h">
      <Filter>Header Files\re\DX12</Filter>
    </ClInclude>
    <ClInclude Include="ResourceStateTracker_DX12.h">
      <Filter>Header Files\re\DX12</Filter>
    </ClInclude>
    <ClInclude Include="MathUtils.h">
      <Filter>Header Files\util</Filter>
    </ClInclude>
    <ClInclude Include="HashUtils.h">
      <Filter>Header Files\util</Filter>
    </ClInclude>
    <ClInclude Include="ThreadSafeVector.h">
      <Filter>Header Files\util</Filter>
    </ClInclude>
    <ClInclude Include="GraphicsSystem_ComputeMips.h">
      <Filter>Header Files\gr</Filter>
    </ClInclude>
    <ClInclude Include="SysInfo_Platform.h">
      <Filter>Header Files\re\platform</Filter>
    </ClInclude>
    <ClInclude Include="SysInfo_OpenGL.h">
      <Filter>Header Files\re\OpenGL</Filter>
    </ClInclude>
    <ClInclude Include="TextUtils.h">
      <Filter>Header Files\util</Filter>
    </ClInclude>
    <ClInclude Include="CastUtils.h">
      <Filter>Header Files\util</Filter>
    </ClInclude>
    <ClInclude Include="ConfigKeys.h">
      <Filter>Header Files\en</Filter>
    </ClInclude>
    <ClInclude Include="Dependencies\imgui\imgui.h">
      <Filter>Dependencies\imgui</Filter>
    </ClInclude>
    <ClInclude Include="Dependencies\imgui\imconfig.h">
      <Filter>Dependencies\imgui</Filter>
    </ClInclude>
    <ClInclude Include="Dependencies\imgui\imgui_internal.h">
      <Filter>Dependencies\imgui</Filter>
    </ClInclude>
    <ClInclude Include="Dependencies\imgui\imstb_rectpack.h">
      <Filter>Dependencies\imgui</Filter>
    </ClInclude>
    <ClInclude Include="Dependencies\imgui\imstb_textedit.h">
      <Filter>Dependencies\imgui</Filter>
    </ClInclude>
    <ClInclude Include="Dependencies\imgui\imstb_truetype.h">
      <Filter>Dependencies\imgui</Filter>
    </ClInclude>
    <ClInclude Include="Dependencies\imgui\backends\imgui_impl_dx12.h">
      <Filter>Dependencies\imgui\backends</Filter>
    </ClInclude>
    <ClInclude Include="Dependencies\imgui\backends\imgui_impl_opengl3.h">
      <Filter>Dependencies\imgui\backends</Filter>
    </ClInclude>
    <ClInclude Include="Dependencies\imgui\backends\imgui_impl_win32.h">
      <Filter>Dependencies\imgui\backends</Filter>
    </ClInclude>
    <ClInclude Include="ImGuiUtils.h">
      <Filter>Header Files\util</Filter>
    </ClInclude>
    <ClInclude Include="RenderSystem.h">
      <Filter>Header Files\re</Filter>
    </ClInclude>
    <ClInclude Include="DoubleBufferUnorderedMap.h">
      <Filter>Header Files\util</Filter>
    </ClInclude>
    <ClInclude Include="Material.h">
      <Filter>Header Files\gr\Materials</Filter>
    </ClInclude>
    <ClInclude Include="Material_GLTF.h">
      <Filter>Header Files\gr\Materials</Filter>
    </ClInclude>
    <ClInclude Include="GraphicsSystem_Debug.h">
      <Filter>Header Files\gr</Filter>
    </ClInclude>
    <ClInclude Include="MeshPrimitive.h">
      <Filter>Header Files\gr</Filter>
    </ClInclude>
    <ClInclude Include="BatchManager.h">
      <Filter>Header Files\re</Filter>
    </ClInclude>
    <ClInclude Include="MeshFactory.h">
      <Filter>Header Files\gr</Filter>
    </ClInclude>
    <ClInclude Include="NBufferedVector.h">
      <Filter>Header Files\util</Filter>
    </ClInclude>
    <ClInclude Include="ParameterBlockAllocator_Platform.h">
      <Filter>Header Files\re\platform</Filter>
    </ClInclude>
    <ClInclude Include="ParameterBlockAllocator_OpenGL.h">
      <Filter>Header Files\re\OpenGL</Filter>
    </ClInclude>
    <ClInclude Include="ParameterBlockAllocator_DX12.h">
      <Filter>Header Files\re\DX12</Filter>
    </ClInclude>
    <ClInclude Include="ProfilingMarkers.h">
      <Filter>Header Files\re</Filter>
    </ClInclude>
    <ClInclude Include="resource.h">
      <Filter>Dependencies\Resources</Filter>
    </ClInclude>
    <ClInclude Include="TextureLoadUtils.h">
      <Filter>Header Files\util</Filter>
    </ClInclude>
  </ItemGroup>
  <ItemGroup>
    <None Include="Shaders\GLSL\DeferredAmbientLight.frag">
      <Filter>Source Files\Shaders\GLSL</Filter>
    </None>
    <None Include="Shaders\GLSL\DeferredAmbientLight.vert">
      <Filter>Source Files\Shaders\GLSL</Filter>
    </None>
    <None Include="Shaders\GLSL\DeferredDirectionalLight.frag">
      <Filter>Source Files\Shaders\GLSL</Filter>
    </None>
    <None Include="Shaders\GLSL\DeferredDirectionalLight.vert">
      <Filter>Source Files\Shaders\GLSL</Filter>
    </None>
    <None Include="Shaders\GLSL\DeferredPointLight.frag">
      <Filter>Source Files\Shaders\GLSL</Filter>
    </None>
    <None Include="Shaders\GLSL\DeferredPointLight.vert">
      <Filter>Source Files\Shaders\GLSL</Filter>
    </None>
    <None Include="Shaders\GLSL\GBuffer.frag">
      <Filter>Source Files\Shaders\GLSL</Filter>
    </None>
    <None Include="Shaders\GLSL\GBuffer.vert">
      <Filter>Source Files\Shaders\GLSL</Filter>
    </None>
    <None Include="Shaders\glsl\SaberCommon.glsl">
      <Filter>Source Files\Shaders\GLSL</Filter>
    </None>
    <None Include="Shaders\glsl\SaberGlobals.glsl">
      <Filter>Source Files\Shaders\GLSL</Filter>
    </None>
    <None Include="Shaders\glsl\SaberLighting.glsl">
      <Filter>Source Files\Shaders\GLSL</Filter>
    </None>
    <None Include="Shaders\GLSL\GenerateIEM.frag">
      <Filter>Source Files\Shaders\GLSL</Filter>
    </None>
    <None Include="Shaders\GLSL\GenerateIEM.vert">
      <Filter>Source Files\Shaders\GLSL</Filter>
    </None>
    <None Include="Shaders\GLSL\GeneratePMREM.frag">
      <Filter>Source Files\Shaders\GLSL</Filter>
    </None>
    <None Include="Shaders\GLSL\GeneratePMREM.vert">
      <Filter>Source Files\Shaders\GLSL</Filter>
    </None>
    <None Include="Shaders\HLSL\SaberCommon.hlsli">
      <Filter>Source Files\Shaders\HLSL</Filter>
    </None>
    <None Include="Shaders\HLSL\NormalMapUtils.hlsli">
      <Filter>Source Files\Shaders\HLSL</Filter>
    </None>
    <None Include="Shaders\GLSL\GenerateBRDFIntegrationMap.comp">
      <Filter>Source Files\Shaders\GLSL</Filter>
    </None>
    <None Include="Shaders\HLSL\SaberComputeCommon.hlsli">
      <Filter>Source Files\Shaders\HLSL</Filter>
    </None>
    <None Include="Shaders\GLSL\Skybox.frag">
      <Filter>Source Files\Shaders\GLSL</Filter>
    </None>
    <None Include="Shaders\GLSL\Skybox.vert">
      <Filter>Source Files\Shaders\GLSL</Filter>
    </None>
    <None Include="Shaders\GLSL\Blit.frag">
      <Filter>Source Files\Shaders\GLSL</Filter>
    </None>
    <None Include="Shaders\GLSL\Blit.vert">
      <Filter>Source Files\Shaders\GLSL</Filter>
    </None>
    <None Include="Shaders\GLSL\GaussianBlur.frag">
      <Filter>Source Files\Shaders\GLSL</Filter>
    </None>
    <None Include="Shaders\GLSL\GaussianBlur.vert">
      <Filter>Source Files\Shaders\GLSL</Filter>
    </None>
    <None Include="Shaders\GLSL\ToneMap.frag">
      <Filter>Source Files\Shaders\GLSL</Filter>
    </None>
    <None Include="Shaders\GLSL\ToneMap.vert">
      <Filter>Source Files\Shaders\GLSL</Filter>
    </None>
    <None Include="Shaders\GLSL\FullscreenQuadCommon.glsl">
      <Filter>Source Files\Shaders\GLSL</Filter>
    </None>
    <None Include="Shaders\HLSL\UVUtils.hlsli">
      <Filter>Source Files\Shaders\HLSL</Filter>
    </None>
    <None Include="Shaders\HLSL\GBufferCommon.hlsli">
      <Filter>Source Files\Shaders\HLSL</Filter>
    </None>
    <None Include="Shaders\HLSL\Lighting.hlsli">
      <Filter>Source Files\Shaders\HLSL</Filter>
    </None>
    <None Include="Shaders\HLSL\Transformations.hlsli">
      <Filter>Source Files\Shaders\HLSL</Filter>
    </None>
    <None Include="Shaders\HLSL\FullscreenQuadCommon.hlsli">
      <Filter>Source Files\Shaders\HLSL</Filter>
    </None>
    <None Include="Shaders\HLSL\MathConstants.hlsli">
      <Filter>Source Files\Shaders\HLSL</Filter>
    </None>
    <None Include="Shaders\GLSL\CubeDepth.geom">
      <Filter>Source Files\Shaders\GLSL</Filter>
    </None>
    <None Include="Shaders\GLSL\CubeDepth.vert">
      <Filter>Source Files\Shaders\GLSL</Filter>
    </None>
    <None Include="Shaders\GLSL\Depth.vert">
      <Filter>Source Files\Shaders\GLSL</Filter>
    </None>
    <None Include="Shaders\HLSL\Shadows.hlsli">
      <Filter>Source Files\Shaders\HLSL</Filter>
    </None>
    <None Include="Shaders\HLSL\BloomCommon.hlsli">
      <Filter>Source Files\Shaders\HLSL</Filter>
    </None>
    <None Include="Shaders\GLSL\BloomCommon.glsl">
      <Filter>Source Files\Shaders\GLSL</Filter>
    </None>
    <None Include="Shaders\GLSL\Bloom.comp">
      <Filter>Source Files\Shaders\GLSL</Filter>
    </None>
    <None Include="Shaders\HLSL\Color.hlsli">
      <Filter>Source Files\Shaders\HLSL</Filter>
    </None>
    <None Include="Shaders\GLSL\Color.glsl">
      <Filter>Source Files\Shaders\GLSL</Filter>
    </None>
    <None Include="Shaders\GLSL\MathConstants.glsl">
      <Filter>Source Files\Shaders\GLSL</Filter>
    </None>
    <None Include="Shaders\GLSL\Line.frag">
      <Filter>Source Files\Shaders\GLSL</Filter>
    </None>
    <None Include="Shaders\GLSL\Line.vert">
      <Filter>Source Files\Shaders\GLSL</Filter>
    </None>
    <None Include="SaberEngine.licenseheader">
      <Filter>Dependencies\Resources</Filter>
    </None>
    <None Include="packages.config">
      <Filter>Dependencies\Resources</Filter>
    </None>
  </ItemGroup>
  <ItemGroup>
    <FxCompile Include="Shaders\HLSL\GBuffer_PShader.hlsl">
      <Filter>Source Files\Shaders\HLSL</Filter>
    </FxCompile>
    <FxCompile Include="Shaders\HLSL\GBuffer_VShader.hlsl">
      <Filter>Source Files\Shaders\HLSL</Filter>
    </FxCompile>
    <FxCompile Include="Shaders\HLSL\GenerateBRDFIntegrationMap_CShader.hlsl">
      <Filter>Source Files\Shaders\HLSL</Filter>
    </FxCompile>
    <FxCompile Include="Shaders\HLSL\DeferredAmbientLight_PShader.hlsl">
      <Filter>Source Files\Shaders\HLSL</Filter>
    </FxCompile>
    <FxCompile Include="Shaders\HLSL\DeferredAmbientLight_VShader.hlsl">
      <Filter>Source Files\Shaders\HLSL</Filter>
    </FxCompile>
    <FxCompile Include="Shaders\HLSL\DeferredDirectionalLight_PShader.hlsl">
      <Filter>Source Files\Shaders\HLSL</Filter>
    </FxCompile>
    <FxCompile Include="Shaders\HLSL\DeferredDirectionalLight_VShader.hlsl">
      <Filter>Source Files\Shaders\HLSL</Filter>
    </FxCompile>
    <FxCompile Include="Shaders\HLSL\GenerateIEM_PShader.hlsl">
      <Filter>Source Files\Shaders\HLSL</Filter>
    </FxCompile>
    <FxCompile Include="Shaders\HLSL\GenerateIEM_VShader.hlsl">
      <Filter>Source Files\Shaders\HLSL</Filter>
    </FxCompile>
    <FxCompile Include="Shaders\HLSL\GeneratePMREM_PShader.hlsl">
      <Filter>Source Files\Shaders\HLSL</Filter>
    </FxCompile>
    <FxCompile Include="Shaders\HLSL\GeneratePMREM_VShader.hlsl">
      <Filter>Source Files\Shaders\HLSL</Filter>
    </FxCompile>
    <FxCompile Include="Shaders\HLSL\DeferredPointLight_PShader.hlsl">
      <Filter>Source Files\Shaders\HLSL</Filter>
    </FxCompile>
    <FxCompile Include="Shaders\HLSL\DeferredPointLight_VShader.hlsl">
      <Filter>Source Files\Shaders\HLSL</Filter>
    </FxCompile>
    <FxCompile Include="Shaders\HLSL\GenerateMipMaps_BoxFilter_CShader.hlsl">
      <Filter>Source Files\Shaders\HLSL</Filter>
    </FxCompile>
    <FxCompile Include="Shaders\HLSL\Skybox_PShader.hlsl">
      <Filter>Source Files\Shaders\HLSL</Filter>
    </FxCompile>
    <FxCompile Include="Shaders\HLSL\Skybox_VShader.hlsl">
      <Filter>Source Files\Shaders\HLSL</Filter>
    </FxCompile>
    <FxCompile Include="Shaders\HLSL\Blit_PShader.hlsl">
      <Filter>Source Files\Shaders\HLSL</Filter>
    </FxCompile>
    <FxCompile Include="Shaders\HLSL\Blit_VShader.hlsl">
      <Filter>Source Files\Shaders\HLSL</Filter>
    </FxCompile>
    <FxCompile Include="Shaders\HLSL\GaussianBlur_PShader.hlsl">
      <Filter>Source Files\Shaders\HLSL</Filter>
    </FxCompile>
    <FxCompile Include="Shaders\HLSL\GaussianBlur_VShader.hlsl">
      <Filter>Source Files\Shaders\HLSL</Filter>
    </FxCompile>
    <FxCompile Include="Shaders\HLSL\ToneMap_PShader.hlsl">
      <Filter>Source Files\Shaders\HLSL</Filter>
    </FxCompile>
    <FxCompile Include="Shaders\HLSL\ToneMap_VShader.hlsl">
      <Filter>Source Files\Shaders\HLSL</Filter>
    </FxCompile>
    <FxCompile Include="Shaders\HLSL\Sampling.hlsli">
      <Filter>Source Files\Shaders\HLSL</Filter>
    </FxCompile>
    <FxCompile Include="Shaders\HLSL\CubeDepth_GShader.hlsl">
      <Filter>Source Files\Shaders\HLSL</Filter>
    </FxCompile>
    <FxCompile Include="Shaders\HLSL\CubeDepth_VShader.hlsl">
      <Filter>Source Files\Shaders\HLSL</Filter>
    </FxCompile>
    <FxCompile Include="Shaders\HLSL\Depth_VShader.hlsl">
      <Filter>Source Files\Shaders\HLSL</Filter>
    </FxCompile>
    <FxCompile Include="Shaders\HLSL\Bloom_CShader.hlsl">
      <Filter>Source Files\Shaders\HLSL</Filter>
    </FxCompile>
    <FxCompile Include="Shaders\HLSL\Line_PShader.hlsl">
      <Filter>Source Files\Shaders\HLSL</Filter>
    </FxCompile>
    <FxCompile Include="Shaders\HLSL\Line_VShader.hlsl">
      <Filter>Source Files\Shaders\HLSL</Filter>
    </FxCompile>
  </ItemGroup>
  <ItemGroup>
    <Image Include="Dependencies\Icon\SaberEngineApplicationIcon.ico">
      <Filter>Dependencies\Resources</Filter>
    </Image>
  </ItemGroup>
  <ItemGroup>
    <ResourceCompile Include="SaberEngine.rc">
      <Filter>Dependencies\Resources</Filter>
    </ResourceCompile>
  </ItemGroup>
</Project>