<?xml version="1.0" encoding="utf-8"?>
<Project ToolsVersion="4.0" xmlns="http://schemas.microsoft.com/developer/msbuild/2003">
  <ItemGroup>
    <Filter Include="Public">
      <UniqueIdentifier>{11111111-1111-1111-1111-111111111111}</UniqueIdentifier>
    </Filter>
    <Filter Include="Private">
      <UniqueIdentifier>{22222222-2222-2222-2222-222222222222}</UniqueIdentifier>
    </Filter>
    <Filter Include="Private\Header Files">
      <UniqueIdentifier>{93995380-89BD-4b04-88EB-625FBE52EBFB}</UniqueIdentifier>
      <Extensions>h;hh;hpp;hxx;h++;hm;inl;inc;ipp;xsd</Extensions>
    </Filter>
    <Filter Include="Private\Source Files">
      <UniqueIdentifier>{4FC737F1-C7A5-4376-A066-2A32D752A2FF}</UniqueIdentifier>
      <Extensions>cpp;c;cc;cxx;c++;cppm;ixx;def;odl;idl;hpj;bat;asm;asmx</Extensions>
    </Filter>
    <Filter Include="pch">
      <UniqueIdentifier>{c65f7c9e-f1dd-4e5e-b6f0-37b3c07e55e9}</UniqueIdentifier>
    </Filter>
  </ItemGroup>
  <ItemGroup>
    <ClInclude Include="pch\pch.h">
      <Filter>pch</Filter>
    </ClInclude>
    <ClInclude Include="Private/..\Dependencies\imgui\backends\imgui_impl_dx12.h">
      <Filter>Private\Header Files</Filter>
    </ClInclude>
    <ClInclude Include="Private/..\Dependencies\imgui\backends\imgui_impl_opengl3.h">
      <Filter>Private\Header Files</Filter>
    </ClInclude>
    <ClInclude Include="Private/..\Dependencies\imgui\backends\imgui_impl_win32.h">
      <Filter>Private\Header Files</Filter>
    </ClInclude>
    <ClInclude Include="Private/..\Dependencies\imgui\imconfig.h">
      <Filter>Private\Header Files</Filter>
    </ClInclude>
    <ClInclude Include="Private/..\Dependencies\imgui\imgui.h">
      <Filter>Private\Header Files</Filter>
    </ClInclude>
    <ClInclude Include="Private/..\Dependencies\imgui\imgui_internal.h">
      <Filter>Private\Header Files</Filter>
    </ClInclude>
    <ClInclude Include="Private/..\Dependencies\imgui\imstb_rectpack.h">
      <Filter>Private\Header Files</Filter>
    </ClInclude>
    <ClInclude Include="Private/..\Dependencies\imgui\imstb_textedit.h">
      <Filter>Private\Header Files</Filter>
    </ClInclude>
    <ClInclude Include="Private/..\Dependencies\imgui\imstb_truetype.h">
      <Filter>Private\Header Files</Filter>
    </ClInclude>
    <ClInclude Include="Private/AccelerationStructure.h">
      <Filter>Private\Header Files</Filter>
    </ClInclude>
    <ClInclude Include="Private/AccelerationStructure_DX12.h">
      <Filter>Private\Header Files</Filter>
    </ClInclude>
    <ClInclude Include="Private/AccelerationStructure_Platform.h">
      <Filter>Private\Header Files</Filter>
    </ClInclude>
    <ClInclude Include="Private/Batch.h">
      <Filter>Private\Header Files</Filter>
    </ClInclude>
    <ClInclude Include="Private/BindlessResourceManager.h">
      <Filter>Private\Header Files</Filter>
    </ClInclude>
    <ClInclude Include="Private/BindlessResourceManager_DX12.h">
      <Filter>Private\Header Files</Filter>
    </ClInclude>
    <ClInclude Include="Private/BindlessResourceManager_Platform.h">
      <Filter>Private\Header Files</Filter>
    </ClInclude>
    <ClInclude Include="Private/BindlessResource.h">
      <Filter>Private\Header Files</Filter>
    </ClInclude>
    <ClInclude Include="Private/BindlessResource_DX12.h">
      <Filter>Private\Header Files</Filter>
    </ClInclude>
    <ClInclude Include="Private/BindlessResource_Platform.h">
      <Filter>Private\Header Files</Filter>
    </ClInclude>
    <ClInclude Include="Private/BoundsRenderData.h">
      <Filter>Private\Header Files</Filter>
    </ClInclude>
    <ClInclude Include="Private/Buffer.h">
      <Filter>Private\Header Files</Filter>
    </ClInclude>
    <ClInclude Include="Private/BufferAllocator.h">
      <Filter>Private\Header Files</Filter>
    </ClInclude>
    <ClInclude Include="Private/BufferAllocator_DX12.h">
      <Filter>Private\Header Files</Filter>
    </ClInclude>
    <ClInclude Include="Private/BufferAllocator_OpenGL.h">
      <Filter>Private\Header Files</Filter>
    </ClInclude>
    <ClInclude Include="Private/BufferView.h">
      <Filter>Private\Header Files</Filter>
    </ClInclude>
    <ClInclude Include="Private/Buffer_DX12.h">
      <Filter>Private\Header Files</Filter>
    </ClInclude>
    <ClInclude Include="Private/Buffer_OpenGL.h">
      <Filter>Private\Header Files</Filter>
    </ClInclude>
    <ClInclude Include="Private/Buffer_Platform.h">
      <Filter>Private\Header Files</Filter>
    </ClInclude>
    <ClInclude Include="Private/CameraRenderData.h">
      <Filter>Private\Header Files</Filter>
    </ClInclude>
    <ClInclude Include="Private/CommandList_DX12.h">
      <Filter>Private\Header Files</Filter>
    </ClInclude>
    <ClInclude Include="Private/CommandQueue_DX12.h">
      <Filter>Private\Header Files</Filter>
    </ClInclude>
    <ClInclude Include="Private/Context.h">
      <Filter>Private\Header Files</Filter>
    </ClInclude>
    <ClInclude Include="Private/Context_DX12.h">
      <Filter>Private\Header Files</Filter>
    </ClInclude>
    <ClInclude Include="Private/Context_OpenGL.h">
      <Filter>Private\Header Files</Filter>
    </ClInclude>
    <ClInclude Include="Private/CPUDescriptorHeapManager_DX12.h">
      <Filter>Private\Header Files</Filter>
    </ClInclude>
    <ClInclude Include="Private/Debug_DX12.h">
      <Filter>Private\Header Files</Filter>
    </ClInclude>
    <ClInclude Include="Private/DescriptorCache_DX12.h">
      <Filter>Private\Header Files</Filter>
    </ClInclude>
    <ClInclude Include="Private/Device_DX12.h">
      <Filter>Private\Header Files</Filter>
    </ClInclude>
    <ClInclude Include="Private/Effect.h">
      <Filter>Private\Header Files</Filter>
    </ClInclude>
    <ClInclude Include="Private/EffectDB.h">
      <Filter>Private\Header Files</Filter>
    </ClInclude>
    <ClInclude Include="Private/EffectKeys.h">
      <Filter>Private\Header Files</Filter>
    </ClInclude>
    <ClInclude Include="Private/EnumTypes.h">
      <Filter>Private\Header Files</Filter>
    </ClInclude>
    <ClInclude Include="Private/EnumTypes_DX12.h">
      <Filter>Private\Header Files</Filter>
    </ClInclude>
    <ClInclude Include="Private/EnumTypes_OpenGL.h">
      <Filter>Private\Header Files</Filter>
    </ClInclude>
    <ClInclude Include="Private/Fence_DX12.h">
      <Filter>Private\Header Files</Filter>
    </ClInclude>
    <ClInclude Include="Private/GPUDescriptorHeap_DX12.h">
      <Filter>Private\Header Files</Filter>
    </ClInclude>
    <ClInclude Include="Private/GPUTimer.h">
      <Filter>Private\Header Files</Filter>
    </ClInclude>
    <ClInclude Include="Private/GPUTimer_DX12.h">
      <Filter>Private\Header Files</Filter>
    </ClInclude>
    <ClInclude Include="Private/GPUTimer_OpenGL.h">
      <Filter>Private\Header Files</Filter>
    </ClInclude>
    <ClInclude Include="Private/GPUTimer_Platform.h">
      <Filter>Private\Header Files</Filter>
    </ClInclude>
    <ClInclude Include="Private/GraphicsSystem.h">
      <Filter>Private\Header Files</Filter>
    </ClInclude>
    <ClInclude Include="Private/GraphicsSystemManager.h">
      <Filter>Private\Header Files</Filter>
    </ClInclude>
    <ClInclude Include="Private/GraphicsSystemCommon.h">
      <Filter>Private\Header Files</Filter>
    </ClInclude>
    <ClInclude Include="Private/GraphicsSystem_SceneAccelerationStructure.h">
      <Filter>Private\Header Files</Filter>
    </ClInclude>
    <ClInclude Include="Private/GraphicsSystem_BatchManager.h">
      <Filter>Private\Header Files</Filter>
    </ClInclude>
    <ClInclude Include="Private/GraphicsSystem_Bloom.h">
      <Filter>Private\Header Files</Filter>
    </ClInclude>
    <ClInclude Include="Private/GraphicsSystem_ComputeMips.h">
      <Filter>Private\Header Files</Filter>
    </ClInclude>
    <ClInclude Include="Private/GraphicsSystem_Culling.h">
      <Filter>Private\Header Files</Filter>
    </ClInclude>
    <ClInclude Include="Private/GraphicsSystem_Debug.h">
      <Filter>Private\Header Files</Filter>
    </ClInclude>
    <ClInclude Include="Private/GraphicsSystem_DeferredLighting.h">
      <Filter>Private\Header Files</Filter>
    </ClInclude>
    <ClInclude Include="Private/GraphicsSystem_GBuffer.h">
      <Filter>Private\Header Files</Filter>
    </ClInclude>
    <ClInclude Include="Private/GraphicsSystem_ImGui.h">
      <Filter>Private\Header Files</Filter>
    </ClInclude>
    <ClInclude Include="Private/GraphicsSystem_RayTracing_Experimental.h">
      <Filter>Private\Header Files</Filter>
    </ClInclude>
    <ClInclude Include="Private/GraphicsSystem_Shadows.h">
      <Filter>Private\Header Files</Filter>
    </ClInclude>
    <ClInclude Include="Private/GraphicsSystem_Skybox.h">
      <Filter>Private\Header Files</Filter>
    </ClInclude>
    <ClInclude Include="Private/GraphicsSystem_Tonemapping.h">
      <Filter>Private\Header Files</Filter>
    </ClInclude>
    <ClInclude Include="Private/GraphicsSystem_Transparency.h">
      <Filter>Private\Header Files</Filter>
    </ClInclude>
    <ClInclude Include="Private/GraphicsSystem_VertexAnimation.h">
      <Filter>Private\Header Files</Filter>
    </ClInclude>
    <ClInclude Include="Private/GraphicsSystem_XeGTAO.h">
      <Filter>Private\Header Files</Filter>
    </ClInclude>
    <ClInclude Include="Private/GraphicsUtils.h">
      <Filter>Private\Header Files</Filter>
    </ClInclude>
    <ClInclude Include="Private/IndexedBuffer.h">
      <Filter>Private\Header Files</Filter>
    </ClInclude>
    <ClInclude Include="Private/LightParamsHelpers.h">
      <Filter>Private\Header Files</Filter>
    </ClInclude>
    <ClInclude Include="Private/LightRenderData.h">
      <Filter>Private\Header Files</Filter>
    </ClInclude>
    <ClInclude Include="Private/Material.h">
      <Filter>Private\Header Files</Filter>
    </ClInclude>
    <ClInclude Include="Private/Material_GLTF_PBRMetallicRoughness.h">
      <Filter>Private\Header Files</Filter>
    </ClInclude>
    <ClInclude Include="Private/Material_GLTF_Unlit.h">
      <Filter>Private\Header Files</Filter>
    </ClInclude>
    <ClInclude Include="Private/MeshFactory.h">
      <Filter>Private\Header Files</Filter>
    </ClInclude>
    <ClInclude Include="Private/MeshPrimitive.h">
      <Filter>Private\Header Files</Filter>
    </ClInclude>
    <ClInclude Include="Private/PipelineState_DX12.h">
      <Filter>Private\Header Files</Filter>
    </ClInclude>
    <ClInclude Include="Private/RasterizationState.h">
      <Filter>Private\Header Files</Filter>
    </ClInclude>
    <ClInclude Include="Private/RenderDataManager.h">
      <Filter>Private\Header Files</Filter>
    </ClInclude>
    <ClInclude Include="Private/RenderManager.h">
      <Filter>Private\Header Files</Filter>
    </ClInclude>
    <ClInclude Include="Private/RenderManager_DX12.h">
      <Filter>Private\Header Files</Filter>
    </ClInclude>
    <ClInclude Include="Private/RenderManager_OpenGL.h">
      <Filter>Private\Header Files</Filter>
    </ClInclude>
    <ClInclude Include="Private/RenderManager_Platform.h">
      <Filter>Private\Header Files</Filter>
    </ClInclude>
    <ClInclude Include="Private/RenderObjectIDs.h">
      <Filter>Private\Header Files</Filter>
    </ClInclude>
    <ClInclude Include="Private/RenderPipeline.h">
      <Filter>Private\Header Files</Filter>
    </ClInclude>
    <ClInclude Include="Private/RootConstants.h">
      <Filter>Private\Header Files</Filter>
    </ClInclude>
    <ClInclude Include="Private/ShaderBindingTable.h">
      <Filter>Private\Header Files</Filter>
    </ClInclude>
    <ClInclude Include="Private/ShaderBindingTable_DX12.h">
      <Filter>Private\Header Files</Filter>
    </ClInclude>
    <ClInclude Include="Private/ShaderBindingTable_Platform.h">
      <Filter>Private\Header Files</Filter>
    </ClInclude>
    <ClInclude Include="Private/Stage.h">
      <Filter>Private\Header Files</Filter>
    </ClInclude>
    <ClInclude Include="Private/RenderSystem.h">
      <Filter>Private\Header Files</Filter>
    </ClInclude>
    <ClInclude Include="Private/RenderSystemDesc.h">
      <Filter>Private\Header Files</Filter>
    </ClInclude>
    <ClInclude Include="Private/HeapManager_DX12.h">
      <Filter>Private\Header Files</Filter>
    </ClInclude>
    <ClInclude Include="Private/ResourceStateTracker_DX12.h">
      <Filter>Private\Header Files</Filter>
    </ClInclude>
    <ClInclude Include="Private/RLibrary_ImGui_DX12.h">
      <Filter>Private\Header Files</Filter>
    </ClInclude>
    <ClInclude Include="Private/RLibrary_ImGui_OpenGL.h">
      <Filter>Private\Header Files</Filter>
    </ClInclude>
    <ClInclude Include="Private/RLibrary_ImGui_Platform.h">
      <Filter>Private\Header Files</Filter>
    </ClInclude>
    <ClInclude Include="Private/RLibrary_Platform.h">
      <Filter>Private\Header Files</Filter>
    </ClInclude>
    <ClInclude Include="Private/RootSignature_DX12.h">
      <Filter>Private\Header Files</Filter>
    </ClInclude>
    <ClInclude Include="Private/Sampler.h">
      <Filter>Private\Header Files</Filter>
    </ClInclude>
    <ClInclude Include="Private/Sampler_DX12.h">
      <Filter>Private\Header Files</Filter>
    </ClInclude>
    <ClInclude Include="Private/Sampler_OpenGL.h">
      <Filter>Private\Header Files</Filter>
    </ClInclude>
    <ClInclude Include="Private/Sampler_Platform.h">
      <Filter>Private\Header Files</Filter>
    </ClInclude>
    <ClInclude Include="Private/Shader.h">
      <Filter>Private\Header Files</Filter>
    </ClInclude>
    <ClInclude Include="Private/Shader_DX12.h">
      <Filter>Private\Header Files</Filter>
    </ClInclude>
    <ClInclude Include="Private/Shader_OpenGL.h">
      <Filter>Private\Header Files</Filter>
    </ClInclude>
    <ClInclude Include="Private/Shader_Platform.h">
      <Filter>Private\Header Files</Filter>
    </ClInclude>
    <ClInclude Include="Private/ShadowMapRenderData.h">
      <Filter>Private\Header Files</Filter>
    </ClInclude>
    <ClInclude Include="Private/SwapChain.h">
      <Filter>Private\Header Files</Filter>
    </ClInclude>
    <ClInclude Include="Private/SwapChain_DX12.h">
      <Filter>Private\Header Files</Filter>
    </ClInclude>
    <ClInclude Include="Private/SwapChain_OpenGL.h">
      <Filter>Private\Header Files</Filter>
    </ClInclude>
    <ClInclude Include="Private/SwapChain_Platform.h">
      <Filter>Private\Header Files</Filter>
    </ClInclude>
    <ClInclude Include="Private/SysInfo_DX12.h">
      <Filter>Private\Header Files</Filter>
    </ClInclude>
    <ClInclude Include="Private/SysInfo_OpenGL.h">
      <Filter>Private\Header Files</Filter>
    </ClInclude>
    <ClInclude Include="Private/SysInfo_Platform.h">
      <Filter>Private\Header Files</Filter>
    </ClInclude>
    <ClInclude Include="Private/Technique.h">
      <Filter>Private\Header Files</Filter>
    </ClInclude>
    <ClInclude Include="Private/Texture.h">
      <Filter>Private\Header Files</Filter>
    </ClInclude>
    <ClInclude Include="Private/TextureTarget.h">
      <Filter>Private\Header Files</Filter>
    </ClInclude>
    <ClInclude Include="Private/TextureTarget_DX12.h">
      <Filter>Private\Header Files</Filter>
    </ClInclude>
    <ClInclude Include="Private/TextureTarget_OpenGL.h">
      <Filter>Private\Header Files</Filter>
    </ClInclude>
    <ClInclude Include="Private/TextureTarget_Platform.h">
      <Filter>Private\Header Files</Filter>
    </ClInclude>
    <ClInclude Include="Private/TextureView.h">
      <Filter>Private\Header Files</Filter>
    </ClInclude>
    <ClInclude Include="Private/Texture_DX12.h">
      <Filter>Private\Header Files</Filter>
    </ClInclude>
    <ClInclude Include="Private/Texture_OpenGL.h">
      <Filter>Private\Header Files</Filter>
    </ClInclude>
    <ClInclude Include="Private/Texture_Platform.h">
      <Filter>Private\Header Files</Filter>
    </ClInclude>
    <ClInclude Include="Private/TransformRenderData.h">
      <Filter>Private\Header Files</Filter>
    </ClInclude>
    <ClInclude Include="Private/VertexStream.h">
      <Filter>Private\Header Files</Filter>
    </ClInclude>
    <ClInclude Include="Private/VertexStreamBuilder.h">
      <Filter>Private\Header Files</Filter>
    </ClInclude>
    <ClInclude Include="Private/VertexStreamMap.h">
      <Filter>Private\Header Files</Filter>
    </ClInclude>
    <ClInclude Include="Private/Shaders\Common\AnimationParams.h">
      <Filter>Private\Header Files</Filter>
    </ClInclude>
    <ClInclude Include="Private/Shaders\Common\BloomComputeParams.h">
      <Filter>Private\Header Files</Filter>
    </ClInclude>
    <ClInclude Include="Private/Shaders\Common\CameraParams.h">
      <Filter>Private\Header Files</Filter>
    </ClInclude>
    <ClInclude Include="Private/Shaders\Common\DebugParams.h">
      <Filter>Private\Header Files</Filter>
    </ClInclude>
    <ClInclude Include="Private/Shaders\Common\IBLGenerationParams.h">
      <Filter>Private\Header Files</Filter>
    </ClInclude>
    <ClInclude Include="Private/Shaders\Common\InstancingParams.h">
      <Filter>Private\Header Files</Filter>
    </ClInclude>
    <ClInclude Include="Private/Shaders\Common\LightParams.h">
      <Filter>Private\Header Files</Filter>
    </ClInclude>
    <ClInclude Include="Private/Shaders\Common\MaterialParams.h">
      <Filter>Private\Header Files</Filter>
    </ClInclude>
    <ClInclude Include="Private/Shaders\Common\MipGenerationParams.h">
      <Filter>Private\Header Files</Filter>
    </ClInclude>
    <ClInclude Include="Private/Shaders\Common\PlatformConversions.h">
      <Filter>Private\Header Files</Filter>
    </ClInclude>
    <ClInclude Include="Private/Shaders\Common\RayTracingParams.h">
      <Filter>Private\Header Files</Filter>
    </ClInclude>
    <ClInclude Include="Private/Shaders\Common\ResourceCommon.h">
      <Filter>Private\Header Files</Filter>
    </ClInclude>
    <ClInclude Include="Private/Shaders\Common\ShadowParams.h">
      <Filter>Private\Header Files</Filter>
    </ClInclude>
    <ClInclude Include="Private/Shaders\Common\SkyboxParams.h">
      <Filter>Private\Header Files</Filter>
    </ClInclude>
    <ClInclude Include="Private/Shaders\Common\TargetParams.h">
      <Filter>Private\Header Files</Filter>
    </ClInclude>
    <ClInclude Include="Private/Shaders\Common\TransformParams.h">
      <Filter>Private\Header Files</Filter>
    </ClInclude>
  </ItemGroup>
  <ItemGroup>
    <ClCompile Include="pch\pch.cpp">
      <Filter>pch</Filter>
    </ClCompile>
    <ClCompile Include="Private/..\Dependencies\imgui\backends\imgui_impl_dx12.cpp">
      <Filter>Private\Source Files</Filter>
    </ClCompile>
    <ClCompile Include="Private/..\Dependencies\imgui\backends\imgui_impl_opengl3.cpp">
      <Filter>Private\Source Files</Filter>
    </ClCompile>
    <ClCompile Include="Private/..\Dependencies\imgui\backends\imgui_impl_win32.cpp">
      <Filter>Private\Source Files</Filter>
    </ClCompile>
    <ClCompile Include="Private/..\Dependencies\imgui\imgui.cpp">
      <Filter>Private\Source Files</Filter>
    </ClCompile>
    <ClCompile Include="Private/..\Dependencies\imgui\imgui_demo.cpp">
      <Filter>Private\Source Files</Filter>
    </ClCompile>
    <ClCompile Include="Private/..\Dependencies\imgui\imgui_draw.cpp">
      <Filter>Private\Source Files</Filter>
    </ClCompile>
    <ClCompile Include="Private/..\Dependencies\imgui\imgui_tables.cpp">
      <Filter>Private\Source Files</Filter>
    </ClCompile>
    <ClCompile Include="Private/..\Dependencies\imgui\imgui_widgets.cpp">
      <Filter>Private\Source Files</Filter>
    </ClCompile>
    <ClCompile Include="Private/AccelerationStructure.cpp">
      <Filter>Private\Source Files</Filter>
    </ClCompile>
    <ClCompile Include="Private/AccelerationStructure_DX12.cpp">
      <Filter>Private\Source Files</Filter>
    </ClCompile>
    <ClCompile Include="Private/AccelerationStructure_Platform.cpp">
      <Filter>Private\Source Files</Filter>
    </ClCompile>
    <ClCompile Include="Private/Batch.cpp">
      <Filter>Private\Source Files</Filter>
    </ClCompile>
    <ClCompile Include="Private/BindlessResourceManager.cpp">
      <Filter>Private\Source Files</Filter>
    </ClCompile>
    <ClCompile Include="Private/BindlessResourceManager_DX12.cpp">
      <Filter>Private\Source Files</Filter>
    </ClCompile>
    <ClCompile Include="Private/BindlessResourceManager_Platform.cpp">
      <Filter>Private\Source Files</Filter>
    </ClCompile>
    <ClCompile Include="Private/BindlessResource.cpp">
      <Filter>Private\Source Files</Filter>
    </ClCompile>
    <ClCompile Include="Private/BindlessResource_DX12.cpp">
      <Filter>Private\Source Files</Filter>
    </ClCompile>
    <ClCompile Include="Private/BindlessResource_Platform.cpp">
      <Filter>Private\Source Files</Filter>
    </ClCompile>
    <ClCompile Include="Private/Buffer.cpp">
      <Filter>Private\Source Files</Filter>
    </ClCompile>
    <ClCompile Include="Private/BufferAllocator.cpp">
      <Filter>Private\Source Files</Filter>
    </ClCompile>
    <ClCompile Include="Private/BufferAllocator_DX12.cpp">
      <Filter>Private\Source Files</Filter>
    </ClCompile>
    <ClCompile Include="Private/BufferAllocator_OpenGL.cpp">
      <Filter>Private\Source Files</Filter>
    </ClCompile>
    <ClCompile Include="Private/BufferView.cpp">
      <Filter>Private\Source Files</Filter>
    </ClCompile>
    <ClCompile Include="Private/Buffer_DX12.cpp">
      <Filter>Private\Source Files</Filter>
    </ClCompile>
    <ClCompile Include="Private/Buffer_OpenGL.cpp">
      <Filter>Private\Source Files</Filter>
    </ClCompile>
    <ClCompile Include="Private/Buffer_Platform.cpp">
      <Filter>Private\Source Files</Filter>
    </ClCompile>
    <ClCompile Include="Private/CameraRenderData.cpp">
      <Filter>Private\Source Files</Filter>
    </ClCompile>
    <ClCompile Include="Private/CommandList_DX12.cpp">
      <Filter>Private\Source Files</Filter>
    </ClCompile>
    <ClCompile Include="Private/CommandQueue_DX12.cpp">
      <Filter>Private\Source Files</Filter>
    </ClCompile>
    <ClCompile Include="Private/Context.cpp">
      <Filter>Private\Source Files</Filter>
    </ClCompile>
    <ClCompile Include="Private/Context_DX12.cpp">
      <Filter>Private\Source Files</Filter>
    </ClCompile>
    <ClCompile Include="Private/Context_OpenGL.cpp">
      <Filter>Private\Source Files</Filter>
    </ClCompile>
    <ClCompile Include="Private/CPUDescriptorHeapManager_DX12.cpp">
      <Filter>Private\Source Files</Filter>
    </ClCompile>
    <ClCompile Include="Private/Debug_DX12.cpp">
      <Filter>Private\Source Files</Filter>
    </ClCompile>
    <ClCompile Include="Private/DescriptorCache_DX12.cpp">
      <Filter>Private\Source Files</Filter>
    </ClCompile>
    <ClCompile Include="Private/Device_DX12.cpp">
      <Filter>Private\Source Files</Filter>
    </ClCompile>
    <ClCompile Include="Private/Effect.cpp">
      <Filter>Private\Source Files</Filter>
    </ClCompile>
    <ClCompile Include="Private/EffectDB.cpp">
      <Filter>Private\Source Files</Filter>
    </ClCompile>
    <ClCompile Include="Private/EnumTypes.cpp">
      <Filter>Private\Source Files</Filter>
    </ClCompile>
    <ClCompile Include="Private/EnumTypes_DX12.cpp">
      <Filter>Private\Source Files</Filter>
    </ClCompile>
    <ClCompile Include="Private/EnumTypes_OpenGL.cpp">
      <Filter>Private\Source Files</Filter>
    </ClCompile>
    <ClCompile Include="Private/Fence_DX12.cpp">
      <Filter>Private\Source Files</Filter>
    </ClCompile>
    <ClCompile Include="Private/GPUDescriptorHeap_DX12.cpp">
      <Filter>Private\Source Files</Filter>
    </ClCompile>
    <ClCompile Include="Private/GPUTimer.cpp">
      <Filter>Private\Source Files</Filter>
    </ClCompile>
    <ClCompile Include="Private/GPUTimer_DX12.cpp">
      <Filter>Private\Source Files</Filter>
    </ClCompile>
    <ClCompile Include="Private/GPUTimer_OpenGL.cpp">
      <Filter>Private\Source Files</Filter>
    </ClCompile>
    <ClCompile Include="Private/GPUTimer_Platform.cpp">
      <Filter>Private\Source Files</Filter>
    </ClCompile>
    <ClCompile Include="Private/GraphicsSystem.cpp">
      <Filter>Private\Source Files</Filter>
    </ClCompile>
    <ClCompile Include="Private/GraphicsSystemCommon.cpp">
      <Filter>Private\Source Files</Filter>
    </ClCompile>
    <ClCompile Include="Private/GraphicsSystemManager.cpp">
      <Filter>Private\Source Files</Filter>
    </ClCompile>
    <ClCompile Include="Private/GraphicsSystem_SceneAccelerationStructure.cpp">
      <Filter>Private\Source Files</Filter>
    </ClCompile>
    <ClCompile Include="Private/GraphicsSystem_BatchManager.cpp">
      <Filter>Private\Source Files</Filter>
    </ClCompile>
    <ClCompile Include="Private/GraphicsSystem_Bloom.cpp">
      <Filter>Private\Source Files</Filter>
    </ClCompile>
    <ClCompile Include="Private/GraphicsSystem_ComputeMips.cpp">
      <Filter>Private\Source Files</Filter>
    </ClCompile>
    <ClCompile Include="Private/GraphicsSystem_Culling.cpp">
      <Filter>Private\Source Files</Filter>
    </ClCompile>
    <ClCompile Include="Private/GraphicsSystem_Debug.cpp">
      <Filter>Private\Source Files</Filter>
    </ClCompile>
    <ClCompile Include="Private/GraphicsSystem_DeferredLighting.cpp">
      <Filter>Private\Source Files</Filter>
    </ClCompile>
    <ClCompile Include="Private/GraphicsSystem_GBuffer.cpp">
      <Filter>Private\Source Files</Filter>
    </ClCompile>
    <ClCompile Include="Private/GraphicsSystem_ImGui.cpp">
      <Filter>Private\Source Files</Filter>
    </ClCompile>
    <ClCompile Include="Private/GraphicsSystem_RayTracing_Experimental.cpp">
      <Filter>Private\Source Files</Filter>
    </ClCompile>
    <ClCompile Include="Private/GraphicsSystem_Shadows.cpp">
      <Filter>Private\Source Files</Filter>
    </ClCompile>
    <ClCompile Include="Private/GraphicsSystem_Skybox.cpp">
      <Filter>Private\Source Files</Filter>
    </ClCompile>
    <ClCompile Include="Private/GraphicsSystem_Tonemapping.cpp">
      <Filter>Private\Source Files</Filter>
    </ClCompile>
    <ClCompile Include="Private/GraphicsSystem_Transparency.cpp">
      <Filter>Private\Source Files</Filter>
    </ClCompile>
    <ClCompile Include="Private/GraphicsSystem_VertexAnimation.cpp">
      <Filter>Private\Source Files</Filter>
    </ClCompile>
    <ClCompile Include="Private/GraphicsSystem_XeGTAO.cpp">
      <Filter>Private\Source Files</Filter>
    </ClCompile>
    <ClCompile Include="Private/IndexedBuffer.cpp">
      <Filter>Private\Source Files</Filter>
    </ClCompile>
    <ClCompile Include="Private/LightParamsHelpers.cpp">
      <Filter>Private\Source Files</Filter>
    </ClCompile>
    <ClCompile Include="Private/LightRenderData.cpp">
      <Filter>Private\Source Files</Filter>
    </ClCompile>
    <ClCompile Include="Private/Material.cpp">
      <Filter>Private\Source Files</Filter>
    </ClCompile>
    <ClCompile Include="Private/Material_GLTF_PBRMetallicRoughness.cpp">
      <Filter>Private\Source Files</Filter>
    </ClCompile>
    <ClCompile Include="Private/Material_GLTF_Unlit.cpp">
      <Filter>Private\Source Files</Filter>
    </ClCompile>
    <ClCompile Include="Private/MeshFactory.cpp">
      <Filter>Private\Source Files</Filter>
    </ClCompile>
    <ClCompile Include="Private/MeshPrimitive.cpp">
      <Filter>Private\Source Files</Filter>
    </ClCompile>
    <ClCompile Include="Private/PipelineState_DX12.cpp">
      <Filter>Private\Source Files</Filter>
    </ClCompile>
    <ClCompile Include="Private/RasterizationState.cpp">
      <Filter>Private\Source Files</Filter>
    </ClCompile>
    <ClCompile Include="Private/RenderDataManager.cpp">
      <Filter>Private\Source Files</Filter>
    </ClCompile>
    <ClCompile Include="Private/RenderManager.cpp">
      <Filter>Private\Source Files</Filter>
    </ClCompile>
    <ClCompile Include="Private/RenderManager_DX12.cpp">
      <Filter>Private\Source Files</Filter>
    </ClCompile>
    <ClCompile Include="Private/RenderManager_OpenGL.cpp">
      <Filter>Private\Source Files</Filter>
    </ClCompile>
    <ClCompile Include="Private/RenderManager_Platform.cpp">
      <Filter>Private\Source Files</Filter>
    </ClCompile>
    <ClCompile Include="Private/RenderPipeline.cpp">
      <Filter>Private\Source Files</Filter>
    </ClCompile>
    <ClCompile Include="Private/RootConstants.cpp">
      <Filter>Private\Source Files</Filter>
    </ClCompile>
    <ClCompile Include="Private/ShaderBindingTable.cpp">
      <Filter>Private\Source Files</Filter>
    </ClCompile>
    <ClCompile Include="Private/ShaderBindingTable_DX12.cpp">
      <Filter>Private\Source Files</Filter>
    </ClCompile>
    <ClCompile Include="Private/ShaderBindingTable_Platform.cpp">
      <Filter>Private\Source Files</Filter>
    </ClCompile>
    <ClCompile Include="Private/Stage.cpp">
      <Filter>Private\Source Files</Filter>
    </ClCompile>
    <ClCompile Include="Private/RenderSystem.cpp">
      <Filter>Private\Source Files</Filter>
    </ClCompile>
    <ClCompile Include="Private/RenderSystemDesc.cpp">
      <Filter>Private\Source Files</Filter>
    </ClCompile>
    <ClCompile Include="Private/HeapManager_DX12.cpp">
      <Filter>Private\Source Files</Filter>
    </ClCompile>
    <ClCompile Include="Private/ResourceStateTracker_DX12.cpp">
      <Filter>Private\Source Files</Filter>
    </ClCompile>
    <ClCompile Include="Private/RLibrary_ImGui_DX12.cpp">
      <Filter>Private\Source Files</Filter>
    </ClCompile>
    <ClCompile Include="Private/RLibrary_ImGui_OpenGL.cpp">
      <Filter>Private\Source Files</Filter>
    </ClCompile>
    <ClCompile Include="Private/RLibrary_ImGui_Platform.cpp">
      <Filter>Private\Source Files</Filter>
    </ClCompile>
    <ClCompile Include="Private/RLibrary_Platform.cpp">
      <Filter>Private\Source Files</Filter>
    </ClCompile>
    <ClCompile Include="Private/RootSignature_DX12.cpp">
      <Filter>Private\Source Files</Filter>
    </ClCompile>
    <ClCompile Include="Private/Sampler.cpp">
      <Filter>Private\Source Files</Filter>
    </ClCompile>
    <ClCompile Include="Private/Sampler_DX12.cpp">
      <Filter>Private\Source Files</Filter>
    </ClCompile>
    <ClCompile Include="Private/Sampler_OpenGL.cpp">
      <Filter>Private\Source Files</Filter>
    </ClCompile>
    <ClCompile Include="Private/Sampler_Platform.cpp">
      <Filter>Private\Source Files</Filter>
    </ClCompile>
    <ClCompile Include="Private/Shader.cpp">
      <Filter>Private\Source Files</Filter>
    </ClCompile>
    <ClCompile Include="Private/Shader_DX12.cpp">
      <Filter>Private\Source Files</Filter>
    </ClCompile>
    <ClCompile Include="Private/Shader_OpenGL.cpp">
      <Filter>Private\Source Files</Filter>
    </ClCompile>
    <ClCompile Include="Private/Shader_Platform.cpp">
      <Filter>Private\Source Files</Filter>
    </ClCompile>
    <ClCompile Include="Private/SwapChain.cpp">
      <Filter>Private\Source Files</Filter>
    </ClCompile>
    <ClCompile Include="Private/SwapChain_DX12.cpp">
      <Filter>Private\Source Files</Filter>
    </ClCompile>
    <ClCompile Include="Private/SwapChain_OpenGL.cpp">
      <Filter>Private\Source Files</Filter>
    </ClCompile>
    <ClCompile Include="Private/SwapChain_Platform.cpp">
      <Filter>Private\Source Files</Filter>
    </ClCompile>
    <ClCompile Include="Private/SysInfo_DX12.cpp">
      <Filter>Private\Source Files</Filter>
    </ClCompile>
    <ClCompile Include="Private/SysInfo_OpenGL.cpp">
      <Filter>Private\Source Files</Filter>
    </ClCompile>
    <ClCompile Include="Private/SysInfo_Platform.cpp">
      <Filter>Private\Source Files</Filter>
    </ClCompile>
    <ClCompile Include="Private/Technique.cpp">
      <Filter>Private\Source Files</Filter>
    </ClCompile>
    <ClCompile Include="Private/Texture.cpp">
      <Filter>Private\Source Files</Filter>
    </ClCompile>
    <ClCompile Include="Private/TextureTarget.cpp">
      <Filter>Private\Source Files</Filter>
    </ClCompile>
    <ClCompile Include="Private/TextureTarget_DX12.cpp">
      <Filter>Private\Source Files</Filter>
    </ClCompile>
    <ClCompile Include="Private/TextureTarget_OpenGL.cpp">
      <Filter>Private\Source Files</Filter>
    </ClCompile>
    <ClCompile Include="Private/TextureTarget_Platform.cpp">
      <Filter>Private\Source Files</Filter>
    </ClCompile>
    <ClCompile Include="Private/TextureView.cpp">
      <Filter>Private\Source Files</Filter>
    </ClCompile>
    <ClCompile Include="Private/Texture_DX12.cpp">
      <Filter>Private\Source Files</Filter>
    </ClCompile>
    <ClCompile Include="Private/Texture_OpenGL.cpp">
      <Filter>Private\Source Files</Filter>
    </ClCompile>
    <ClCompile Include="Private/Texture_Platform.cpp">
      <Filter>Private\Source Files</Filter>
    </ClCompile>
    <ClCompile Include="Private/TransformRenderData.cpp">
      <Filter>Private\Source Files</Filter>
    </ClCompile>
    <ClCompile Include="Private/VertexStream.cpp">
      <Filter>Private\Source Files</Filter>
    </ClCompile>
    <ClCompile Include="Private/VertexStreamBuilder.cpp">
      <Filter>Private\Source Files</Filter>
    </ClCompile>
  </ItemGroup>
</Project>
